// !$*UTF8*$!
{
	archiveVersion = 1;
	classes = {
	};
	objectVersion = 46;
	objects = {

/* Begin PBXBuildFile section */
		460D41DB1D8B8B0A00C28048 /* GradientTintView.swift in Sources */ = {isa = PBXBuildFile; fileRef = 460D41DA1D8B8B0A00C28048 /* GradientTintView.swift */; };
		463165381D86023D00371D56 /* UserViewController.swift in Sources */ = {isa = PBXBuildFile; fileRef = 463165371D86023D00371D56 /* UserViewController.swift */; };
		46427FBE1CD97CC300B06D0D /* CircleView.swift in Sources */ = {isa = PBXBuildFile; fileRef = 46427FBD1CD97CC300B06D0D /* CircleView.swift */; };
		46EA62F31D927421003AE1D5 /* ScannerViewController.swift in Sources */ = {isa = PBXBuildFile; fileRef = 46EA62F21D927421003AE1D5 /* ScannerViewController.swift */; };
		46F3AE9B1CD86EDA002495B2 /* ScheduleNowIndicator.xib in Resources */ = {isa = PBXBuildFile; fileRef = 46F3AE9A1CD86EDA002495B2 /* ScheduleNowIndicator.xib */; };
		46F3AE9D1CD86EF5002495B2 /* ScheduleNowIndicator.swift in Sources */ = {isa = PBXBuildFile; fileRef = 46F3AE9C1CD86EF5002495B2 /* ScheduleNowIndicator.swift */; };
		46F3AE9F1CD88E06002495B2 /* ScheduleNowLabel.xib in Resources */ = {isa = PBXBuildFile; fileRef = 46F3AE9E1CD88E06002495B2 /* ScheduleNowLabel.xib */; };
		46F3AEA11CD88EEC002495B2 /* ScheduleNowLabel.swift in Sources */ = {isa = PBXBuildFile; fileRef = 46F3AEA01CD88EEC002495B2 /* ScheduleNowLabel.swift */; };
		820B8E661C2472EC007A2E88 /* Extensions.swift in Sources */ = {isa = PBXBuildFile; fileRef = 820B8E651C2472EC007A2E88 /* Extensions.swift */; };
		82287A461C66C3D8001A0F38 /* NotificationCenter.framework in Frameworks */ = {isa = PBXBuildFile; fileRef = 82287A451C66C3D8001A0F38 /* NotificationCenter.framework */; };
		82287A561C66C3EC001A0F38 /* TodayViewController.swift in Sources */ = {isa = PBXBuildFile; fileRef = 82287A551C66C3EC001A0F38 /* TodayViewController.swift */; };
		82287A5B1C66C419001A0F38 /* MainInterface.storyboard in Resources */ = {isa = PBXBuildFile; fileRef = 82287A591C66C419001A0F38 /* MainInterface.storyboard */; };
		82287A5C1C66C570001A0F38 /* Extensions.swift in Sources */ = {isa = PBXBuildFile; fileRef = 820B8E651C2472EC007A2E88 /* Extensions.swift */; };
		82287A5F1C66C570001A0F38 /* Announcement.swift in Sources */ = {isa = PBXBuildFile; fileRef = 82473FC61C1F8B0F0061FFFB /* Announcement.swift */; };
		82287A601C66C570001A0F38 /* Location.swift in Sources */ = {isa = PBXBuildFile; fileRef = 82942B9A1C2A2B850084880C /* Location.swift */; };
		82287A611C66C570001A0F38 /* Event.swift in Sources */ = {isa = PBXBuildFile; fileRef = 82942B9E1C2A2EAE0084880C /* Event.swift */; };
		82287A621C66C570001A0F38 /* EventOrganizer.swift in Sources */ = {isa = PBXBuildFile; fileRef = 82942B9C1C2A2EA00084880C /* EventOrganizer.swift */; };
		82287A631C66C59A001A0F38 /* AnnouncementCell.swift in Sources */ = {isa = PBXBuildFile; fileRef = 82473FC81C1F8C5B0061FFFB /* AnnouncementCell.swift */; };
		82287A6F1C66D806001A0F38 /* APIManager.swift in Sources */ = {isa = PBXBuildFile; fileRef = 82473FCC1C1F91D70061FFFB /* APIManager.swift */; };
		82287A731C66D89A001A0F38 /* Countdown.swift in Sources */ = {isa = PBXBuildFile; fileRef = 82473FC21C1F83C80061FFFB /* Countdown.swift */; };
		82287A741C66D8A4001A0F38 /* Map.swift in Sources */ = {isa = PBXBuildFile; fileRef = 827F59AD1C6532DE00FF2D15 /* Map.swift */; };
		82287A751C66D8F7001A0F38 /* APIManager+UIKit.swift in Sources */ = {isa = PBXBuildFile; fileRef = 82287A6C1C66D575001A0F38 /* APIManager+UIKit.swift */; };
		82287A761C66D935001A0F38 /* APIManagerExtended.swift in Sources */ = {isa = PBXBuildFile; fileRef = 82287A671C66D46F001A0F38 /* APIManagerExtended.swift */; };
		82287A7E1C66DDDA001A0F38 /* ScheduleEventCell.swift in Sources */ = {isa = PBXBuildFile; fileRef = 82942BA91C2A37000084880C /* ScheduleEventCell.swift */; };
		82287A7F1C66DDE2001A0F38 /* ScheduleDayHeader.swift in Sources */ = {isa = PBXBuildFile; fileRef = 82942BA61C2A36F70084880C /* ScheduleDayHeader.swift */; };
		82287A801C66DDE2001A0F38 /* ScheduleHourSeparator.swift in Sources */ = {isa = PBXBuildFile; fileRef = 82942BA81C2A37000084880C /* ScheduleHourSeparator.swift */; };
		82287A811C66DDE7001A0F38 /* CalendarLayout.swift in Sources */ = {isa = PBXBuildFile; fileRef = 82942BA41C2A36BC0084880C /* CalendarLayout.swift */; };
		82287A821C66DFF1001A0F38 /* Geometry.swift in Sources */ = {isa = PBXBuildFile; fileRef = 82942BAC1C2A37670084880C /* Geometry.swift */; };
		82287A851C66E5A5001A0F38 /* ScheduleDayHeader.xib in Resources */ = {isa = PBXBuildFile; fileRef = 82287A831C66E5A5001A0F38 /* ScheduleDayHeader.xib */; };
		82287A861C66E5A5001A0F38 /* ScheduleHourSeparator.xib in Resources */ = {isa = PBXBuildFile; fileRef = 82287A841C66E5A5001A0F38 /* ScheduleHourSeparator.xib */; };
		823994DD1D9273AC00A8D90C /* KeychainWrapper.swift in Sources */ = {isa = PBXBuildFile; fileRef = 823994DC1D9273AC00A8D90C /* KeychainWrapper.swift */; };
		823E4D331C615EE400F37D0B /* TextViewCell.swift in Sources */ = {isa = PBXBuildFile; fileRef = 823E4D321C615EE400F37D0B /* TextViewCell.swift */; };
		82473FA61C1F7A170061FFFB /* AppDelegate.swift in Sources */ = {isa = PBXBuildFile; fileRef = 82473FA51C1F7A170061FFFB /* AppDelegate.swift */; };
		82473FA81C1F7A170061FFFB /* LoginViewController.swift in Sources */ = {isa = PBXBuildFile; fileRef = 82473FA71C1F7A170061FFFB /* LoginViewController.swift */; };
		82473FAA1C1F7A170061FFFB /* CountdownViewController.swift in Sources */ = {isa = PBXBuildFile; fileRef = 82473FA91C1F7A170061FFFB /* CountdownViewController.swift */; };
		82473FAD1C1F7A170061FFFB /* Main.storyboard in Resources */ = {isa = PBXBuildFile; fileRef = 82473FAB1C1F7A170061FFFB /* Main.storyboard */; };
		82473FAF1C1F7A170061FFFB /* Assets.xcassets in Resources */ = {isa = PBXBuildFile; fileRef = 82473FAE1C1F7A170061FFFB /* Assets.xcassets */; };
		82473FB21C1F7A170061FFFB /* LaunchScreen.storyboard in Resources */ = {isa = PBXBuildFile; fileRef = 82473FB01C1F7A170061FFFB /* LaunchScreen.storyboard */; };
		82473FBD1C1F7F6B0061FFFB /* CircularProgressIndicator.swift in Sources */ = {isa = PBXBuildFile; fileRef = 82473FBC1C1F7F6B0061FFFB /* CircularProgressIndicator.swift */; };
		82473FC31C1F83C80061FFFB /* Countdown.swift in Sources */ = {isa = PBXBuildFile; fileRef = 82473FC21C1F83C80061FFFB /* Countdown.swift */; };
		82473FC51C1F8AB30061FFFB /* AnnouncementsViewController.swift in Sources */ = {isa = PBXBuildFile; fileRef = 82473FC41C1F8AB30061FFFB /* AnnouncementsViewController.swift */; };
		82473FC71C1F8B0F0061FFFB /* Announcement.swift in Sources */ = {isa = PBXBuildFile; fileRef = 82473FC61C1F8B0F0061FFFB /* Announcement.swift */; };
		82473FC91C1F8C5B0061FFFB /* AnnouncementCell.swift in Sources */ = {isa = PBXBuildFile; fileRef = 82473FC81C1F8C5B0061FFFB /* AnnouncementCell.swift */; };
		82473FCB1C1F8E6B0061FFFB /* MultilineLabel.swift in Sources */ = {isa = PBXBuildFile; fileRef = 82473FCA1C1F8E6B0061FFFB /* MultilineLabel.swift */; };
		82473FCD1C1F91D70061FFFB /* APIManager.swift in Sources */ = {isa = PBXBuildFile; fileRef = 82473FCC1C1F91D70061FFFB /* APIManager.swift */; };
		825FC34B1D90F1B400DDB9A5 /* ScanEvent.swift in Sources */ = {isa = PBXBuildFile; fileRef = 825FC34A1D90F1B400DDB9A5 /* ScanEvent.swift */; };
		825FC34C1D90F1B400DDB9A5 /* ScanEvent.swift in Sources */ = {isa = PBXBuildFile; fileRef = 825FC34A1D90F1B400DDB9A5 /* ScanEvent.swift */; };
		8266BC771C2B2321007AAF45 /* ComposeAnnouncementViewController.swift in Sources */ = {isa = PBXBuildFile; fileRef = 8266BC761C2B2321007AAF45 /* ComposeAnnouncementViewController.swift */; };
		827F59AE1C6532DE00FF2D15 /* Map.swift in Sources */ = {isa = PBXBuildFile; fileRef = 827F59AD1C6532DE00FF2D15 /* Map.swift */; };
		8286A0201C6072CF00B6EFEE /* TextFieldCell.swift in Sources */ = {isa = PBXBuildFile; fileRef = 8286A01F1C6072CF00B6EFEE /* TextFieldCell.swift */; };
		8286A0221C6074D100B6EFEE /* DatePickerCell.swift in Sources */ = {isa = PBXBuildFile; fileRef = 8286A0211C6074D100B6EFEE /* DatePickerCell.swift */; };
		828D498D1C65F3FD0090313C /* CategoryCell.swift in Sources */ = {isa = PBXBuildFile; fileRef = 828D498C1C65F3FD0090313C /* CategoryCell.swift */; };
		82905E7F1D7CAB0E00744820 /* MHacksArray.swift in Sources */ = {isa = PBXBuildFile; fileRef = 82905E7E1D7CAB0E00744820 /* MHacksArray.swift */; };
		82942B9B1C2A2B850084880C /* Location.swift in Sources */ = {isa = PBXBuildFile; fileRef = 82942B9A1C2A2B850084880C /* Location.swift */; };
		82942B9D1C2A2EA00084880C /* EventOrganizer.swift in Sources */ = {isa = PBXBuildFile; fileRef = 82942B9C1C2A2EA00084880C /* EventOrganizer.swift */; };
		82942B9F1C2A2EAE0084880C /* Event.swift in Sources */ = {isa = PBXBuildFile; fileRef = 82942B9E1C2A2EAE0084880C /* Event.swift */; };
		82942BA31C2A369D0084880C /* ScheduleCalendarViewController.swift in Sources */ = {isa = PBXBuildFile; fileRef = 82942BA21C2A369D0084880C /* ScheduleCalendarViewController.swift */; };
		82942BA51C2A36BC0084880C /* CalendarLayout.swift in Sources */ = {isa = PBXBuildFile; fileRef = 82942BA41C2A36BC0084880C /* CalendarLayout.swift */; };
		82942BA71C2A36F70084880C /* ScheduleDayHeader.swift in Sources */ = {isa = PBXBuildFile; fileRef = 82942BA61C2A36F70084880C /* ScheduleDayHeader.swift */; };
		82942BAA1C2A37000084880C /* ScheduleHourSeparator.swift in Sources */ = {isa = PBXBuildFile; fileRef = 82942BA81C2A37000084880C /* ScheduleHourSeparator.swift */; };
		82942BAB1C2A37000084880C /* ScheduleEventCell.swift in Sources */ = {isa = PBXBuildFile; fileRef = 82942BA91C2A37000084880C /* ScheduleEventCell.swift */; };
		82942BAD1C2A37670084880C /* Geometry.swift in Sources */ = {isa = PBXBuildFile; fileRef = 82942BAC1C2A37670084880C /* Geometry.swift */; };
		82942BB01C2A38E30084880C /* ScheduleDayHeader.xib in Resources */ = {isa = PBXBuildFile; fileRef = 82942BAE1C2A38E30084880C /* ScheduleDayHeader.xib */; };
		82942BB11C2A38E30084880C /* ScheduleHourSeparator.xib in Resources */ = {isa = PBXBuildFile; fileRef = 82942BAF1C2A38E30084880C /* ScheduleHourSeparator.xib */; };
		82E1888C1D7E4E8800608D40 /* MHacksArray.swift in Sources */ = {isa = PBXBuildFile; fileRef = 82905E7E1D7CAB0E00744820 /* MHacksArray.swift */; };
		82E1888F1D7E7D5400608D40 /* Serializable.swift in Sources */ = {isa = PBXBuildFile; fileRef = 82473FBF1C1F80EA0061FFFB /* Serializable.swift */; };
		82E188901D7E7D5500608D40 /* Serializable.swift in Sources */ = {isa = PBXBuildFile; fileRef = 82473FBF1C1F80EA0061FFFB /* Serializable.swift */; };
		82E2F3E71CD9590300A8F165 /* CoalescedCallbacks.swift in Sources */ = {isa = PBXBuildFile; fileRef = 82E2F3E61CD9590300A8F165 /* CoalescedCallbacks.swift */; };
		82E2F3E81CD9590300A8F165 /* CoalescedCallbacks.swift in Sources */ = {isa = PBXBuildFile; fileRef = 82E2F3E61CD9590300A8F165 /* CoalescedCallbacks.swift */; };
		82E9C4891C4F09B100ED2EBF /* MapViewController.swift in Sources */ = {isa = PBXBuildFile; fileRef = 82E9C4881C4F09B100ED2EBF /* MapViewController.swift */; };
		82EFDE8B1C32ED060074AB99 /* EventViewController.swift in Sources */ = {isa = PBXBuildFile; fileRef = 82EFDE8A1C32ED060074AB99 /* EventViewController.swift */; };
		9D4D0CCC1C65AE5D003DAAF3 /* SettingsViewController.swift in Sources */ = {isa = PBXBuildFile; fileRef = 9D4D0CCB1C65AE5D003DAAF3 /* SettingsViewController.swift */; };
		FE87AA241D8CD7C000C8DB64 /* BuildingMapsViewController.swift in Sources */ = {isa = PBXBuildFile; fileRef = FE87AA231D8CD7C000C8DB64 /* BuildingMapsViewController.swift */; };
/* End PBXBuildFile section */

/* Begin PBXCopyFilesBuildPhase section */
		82287A541C66C3D8001A0F38 /* Embed App Extensions */ = {
			isa = PBXCopyFilesBuildPhase;
			buildActionMask = 2147483647;
			dstPath = "";
			dstSubfolderSpec = 13;
			files = (
			);
			name = "Embed App Extensions";
			runOnlyForDeploymentPostprocessing = 0;
		};
/* End PBXCopyFilesBuildPhase section */

/* Begin PBXFileReference section */
		460D41DA1D8B8B0A00C28048 /* GradientTintView.swift */ = {isa = PBXFileReference; fileEncoding = 4; lastKnownFileType = sourcecode.swift; path = GradientTintView.swift; sourceTree = "<group>"; };
		463165371D86023D00371D56 /* UserViewController.swift */ = {isa = PBXFileReference; fileEncoding = 4; lastKnownFileType = sourcecode.swift; path = UserViewController.swift; sourceTree = "<group>"; };
		46427FBD1CD97CC300B06D0D /* CircleView.swift */ = {isa = PBXFileReference; fileEncoding = 4; lastKnownFileType = sourcecode.swift; path = CircleView.swift; sourceTree = "<group>"; };
		46EA62F21D927421003AE1D5 /* ScannerViewController.swift */ = {isa = PBXFileReference; fileEncoding = 4; lastKnownFileType = sourcecode.swift; path = ScannerViewController.swift; sourceTree = "<group>"; };
		46F3AE9A1CD86EDA002495B2 /* ScheduleNowIndicator.xib */ = {isa = PBXFileReference; fileEncoding = 4; lastKnownFileType = file.xib; path = ScheduleNowIndicator.xib; sourceTree = "<group>"; };
		46F3AE9C1CD86EF5002495B2 /* ScheduleNowIndicator.swift */ = {isa = PBXFileReference; fileEncoding = 4; lastKnownFileType = sourcecode.swift; path = ScheduleNowIndicator.swift; sourceTree = "<group>"; };
		46F3AE9E1CD88E06002495B2 /* ScheduleNowLabel.xib */ = {isa = PBXFileReference; fileEncoding = 4; lastKnownFileType = file.xib; path = ScheduleNowLabel.xib; sourceTree = "<group>"; };
		46F3AEA01CD88EEC002495B2 /* ScheduleNowLabel.swift */ = {isa = PBXFileReference; fileEncoding = 4; lastKnownFileType = sourcecode.swift; path = ScheduleNowLabel.swift; sourceTree = "<group>"; };
		820B8E651C2472EC007A2E88 /* Extensions.swift */ = {isa = PBXFileReference; fileEncoding = 4; indentWidth = 4; lastKnownFileType = sourcecode.swift; path = Extensions.swift; sourceTree = "<group>"; tabWidth = 4; usesTabs = 1; };
		82287A441C66C3D8001A0F38 /* MHacks.appex */ = {isa = PBXFileReference; explicitFileType = "wrapper.app-extension"; includeInIndex = 0; path = MHacks.appex; sourceTree = BUILT_PRODUCTS_DIR; };
		82287A451C66C3D8001A0F38 /* NotificationCenter.framework */ = {isa = PBXFileReference; lastKnownFileType = wrapper.framework; name = NotificationCenter.framework; path = System/Library/Frameworks/NotificationCenter.framework; sourceTree = SDKROOT; };
		82287A551C66C3EC001A0F38 /* TodayViewController.swift */ = {isa = PBXFileReference; fileEncoding = 4; lastKnownFileType = sourcecode.swift; path = TodayViewController.swift; sourceTree = "<group>"; };
		82287A571C66C3FF001A0F38 /* Info.plist */ = {isa = PBXFileReference; fileEncoding = 4; lastKnownFileType = text.plist.xml; path = Info.plist; sourceTree = "<group>"; };
		82287A5A1C66C419001A0F38 /* Base */ = {isa = PBXFileReference; lastKnownFileType = file.storyboard; name = Base; path = Base.lproj/MainInterface.storyboard; sourceTree = "<group>"; };
		82287A641C66C61D001A0F38 /* MHacksToday.entitlements */ = {isa = PBXFileReference; lastKnownFileType = text.xml; path = MHacksToday.entitlements; sourceTree = "<group>"; };
		82287A651C66C633001A0F38 /* MHacks.entitlements */ = {isa = PBXFileReference; lastKnownFileType = text.xml; path = MHacks.entitlements; sourceTree = "<group>"; };
		82287A671C66D46F001A0F38 /* APIManagerExtended.swift */ = {isa = PBXFileReference; fileEncoding = 4; lastKnownFileType = sourcecode.swift; path = APIManagerExtended.swift; sourceTree = "<group>"; };
		82287A6C1C66D575001A0F38 /* APIManager+UIKit.swift */ = {isa = PBXFileReference; fileEncoding = 4; indentWidth = 4; lastKnownFileType = sourcecode.swift; path = "APIManager+UIKit.swift"; sourceTree = "<group>"; tabWidth = 4; usesTabs = 1; };
		82287A831C66E5A5001A0F38 /* ScheduleDayHeader.xib */ = {isa = PBXFileReference; fileEncoding = 4; lastKnownFileType = file.xib; path = ScheduleDayHeader.xib; sourceTree = "<group>"; };
		82287A841C66E5A5001A0F38 /* ScheduleHourSeparator.xib */ = {isa = PBXFileReference; fileEncoding = 4; lastKnownFileType = file.xib; path = ScheduleHourSeparator.xib; sourceTree = "<group>"; };
		823994DC1D9273AC00A8D90C /* KeychainWrapper.swift */ = {isa = PBXFileReference; fileEncoding = 4; lastKnownFileType = sourcecode.swift; path = KeychainWrapper.swift; sourceTree = "<group>"; };
		823E4D321C615EE400F37D0B /* TextViewCell.swift */ = {isa = PBXFileReference; fileEncoding = 4; indentWidth = 4; lastKnownFileType = sourcecode.swift; path = TextViewCell.swift; sourceTree = "<group>"; tabWidth = 4; usesTabs = 1; };
		82473FA21C1F7A170061FFFB /* MHacks.app */ = {isa = PBXFileReference; explicitFileType = wrapper.application; includeInIndex = 0; path = MHacks.app; sourceTree = BUILT_PRODUCTS_DIR; };
		82473FA51C1F7A170061FFFB /* AppDelegate.swift */ = {isa = PBXFileReference; indentWidth = 4; lastKnownFileType = sourcecode.swift; path = AppDelegate.swift; sourceTree = "<group>"; tabWidth = 4; usesTabs = 1; };
		82473FA71C1F7A170061FFFB /* LoginViewController.swift */ = {isa = PBXFileReference; indentWidth = 4; lastKnownFileType = sourcecode.swift; path = LoginViewController.swift; sourceTree = "<group>"; tabWidth = 4; usesTabs = 1; };
		82473FA91C1F7A170061FFFB /* CountdownViewController.swift */ = {isa = PBXFileReference; indentWidth = 4; lastKnownFileType = sourcecode.swift; path = CountdownViewController.swift; sourceTree = "<group>"; tabWidth = 4; usesTabs = 1; };
		82473FAC1C1F7A170061FFFB /* Base */ = {isa = PBXFileReference; lastKnownFileType = file.storyboard; name = Base; path = Base.lproj/Main.storyboard; sourceTree = "<group>"; };
		82473FAE1C1F7A170061FFFB /* Assets.xcassets */ = {isa = PBXFileReference; lastKnownFileType = folder.assetcatalog; path = Assets.xcassets; sourceTree = "<group>"; };
		82473FB11C1F7A170061FFFB /* Base */ = {isa = PBXFileReference; lastKnownFileType = file.storyboard; name = Base; path = Base.lproj/LaunchScreen.storyboard; sourceTree = "<group>"; };
		82473FB31C1F7A170061FFFB /* Info.plist */ = {isa = PBXFileReference; lastKnownFileType = text.plist.xml; path = Info.plist; sourceTree = "<group>"; };
		82473FBC1C1F7F6B0061FFFB /* CircularProgressIndicator.swift */ = {isa = PBXFileReference; fileEncoding = 4; indentWidth = 4; lastKnownFileType = sourcecode.swift; path = CircularProgressIndicator.swift; sourceTree = "<group>"; tabWidth = 4; usesTabs = 1; };
		82473FBF1C1F80EA0061FFFB /* Serializable.swift */ = {isa = PBXFileReference; fileEncoding = 4; indentWidth = 4; lastKnownFileType = sourcecode.swift; path = Serializable.swift; sourceTree = "<group>"; tabWidth = 4; usesTabs = 1; };
		82473FC21C1F83C80061FFFB /* Countdown.swift */ = {isa = PBXFileReference; fileEncoding = 4; indentWidth = 4; lastKnownFileType = sourcecode.swift; path = Countdown.swift; sourceTree = "<group>"; tabWidth = 4; usesTabs = 1; };
		82473FC41C1F8AB30061FFFB /* AnnouncementsViewController.swift */ = {isa = PBXFileReference; fileEncoding = 4; indentWidth = 4; lastKnownFileType = sourcecode.swift; path = AnnouncementsViewController.swift; sourceTree = "<group>"; tabWidth = 4; usesTabs = 1; };
		82473FC61C1F8B0F0061FFFB /* Announcement.swift */ = {isa = PBXFileReference; fileEncoding = 4; indentWidth = 4; lastKnownFileType = sourcecode.swift; path = Announcement.swift; sourceTree = "<group>"; tabWidth = 4; usesTabs = 1; };
		82473FC81C1F8C5B0061FFFB /* AnnouncementCell.swift */ = {isa = PBXFileReference; fileEncoding = 4; indentWidth = 4; lastKnownFileType = sourcecode.swift; path = AnnouncementCell.swift; sourceTree = "<group>"; tabWidth = 4; usesTabs = 1; };
		82473FCA1C1F8E6B0061FFFB /* MultilineLabel.swift */ = {isa = PBXFileReference; fileEncoding = 4; indentWidth = 4; lastKnownFileType = sourcecode.swift; path = MultilineLabel.swift; sourceTree = "<group>"; tabWidth = 4; usesTabs = 1; };
		82473FCC1C1F91D70061FFFB /* APIManager.swift */ = {isa = PBXFileReference; fileEncoding = 4; indentWidth = 4; lastKnownFileType = sourcecode.swift; path = APIManager.swift; sourceTree = "<group>"; tabWidth = 4; usesTabs = 1; };
		825FC34A1D90F1B400DDB9A5 /* ScanEvent.swift */ = {isa = PBXFileReference; fileEncoding = 4; lastKnownFileType = sourcecode.swift; path = ScanEvent.swift; sourceTree = "<group>"; };
		8266BC761C2B2321007AAF45 /* ComposeAnnouncementViewController.swift */ = {isa = PBXFileReference; fileEncoding = 4; indentWidth = 4; lastKnownFileType = sourcecode.swift; path = ComposeAnnouncementViewController.swift; sourceTree = "<group>"; tabWidth = 4; usesTabs = 1; };
		827F59AD1C6532DE00FF2D15 /* Map.swift */ = {isa = PBXFileReference; fileEncoding = 4; indentWidth = 4; lastKnownFileType = sourcecode.swift; path = Map.swift; sourceTree = "<group>"; tabWidth = 4; usesTabs = 1; };
		8286A01F1C6072CF00B6EFEE /* TextFieldCell.swift */ = {isa = PBXFileReference; fileEncoding = 4; indentWidth = 4; lastKnownFileType = sourcecode.swift; path = TextFieldCell.swift; sourceTree = "<group>"; tabWidth = 4; usesTabs = 1; };
		8286A0211C6074D100B6EFEE /* DatePickerCell.swift */ = {isa = PBXFileReference; fileEncoding = 4; indentWidth = 4; lastKnownFileType = sourcecode.swift; path = DatePickerCell.swift; sourceTree = "<group>"; tabWidth = 4; usesTabs = 1; };
		828D498C1C65F3FD0090313C /* CategoryCell.swift */ = {isa = PBXFileReference; fileEncoding = 4; indentWidth = 4; lastKnownFileType = sourcecode.swift; path = CategoryCell.swift; sourceTree = "<group>"; tabWidth = 4; usesTabs = 1; };
		82905E7E1D7CAB0E00744820 /* MHacksArray.swift */ = {isa = PBXFileReference; fileEncoding = 4; lastKnownFileType = sourcecode.swift; path = MHacksArray.swift; sourceTree = "<group>"; };
		82942B9A1C2A2B850084880C /* Location.swift */ = {isa = PBXFileReference; fileEncoding = 4; indentWidth = 4; lastKnownFileType = sourcecode.swift; path = Location.swift; sourceTree = "<group>"; tabWidth = 4; usesTabs = 1; };
		82942B9C1C2A2EA00084880C /* EventOrganizer.swift */ = {isa = PBXFileReference; fileEncoding = 4; indentWidth = 4; lastKnownFileType = sourcecode.swift; path = EventOrganizer.swift; sourceTree = "<group>"; tabWidth = 4; usesTabs = 1; };
		82942B9E1C2A2EAE0084880C /* Event.swift */ = {isa = PBXFileReference; fileEncoding = 4; indentWidth = 4; lastKnownFileType = sourcecode.swift; path = Event.swift; sourceTree = "<group>"; tabWidth = 4; usesTabs = 1; };
		82942BA21C2A369D0084880C /* ScheduleCalendarViewController.swift */ = {isa = PBXFileReference; fileEncoding = 4; indentWidth = 4; lastKnownFileType = sourcecode.swift; path = ScheduleCalendarViewController.swift; sourceTree = "<group>"; tabWidth = 4; usesTabs = 1; };
		82942BA41C2A36BC0084880C /* CalendarLayout.swift */ = {isa = PBXFileReference; fileEncoding = 4; indentWidth = 4; lastKnownFileType = sourcecode.swift; path = CalendarLayout.swift; sourceTree = "<group>"; tabWidth = 4; usesTabs = 1; };
		82942BA61C2A36F70084880C /* ScheduleDayHeader.swift */ = {isa = PBXFileReference; fileEncoding = 4; indentWidth = 4; lastKnownFileType = sourcecode.swift; path = ScheduleDayHeader.swift; sourceTree = "<group>"; tabWidth = 4; usesTabs = 1; };
		82942BA81C2A37000084880C /* ScheduleHourSeparator.swift */ = {isa = PBXFileReference; fileEncoding = 4; indentWidth = 4; lastKnownFileType = sourcecode.swift; path = ScheduleHourSeparator.swift; sourceTree = "<group>"; tabWidth = 4; usesTabs = 1; };
		82942BA91C2A37000084880C /* ScheduleEventCell.swift */ = {isa = PBXFileReference; fileEncoding = 4; indentWidth = 4; lastKnownFileType = sourcecode.swift; path = ScheduleEventCell.swift; sourceTree = "<group>"; tabWidth = 4; usesTabs = 1; };
		82942BAC1C2A37670084880C /* Geometry.swift */ = {isa = PBXFileReference; fileEncoding = 4; indentWidth = 4; lastKnownFileType = sourcecode.swift; path = Geometry.swift; sourceTree = "<group>"; tabWidth = 4; usesTabs = 1; };
		82942BAE1C2A38E30084880C /* ScheduleDayHeader.xib */ = {isa = PBXFileReference; fileEncoding = 4; lastKnownFileType = file.xib; path = ScheduleDayHeader.xib; sourceTree = "<group>"; };
		82942BAF1C2A38E30084880C /* ScheduleHourSeparator.xib */ = {isa = PBXFileReference; fileEncoding = 4; lastKnownFileType = file.xib; path = ScheduleHourSeparator.xib; sourceTree = "<group>"; };
		82E2F3E61CD9590300A8F165 /* CoalescedCallbacks.swift */ = {isa = PBXFileReference; fileEncoding = 4; lastKnownFileType = sourcecode.swift; path = CoalescedCallbacks.swift; sourceTree = "<group>"; };
		82E9C4881C4F09B100ED2EBF /* MapViewController.swift */ = {isa = PBXFileReference; fileEncoding = 4; indentWidth = 4; lastKnownFileType = sourcecode.swift; path = MapViewController.swift; sourceTree = "<group>"; tabWidth = 4; usesTabs = 1; };
		82EFDE8A1C32ED060074AB99 /* EventViewController.swift */ = {isa = PBXFileReference; fileEncoding = 4; indentWidth = 4; lastKnownFileType = sourcecode.swift; path = EventViewController.swift; sourceTree = "<group>"; tabWidth = 4; usesTabs = 1; };
		9D4D0CCB1C65AE5D003DAAF3 /* SettingsViewController.swift */ = {isa = PBXFileReference; fileEncoding = 4; indentWidth = 4; lastKnownFileType = sourcecode.swift; path = SettingsViewController.swift; sourceTree = "<group>"; tabWidth = 4; usesTabs = 1; };
		FE87AA231D8CD7C000C8DB64 /* BuildingMapsViewController.swift */ = {isa = PBXFileReference; fileEncoding = 4; lastKnownFileType = sourcecode.swift; path = BuildingMapsViewController.swift; sourceTree = "<group>"; };
/* End PBXFileReference section */

/* Begin PBXFrameworksBuildPhase section */
		82287A411C66C3D8001A0F38 /* Frameworks */ = {
			isa = PBXFrameworksBuildPhase;
			buildActionMask = 2147483647;
			files = (
				82287A461C66C3D8001A0F38 /* NotificationCenter.framework in Frameworks */,
			);
			runOnlyForDeploymentPostprocessing = 0;
		};
		82473F9F1C1F7A170061FFFB /* Frameworks */ = {
			isa = PBXFrameworksBuildPhase;
			buildActionMask = 2147483647;
			files = (
			);
			runOnlyForDeploymentPostprocessing = 0;
		};
/* End PBXFrameworksBuildPhase section */

/* Begin PBXGroup section */
		820C5BF51C29326900CD9F09 /* Frameworks */ = {
			isa = PBXGroup;
			children = (
				82287A451C66C3D8001A0F38 /* NotificationCenter.framework */,
			);
			name = Frameworks;
			sourceTree = "<group>";
		};
		82287A471C66C3D8001A0F38 /* MHacksToday */ = {
			isa = PBXGroup;
			children = (
				82287A551C66C3EC001A0F38 /* TodayViewController.swift */,
				82287A671C66D46F001A0F38 /* APIManagerExtended.swift */,
				82287A591C66C419001A0F38 /* MainInterface.storyboard */,
				82287A831C66E5A5001A0F38 /* ScheduleDayHeader.xib */,
				82287A841C66E5A5001A0F38 /* ScheduleHourSeparator.xib */,
				82287A571C66C3FF001A0F38 /* Info.plist */,
				82287A641C66C61D001A0F38 /* MHacksToday.entitlements */,
			);
			path = MHacksToday;
			sourceTree = "<group>";
		};
		82473F991C1F7A170061FFFB = {
			isa = PBXGroup;
			children = (
				82473FA41C1F7A170061FFFB /* MHacks */,
				82287A471C66C3D8001A0F38 /* MHacksToday */,
				820C5BF51C29326900CD9F09 /* Frameworks */,
				82473FA31C1F7A170061FFFB /* Products */,
			);
			indentWidth = 4;
			sourceTree = "<group>";
			tabWidth = 4;
		};
		82473FA31C1F7A170061FFFB /* Products */ = {
			isa = PBXGroup;
			children = (
				82473FA21C1F7A170061FFFB /* MHacks.app */,
				82287A441C66C3D8001A0F38 /* MHacks.appex */,
			);
			name = Products;
			sourceTree = "<group>";
		};
		82473FA41C1F7A170061FFFB /* MHacks */ = {
			isa = PBXGroup;
			children = (
				82473FA51C1F7A170061FFFB /* AppDelegate.swift */,
				820B8E651C2472EC007A2E88 /* Extensions.swift */,
				82473FC11C1F80EF0061FFFB /* Model */,
				82473FBE1C1F7F6E0061FFFB /* Views */,
				82473FBB1C1F7F2A0061FFFB /* Controller */,
				82473FB91C1F7F1F0061FFFB /* UI */,
				82473FBA1C1F7F240061FFFB /* Resources */,
			);
			path = MHacks;
			sourceTree = "<group>";
		};
		82473FB91C1F7F1F0061FFFB /* UI */ = {
			isa = PBXGroup;
			children = (
				82473FAB1C1F7A170061FFFB /* Main.storyboard */,
				82473FAE1C1F7A170061FFFB /* Assets.xcassets */,
				82473FB01C1F7A170061FFFB /* LaunchScreen.storyboard */,
				82942BAE1C2A38E30084880C /* ScheduleDayHeader.xib */,
				82942BAF1C2A38E30084880C /* ScheduleHourSeparator.xib */,
				46F3AE9A1CD86EDA002495B2 /* ScheduleNowIndicator.xib */,
				46F3AE9E1CD88E06002495B2 /* ScheduleNowLabel.xib */,
			);
			name = UI;
			sourceTree = "<group>";
		};
		82473FBA1C1F7F240061FFFB /* Resources */ = {
			isa = PBXGroup;
			children = (
				82287A651C66C633001A0F38 /* MHacks.entitlements */,
				82473FB31C1F7A170061FFFB /* Info.plist */,
			);
			name = Resources;
			sourceTree = "<group>";
		};
		82473FBB1C1F7F2A0061FFFB /* Controller */ = {
			isa = PBXGroup;
			children = (
				82942BA21C2A369D0084880C /* ScheduleCalendarViewController.swift */,
				82EFDE8A1C32ED060074AB99 /* EventViewController.swift */,
				82473FA91C1F7A170061FFFB /* CountdownViewController.swift */,
				82473FC41C1F8AB30061FFFB /* AnnouncementsViewController.swift */,
				8266BC761C2B2321007AAF45 /* ComposeAnnouncementViewController.swift */,
				82E9C4881C4F09B100ED2EBF /* MapViewController.swift */,
				9D4D0CCB1C65AE5D003DAAF3 /* SettingsViewController.swift */,
				463165371D86023D00371D56 /* UserViewController.swift */,
				82473FA71C1F7A170061FFFB /* LoginViewController.swift */,
				46EA62F21D927421003AE1D5 /* ScannerViewController.swift */,
				FE87AA231D8CD7C000C8DB64 /* BuildingMapsViewController.swift */,
			);
			name = Controller;
			sourceTree = "<group>";
		};
		82473FBE1C1F7F6E0061FFFB /* Views */ = {
			isa = PBXGroup;
			children = (
				82942BA41C2A36BC0084880C /* CalendarLayout.swift */,
				82942BA61C2A36F70084880C /* ScheduleDayHeader.swift */,
				82942BA81C2A37000084880C /* ScheduleHourSeparator.swift */,
				46F3AE9C1CD86EF5002495B2 /* ScheduleNowIndicator.swift */,
				46F3AEA01CD88EEC002495B2 /* ScheduleNowLabel.swift */,
				82942BA91C2A37000084880C /* ScheduleEventCell.swift */,
				82473FBC1C1F7F6B0061FFFB /* CircularProgressIndicator.swift */,
				46427FBD1CD97CC300B06D0D /* CircleView.swift */,
				82473FC81C1F8C5B0061FFFB /* AnnouncementCell.swift */,
				82473FCA1C1F8E6B0061FFFB /* MultilineLabel.swift */,
				82942BAC1C2A37670084880C /* Geometry.swift */,
				8286A01F1C6072CF00B6EFEE /* TextFieldCell.swift */,
				823E4D321C615EE400F37D0B /* TextViewCell.swift */,
				8286A0211C6074D100B6EFEE /* DatePickerCell.swift */,
				828D498C1C65F3FD0090313C /* CategoryCell.swift */,
				460D41DA1D8B8B0A00C28048 /* GradientTintView.swift */,
			);
			name = Views;
			sourceTree = "<group>";
		};
		82473FC11C1F80EF0061FFFB /* Model */ = {
			isa = PBXGroup;
			children = (
				82473FCC1C1F91D70061FFFB /* APIManager.swift */,
				82287A6C1C66D575001A0F38 /* APIManager+UIKit.swift */,
				82E38A1E1D8133FA007D36DF /* Model Internals */,
				82E38A1F1D81343A007D36DF /* Public Models */,
			);
			name = Model;
			sourceTree = "<group>";
		};
		82E38A1E1D8133FA007D36DF /* Model Internals */ = {
			isa = PBXGroup;
			children = (
				82473FBF1C1F80EA0061FFFB /* Serializable.swift */,
				82905E7E1D7CAB0E00744820 /* MHacksArray.swift */,
				82E2F3E61CD9590300A8F165 /* CoalescedCallbacks.swift */,
				823994DC1D9273AC00A8D90C /* KeychainWrapper.swift */,
			);
			name = "Model Internals";
			sourceTree = "<group>";
		};
		82E38A1F1D81343A007D36DF /* Public Models */ = {
			isa = PBXGroup;
			children = (
				82473FC21C1F83C80061FFFB /* Countdown.swift */,
				82473FC61C1F8B0F0061FFFB /* Announcement.swift */,
				82942B9A1C2A2B850084880C /* Location.swift */,
				82942B9C1C2A2EA00084880C /* EventOrganizer.swift */,
				82942B9E1C2A2EAE0084880C /* Event.swift */,
				827F59AD1C6532DE00FF2D15 /* Map.swift */,
				825FC34A1D90F1B400DDB9A5 /* ScanEvent.swift */,
			);
			name = "Public Models";
			sourceTree = "<group>";
		};
/* End PBXGroup section */

/* Begin PBXNativeTarget section */
		82287A431C66C3D8001A0F38 /* MHacksToday */ = {
			isa = PBXNativeTarget;
			buildConfigurationList = 82287A531C66C3D8001A0F38 /* Build configuration list for PBXNativeTarget "MHacksToday" */;
			buildPhases = (
				82287A401C66C3D8001A0F38 /* Sources */,
				82287A411C66C3D8001A0F38 /* Frameworks */,
				82287A421C66C3D8001A0F38 /* Resources */,
			);
			buildRules = (
			);
			dependencies = (
			);
			name = MHacksToday;
			productName = MHacksToday;
			productReference = 82287A441C66C3D8001A0F38 /* MHacks.appex */;
			productType = "com.apple.product-type.app-extension";
		};
		82473FA11C1F7A170061FFFB /* MHacks */ = {
			isa = PBXNativeTarget;
			buildConfigurationList = 82473FB61C1F7A170061FFFB /* Build configuration list for PBXNativeTarget "MHacks" */;
			buildPhases = (
				82473F9E1C1F7A170061FFFB /* Sources */,
				82473F9F1C1F7A170061FFFB /* Frameworks */,
				82473FA01C1F7A170061FFFB /* Resources */,
				82287A541C66C3D8001A0F38 /* Embed App Extensions */,
			);
			buildRules = (
			);
			dependencies = (
			);
			name = MHacks;
			productName = MHacks;
			productReference = 82473FA21C1F7A170061FFFB /* MHacks.app */;
			productType = "com.apple.product-type.application";
		};
/* End PBXNativeTarget section */

/* Begin PBXProject section */
		82473F9A1C1F7A170061FFFB /* Project object */ = {
			isa = PBXProject;
			attributes = {
				LastSwiftUpdateCheck = 0720;
				LastUpgradeCheck = 0800;
				ORGANIZATIONNAME = MHacks;
				TargetAttributes = {
					82287A431C66C3D8001A0F38 = {
						CreatedOnToolsVersion = 7.2;
						DevelopmentTeam = 478C74MJ7T;
						LastSwiftMigration = 0800;
						SystemCapabilities = {
							com.apple.ApplicationGroups.iOS = {
								enabled = 1;
							};
						};
					};
					82473FA11C1F7A170061FFFB = {
						CreatedOnToolsVersion = 7.2;
						DevelopmentTeam = 478C74MJ7T;
						LastSwiftMigration = 0800;
						SystemCapabilities = {
							com.apple.ApplicationGroups.iOS = {
								enabled = 1;
							};
							com.apple.BackgroundModes = {
								enabled = 1;
							};
							com.apple.Push = {
								enabled = 1;
							};
							com.apple.SafariKeychain = {
								enabled = 1;
							};
						};
					};
				};
			};
			buildConfigurationList = 82473F9D1C1F7A170061FFFB /* Build configuration list for PBXProject "MHacks" */;
			compatibilityVersion = "Xcode 3.2";
			developmentRegion = English;
			hasScannedForEncodings = 0;
			knownRegions = (
				en,
				Base,
			);
			mainGroup = 82473F991C1F7A170061FFFB;
			productRefGroup = 82473FA31C1F7A170061FFFB /* Products */;
			projectDirPath = "";
			projectRoot = "";
			targets = (
				82473FA11C1F7A170061FFFB /* MHacks */,
				82287A431C66C3D8001A0F38 /* MHacksToday */,
			);
		};
/* End PBXProject section */

/* Begin PBXResourcesBuildPhase section */
		82287A421C66C3D8001A0F38 /* Resources */ = {
			isa = PBXResourcesBuildPhase;
			buildActionMask = 2147483647;
			files = (
				82287A851C66E5A5001A0F38 /* ScheduleDayHeader.xib in Resources */,
				82287A861C66E5A5001A0F38 /* ScheduleHourSeparator.xib in Resources */,
				82287A5B1C66C419001A0F38 /* MainInterface.storyboard in Resources */,
			);
			runOnlyForDeploymentPostprocessing = 0;
		};
		82473FA01C1F7A170061FFFB /* Resources */ = {
			isa = PBXResourcesBuildPhase;
			buildActionMask = 2147483647;
			files = (
				82473FB21C1F7A170061FFFB /* LaunchScreen.storyboard in Resources */,
				82473FAF1C1F7A170061FFFB /* Assets.xcassets in Resources */,
				46F3AE9B1CD86EDA002495B2 /* ScheduleNowIndicator.xib in Resources */,
				82942BB11C2A38E30084880C /* ScheduleHourSeparator.xib in Resources */,
				82942BB01C2A38E30084880C /* ScheduleDayHeader.xib in Resources */,
				82473FAD1C1F7A170061FFFB /* Main.storyboard in Resources */,
				46F3AE9F1CD88E06002495B2 /* ScheduleNowLabel.xib in Resources */,
			);
			runOnlyForDeploymentPostprocessing = 0;
		};
/* End PBXResourcesBuildPhase section */

/* Begin PBXSourcesBuildPhase section */
		82287A401C66C3D8001A0F38 /* Sources */ = {
			isa = PBXSourcesBuildPhase;
			buildActionMask = 2147483647;
			files = (
				82E1888F1D7E7D5400608D40 /* Serializable.swift in Sources */,
				82287A741C66D8A4001A0F38 /* Map.swift in Sources */,
				82287A811C66DDE7001A0F38 /* CalendarLayout.swift in Sources */,
				82287A621C66C570001A0F38 /* EventOrganizer.swift in Sources */,
				82287A561C66C3EC001A0F38 /* TodayViewController.swift in Sources */,
				82287A7F1C66DDE2001A0F38 /* ScheduleDayHeader.swift in Sources */,
				82287A5F1C66C570001A0F38 /* Announcement.swift in Sources */,
				82287A821C66DFF1001A0F38 /* Geometry.swift in Sources */,
				82287A601C66C570001A0F38 /* Location.swift in Sources */,
				82E1888C1D7E4E8800608D40 /* MHacksArray.swift in Sources */,
				82E2F3E81CD9590300A8F165 /* CoalescedCallbacks.swift in Sources */,
				82287A611C66C570001A0F38 /* Event.swift in Sources */,
				825FC34C1D90F1B400DDB9A5 /* ScanEvent.swift in Sources */,
				82287A801C66DDE2001A0F38 /* ScheduleHourSeparator.swift in Sources */,
				82287A761C66D935001A0F38 /* APIManagerExtended.swift in Sources */,
				82287A6F1C66D806001A0F38 /* APIManager.swift in Sources */,
				82287A631C66C59A001A0F38 /* AnnouncementCell.swift in Sources */,
				82287A5C1C66C570001A0F38 /* Extensions.swift in Sources */,
				82287A7E1C66DDDA001A0F38 /* ScheduleEventCell.swift in Sources */,
				82287A731C66D89A001A0F38 /* Countdown.swift in Sources */,
			);
			runOnlyForDeploymentPostprocessing = 0;
		};
		82473F9E1C1F7A170061FFFB /* Sources */ = {
			isa = PBXSourcesBuildPhase;
			buildActionMask = 2147483647;
			files = (
				82942BA71C2A36F70084880C /* ScheduleDayHeader.swift in Sources */,
				460D41DB1D8B8B0A00C28048 /* GradientTintView.swift in Sources */,
				463165381D86023D00371D56 /* UserViewController.swift in Sources */,
				82942BA31C2A369D0084880C /* ScheduleCalendarViewController.swift in Sources */,
				FE87AA241D8CD7C000C8DB64 /* BuildingMapsViewController.swift in Sources */,
				46427FBE1CD97CC300B06D0D /* CircleView.swift in Sources */,
				9D4D0CCC1C65AE5D003DAAF3 /* SettingsViewController.swift in Sources */,
				827F59AE1C6532DE00FF2D15 /* Map.swift in Sources */,
				82473FC51C1F8AB30061FFFB /* AnnouncementsViewController.swift in Sources */,
				82473FAA1C1F7A170061FFFB /* CountdownViewController.swift in Sources */,
				82942BA51C2A36BC0084880C /* CalendarLayout.swift in Sources */,
				82942B9B1C2A2B850084880C /* Location.swift in Sources */,
				825FC34B1D90F1B400DDB9A5 /* ScanEvent.swift in Sources */,
				82942BAA1C2A37000084880C /* ScheduleHourSeparator.swift in Sources */,
				82473FBD1C1F7F6B0061FFFB /* CircularProgressIndicator.swift in Sources */,
				82E2F3E71CD9590300A8F165 /* CoalescedCallbacks.swift in Sources */,
				8266BC771C2B2321007AAF45 /* ComposeAnnouncementViewController.swift in Sources */,
				82473FA61C1F7A170061FFFB /* AppDelegate.swift in Sources */,
				82473FCD1C1F91D70061FFFB /* APIManager.swift in Sources */,
				82473FC71C1F8B0F0061FFFB /* Announcement.swift in Sources */,
				82942BAD1C2A37670084880C /* Geometry.swift in Sources */,
				82EFDE8B1C32ED060074AB99 /* EventViewController.swift in Sources */,
				82942B9D1C2A2EA00084880C /* EventOrganizer.swift in Sources */,
				82942B9F1C2A2EAE0084880C /* Event.swift in Sources */,
				82942BAB1C2A37000084880C /* ScheduleEventCell.swift in Sources */,
				82473FCB1C1F8E6B0061FFFB /* MultilineLabel.swift in Sources */,
				828D498D1C65F3FD0090313C /* CategoryCell.swift in Sources */,
				82287A751C66D8F7001A0F38 /* APIManager+UIKit.swift in Sources */,
				82E9C4891C4F09B100ED2EBF /* MapViewController.swift in Sources */,
				82473FA81C1F7A170061FFFB /* LoginViewController.swift in Sources */,
				8286A0201C6072CF00B6EFEE /* TextFieldCell.swift in Sources */,
				82473FC91C1F8C5B0061FFFB /* AnnouncementCell.swift in Sources */,
				823E4D331C615EE400F37D0B /* TextViewCell.swift in Sources */,
				46F3AEA11CD88EEC002495B2 /* ScheduleNowLabel.swift in Sources */,
				82E188901D7E7D5500608D40 /* Serializable.swift in Sources */,
				823994DD1D9273AC00A8D90C /* KeychainWrapper.swift in Sources */,
				82473FC31C1F83C80061FFFB /* Countdown.swift in Sources */,
				820B8E661C2472EC007A2E88 /* Extensions.swift in Sources */,
				8286A0221C6074D100B6EFEE /* DatePickerCell.swift in Sources */,
				82905E7F1D7CAB0E00744820 /* MHacksArray.swift in Sources */,
				46F3AE9D1CD86EF5002495B2 /* ScheduleNowIndicator.swift in Sources */,
				46EA62F31D927421003AE1D5 /* ScannerViewController.swift in Sources */,
			);
			runOnlyForDeploymentPostprocessing = 0;
		};
/* End PBXSourcesBuildPhase section */

/* Begin PBXVariantGroup section */
		82287A591C66C419001A0F38 /* MainInterface.storyboard */ = {
			isa = PBXVariantGroup;
			children = (
				82287A5A1C66C419001A0F38 /* Base */,
			);
			name = MainInterface.storyboard;
			sourceTree = "<group>";
		};
		82473FAB1C1F7A170061FFFB /* Main.storyboard */ = {
			isa = PBXVariantGroup;
			children = (
				82473FAC1C1F7A170061FFFB /* Base */,
			);
			name = Main.storyboard;
			sourceTree = "<group>";
		};
		82473FB01C1F7A170061FFFB /* LaunchScreen.storyboard */ = {
			isa = PBXVariantGroup;
			children = (
				82473FB11C1F7A170061FFFB /* Base */,
			);
			name = LaunchScreen.storyboard;
			sourceTree = "<group>";
		};
/* End PBXVariantGroup section */

/* Begin XCBuildConfiguration section */
		82287A511C66C3D8001A0F38 /* Debug */ = {
			isa = XCBuildConfiguration;
			buildSettings = {
				CODE_SIGN_ENTITLEMENTS = MHacksToday/MHacksToday.entitlements;
				CODE_SIGN_IDENTITY = "iPhone Developer";
				"CODE_SIGN_IDENTITY[sdk=iphoneos*]" = "iPhone Developer";
				INFOPLIST_FILE = MHacksToday/Info.plist;
				IPHONEOS_DEPLOYMENT_TARGET = 9.0;
				LD_RUNPATH_SEARCH_PATHS = "$(inherited) @executable_path/Frameworks @executable_path/../../Frameworks";
				OTHER_SWIFT_FLAGS = "$(inherited)";
				PRODUCT_BUNDLE_IDENTIFIER = com.MPowered.MHacks.MHacksToday;
				PRODUCT_NAME = MHacks;
				PROVISIONING_PROFILE = "";
				SKIP_INSTALL = YES;
				SWIFT_OBJC_BRIDGING_HEADER = "";
				SWIFT_VERSION = 3.0;
			};
			name = Debug;
		};
		82287A521C66C3D8001A0F38 /* Release */ = {
			isa = XCBuildConfiguration;
			buildSettings = {
				CODE_SIGN_ENTITLEMENTS = MHacksToday/MHacksToday.entitlements;
				CODE_SIGN_IDENTITY = "iPhone Developer";
				"CODE_SIGN_IDENTITY[sdk=iphoneos*]" = "iPhone Developer";
				INFOPLIST_FILE = MHacksToday/Info.plist;
				IPHONEOS_DEPLOYMENT_TARGET = 9.0;
				LD_RUNPATH_SEARCH_PATHS = "$(inherited) @executable_path/Frameworks @executable_path/../../Frameworks";
				OTHER_SWIFT_FLAGS = "$(inherited)";
				PRODUCT_BUNDLE_IDENTIFIER = com.MPowered.MHacks.MHacksToday;
				PRODUCT_NAME = MHacks;
				PROVISIONING_PROFILE = "";
				SKIP_INSTALL = YES;
				SWIFT_OBJC_BRIDGING_HEADER = "";
				SWIFT_VERSION = 3.0;
			};
			name = Release;
		};
		82473FB41C1F7A170061FFFB /* Debug */ = {
			isa = XCBuildConfiguration;
			buildSettings = {
				ALWAYS_SEARCH_USER_PATHS = NO;
				CLANG_CXX_LANGUAGE_STANDARD = "gnu++0x";
				CLANG_CXX_LIBRARY = "libc++";
				CLANG_ENABLE_MODULES = YES;
				CLANG_ENABLE_OBJC_ARC = YES;
				CLANG_WARN_BOOL_CONVERSION = YES;
				CLANG_WARN_CONSTANT_CONVERSION = YES;
				CLANG_WARN_DIRECT_OBJC_ISA_USAGE = YES_ERROR;
				CLANG_WARN_EMPTY_BODY = YES;
				CLANG_WARN_ENUM_CONVERSION = YES;
				CLANG_WARN_INFINITE_RECURSION = YES;
				CLANG_WARN_INT_CONVERSION = YES;
				CLANG_WARN_OBJC_ROOT_CLASS = YES_ERROR;
				CLANG_WARN_SUSPICIOUS_MOVE = YES;
				CLANG_WARN_UNREACHABLE_CODE = YES;
				CLANG_WARN__DUPLICATE_METHOD_MATCH = YES;
				"CODE_SIGN_IDENTITY[sdk=iphoneos*]" = "iPhone Developer";
				COPY_PHASE_STRIP = NO;
				DEBUG_INFORMATION_FORMAT = dwarf;
				ENABLE_STRICT_OBJC_MSGSEND = YES;
				ENABLE_TESTABILITY = YES;
				GCC_C_LANGUAGE_STANDARD = gnu99;
				GCC_DYNAMIC_NO_PIC = NO;
				GCC_NO_COMMON_BLOCKS = YES;
				GCC_OPTIMIZATION_LEVEL = 0;
				GCC_PREPROCESSOR_DEFINITIONS = (
					"DEBUG=1",
					"$(inherited)",
				);
				GCC_WARN_64_TO_32_BIT_CONVERSION = YES;
				GCC_WARN_ABOUT_RETURN_TYPE = YES_ERROR;
				GCC_WARN_UNDECLARED_SELECTOR = YES;
				GCC_WARN_UNINITIALIZED_AUTOS = YES_AGGRESSIVE;
				GCC_WARN_UNUSED_FUNCTION = YES;
				GCC_WARN_UNUSED_VARIABLE = YES;
				IPHONEOS_DEPLOYMENT_TARGET = 9.0;
				MTL_ENABLE_DEBUG_INFO = YES;
				ONLY_ACTIVE_ARCH = YES;
				OTHER_SWIFT_FLAGS = "-DDEBUG";
				SDKROOT = iphoneos;
				SWIFT_OPTIMIZATION_LEVEL = "-Onone";
				TARGETED_DEVICE_FAMILY = "1,2";
			};
			name = Debug;
		};
		82473FB51C1F7A170061FFFB /* Release */ = {
			isa = XCBuildConfiguration;
			buildSettings = {
				ALWAYS_SEARCH_USER_PATHS = NO;
				CLANG_CXX_LANGUAGE_STANDARD = "gnu++0x";
				CLANG_CXX_LIBRARY = "libc++";
				CLANG_ENABLE_MODULES = YES;
				CLANG_ENABLE_OBJC_ARC = YES;
				CLANG_WARN_BOOL_CONVERSION = YES;
				CLANG_WARN_CONSTANT_CONVERSION = YES;
				CLANG_WARN_DIRECT_OBJC_ISA_USAGE = YES_ERROR;
				CLANG_WARN_EMPTY_BODY = YES;
				CLANG_WARN_ENUM_CONVERSION = YES;
				CLANG_WARN_INFINITE_RECURSION = YES;
				CLANG_WARN_INT_CONVERSION = YES;
				CLANG_WARN_OBJC_ROOT_CLASS = YES_ERROR;
				CLANG_WARN_SUSPICIOUS_MOVE = YES;
				CLANG_WARN_UNREACHABLE_CODE = YES;
				CLANG_WARN__DUPLICATE_METHOD_MATCH = YES;
				"CODE_SIGN_IDENTITY[sdk=iphoneos*]" = "iPhone Developer";
				COPY_PHASE_STRIP = NO;
				DEBUG_INFORMATION_FORMAT = "dwarf-with-dsym";
				ENABLE_NS_ASSERTIONS = NO;
				ENABLE_STRICT_OBJC_MSGSEND = YES;
				GCC_C_LANGUAGE_STANDARD = gnu99;
				GCC_NO_COMMON_BLOCKS = YES;
				GCC_WARN_64_TO_32_BIT_CONVERSION = YES;
				GCC_WARN_ABOUT_RETURN_TYPE = YES_ERROR;
				GCC_WARN_UNDECLARED_SELECTOR = YES;
				GCC_WARN_UNINITIALIZED_AUTOS = YES_AGGRESSIVE;
				GCC_WARN_UNUSED_FUNCTION = YES;
				GCC_WARN_UNUSED_VARIABLE = YES;
				IPHONEOS_DEPLOYMENT_TARGET = 9.0;
				MTL_ENABLE_DEBUG_INFO = NO;
				OTHER_SWIFT_FLAGS = "-DRELEASE";
				SDKROOT = iphoneos;
				SWIFT_OPTIMIZATION_LEVEL = "-Owholemodule";
				TARGETED_DEVICE_FAMILY = "1,2";
				VALIDATE_PRODUCT = YES;
			};
			name = Release;
		};
		82473FB71C1F7A170061FFFB /* Debug */ = {
			isa = XCBuildConfiguration;
			buildSettings = {
				ALWAYS_EMBED_SWIFT_STANDARD_LIBRARIES = YES;
				ASSETCATALOG_COMPILER_APPICON_NAME = AppIcon;
				CLANG_ENABLE_MODULES = YES;
				CODE_SIGN_ENTITLEMENTS = MHacks/MHacks.entitlements;
				CODE_SIGN_IDENTITY = "iPhone Developer";
				"CODE_SIGN_IDENTITY[sdk=iphoneos*]" = "iPhone Developer";
				DEVELOPMENT_TEAM = 478C74MJ7T;
				FRAMEWORK_SEARCH_PATHS = (
					"$(inherited)",
					"$(PROJECT_DIR)",
				);
				INFOPLIST_FILE = MHacks/Info.plist;
				IPHONEOS_DEPLOYMENT_TARGET = 9.0;
				LD_RUNPATH_SEARCH_PATHS = "$(inherited) @executable_path/Frameworks";
				OTHER_SWIFT_FLAGS = "$(inherited)";
				PRODUCT_BUNDLE_IDENTIFIER = com.MPowered.MHacks;
				PRODUCT_NAME = "$(TARGET_NAME)";
				PROVISIONING_PROFILE = "";
				SWIFT_OBJC_BRIDGING_HEADER = "";
				SWIFT_OPTIMIZATION_LEVEL = "-Onone";
				SWIFT_VERSION = 3.0;
				TARGETED_DEVICE_FAMILY = 1;
			};
			name = Debug;
		};
		82473FB81C1F7A170061FFFB /* Release */ = {
			isa = XCBuildConfiguration;
			buildSettings = {
				ALWAYS_EMBED_SWIFT_STANDARD_LIBRARIES = YES;
				ASSETCATALOG_COMPILER_APPICON_NAME = AppIcon;
				CLANG_ENABLE_MODULES = YES;
				CODE_SIGN_ENTITLEMENTS = MHacks/MHacks.entitlements;
				CODE_SIGN_IDENTITY = "iPhone Developer";
				"CODE_SIGN_IDENTITY[sdk=iphoneos*]" = "iPhone Developer";
				DEVELOPMENT_TEAM = 478C74MJ7T;
				FRAMEWORK_SEARCH_PATHS = (
					"$(inherited)",
					"$(PROJECT_DIR)",
				);
				INFOPLIST_FILE = MHacks/Info.plist;
				IPHONEOS_DEPLOYMENT_TARGET = 9.0;
				LD_RUNPATH_SEARCH_PATHS = "$(inherited) @executable_path/Frameworks";
				OTHER_SWIFT_FLAGS = "$(inherited)";
				PRODUCT_BUNDLE_IDENTIFIER = com.MPowered.MHacks;
				PRODUCT_NAME = "$(TARGET_NAME)";
				PROVISIONING_PROFILE = "";
				SWIFT_OBJC_BRIDGING_HEADER = "";
				SWIFT_VERSION = 3.0;
				TARGETED_DEVICE_FAMILY = 1;
			};
			name = Release;
		};
/* End XCBuildConfiguration section */

/* Begin XCConfigurationList section */
		82287A531C66C3D8001A0F38 /* Build configuration list for PBXNativeTarget "MHacksToday" */ = {
			isa = XCConfigurationList;
			buildConfigurations = (
				82287A511C66C3D8001A0F38 /* Debug */,
				82287A521C66C3D8001A0F38 /* Release */,
			);
			defaultConfigurationIsVisible = 0;
			defaultConfigurationName = Release;
		};
		82473F9D1C1F7A170061FFFB /* Build configuration list for PBXProject "MHacks" */ = {
			isa = XCConfigurationList;
			buildConfigurations = (
				82473FB41C1F7A170061FFFB /* Debug */,
				82473FB51C1F7A170061FFFB /* Release */,
			);
			defaultConfigurationIsVisible = 0;
			defaultConfigurationName = Release;
		};
		82473FB61C1F7A170061FFFB /* Build configuration list for PBXNativeTarget "MHacks" */ = {
			isa = XCConfigurationList;
			buildConfigurations = (
				82473FB71C1F7A170061FFFB /* Debug */,
				82473FB81C1F7A170061FFFB /* Release */,
			);
			defaultConfigurationIsVisible = 0;
			defaultConfigurationName = Release;
		};
/* End XCConfigurationList section */
	};
	rootObject = 82473F9A1C1F7A170061FFFB /* Project object */;
}
