// !$*UTF8*$!
{
	archiveVersion = 1;
	classes = {
	};
	objectVersion = 46;
	objects = {

/* Begin PBXBuildFile section */
		2780FAD71E7A22D900C2A6FD /* MapKit.framework in Frameworks */ = {isa = PBXBuildFile; fileRef = 2780FAD61E7A22D900C2A6FD /* MapKit.framework */; };
		278CEAB61E75CCF400F95833 /* MapOverlay.swift in Sources */ = {isa = PBXBuildFile; fileRef = 278CEAB51E75CCF400F95833 /* MapOverlay.swift */; };
		278CEAB81E75CEAC00F95833 /* ImageOverlayRenderer.swift in Sources */ = {isa = PBXBuildFile; fileRef = 278CEAB71E75CEAC00F95833 /* ImageOverlayRenderer.swift */; };
		2796A9731E73798C00B5141E /* MapViewController.swift in Sources */ = {isa = PBXBuildFile; fileRef = 2796A9721E73798C00B5141E /* MapViewController.swift */; };
		460D41DB1D8B8B0A00C28048 /* GradientTintView.swift in Sources */ = {isa = PBXBuildFile; fileRef = 460D41DA1D8B8B0A00C28048 /* GradientTintView.swift */; };
		463165381D86023D00371D56 /* UserViewController.swift in Sources */ = {isa = PBXBuildFile; fileRef = 463165371D86023D00371D56 /* UserViewController.swift */; };
		463A90731D9769B600C0F6FE /* ScannerView.swift in Sources */ = {isa = PBXBuildFile; fileRef = 463A90721D9769B600C0F6FE /* ScannerView.swift */; };
		46427FBE1CD97CC300B06D0D /* CircleView.swift in Sources */ = {isa = PBXBuildFile; fileRef = 46427FBD1CD97CC300B06D0D /* CircleView.swift */; };
		46451B751DA24B6F0025478A /* FloorDescriptionView.swift in Sources */ = {isa = PBXBuildFile; fileRef = 46451B741DA24B6F0025478A /* FloorDescriptionView.swift */; };
		465EB4C81DA0670300713EF4 /* FloorLayout.swift in Sources */ = {isa = PBXBuildFile; fileRef = 465EB4C71DA0670300713EF4 /* FloorLayout.swift */; };
		465EB4CA1DA06BAF00713EF4 /* MapCell.swift in Sources */ = {isa = PBXBuildFile; fileRef = 465EB4C91DA06BAF00713EF4 /* MapCell.swift */; };
		46B75ADB1DA253510024139A /* FloorLabel.xib in Resources */ = {isa = PBXBuildFile; fileRef = 46B75ADA1DA253510024139A /* FloorLabel.xib */; };
		46B75ADD1DA253680024139A /* FloorLabelView.swift in Sources */ = {isa = PBXBuildFile; fileRef = 46B75ADC1DA253680024139A /* FloorLabelView.swift */; };
		46EA62F31D927421003AE1D5 /* ScannerViewController.swift in Sources */ = {isa = PBXBuildFile; fileRef = 46EA62F21D927421003AE1D5 /* ScannerViewController.swift */; };
		46F3AE9B1CD86EDA002495B2 /* ScheduleNowIndicator.xib in Resources */ = {isa = PBXBuildFile; fileRef = 46F3AE9A1CD86EDA002495B2 /* ScheduleNowIndicator.xib */; };
		46F3AE9D1CD86EF5002495B2 /* ScheduleNowIndicator.swift in Sources */ = {isa = PBXBuildFile; fileRef = 46F3AE9C1CD86EF5002495B2 /* ScheduleNowIndicator.swift */; };
		46F3AE9F1CD88E06002495B2 /* ScheduleNowLabel.xib in Resources */ = {isa = PBXBuildFile; fileRef = 46F3AE9E1CD88E06002495B2 /* ScheduleNowLabel.xib */; };
		46F3AEA11CD88EEC002495B2 /* ScheduleNowLabel.swift in Sources */ = {isa = PBXBuildFile; fileRef = 46F3AEA01CD88EEC002495B2 /* ScheduleNowLabel.swift */; };
		46F716EC1DA23D6B008D473F /* FloorDescription.xib in Resources */ = {isa = PBXBuildFile; fileRef = 46F716EB1DA23D6B008D473F /* FloorDescription.xib */; };
		70065A551F54A3220058592C /* Configuration.swift in Sources */ = {isa = PBXBuildFile; fileRef = 70065A541F54A3220058592C /* Configuration.swift */; };
		70065A561F54A5A70058592C /* Configuration.swift in Sources */ = {isa = PBXBuildFile; fileRef = 70065A541F54A3220058592C /* Configuration.swift */; };
		70065A571F54A5A80058592C /* Configuration.swift in Sources */ = {isa = PBXBuildFile; fileRef = 70065A541F54A3220058592C /* Configuration.swift */; };
		703700ED1E7B192B0054DB5C /* IndoorFloorCell.swift in Sources */ = {isa = PBXBuildFile; fileRef = 703700EC1E7B192B0054DB5C /* IndoorFloorCell.swift */; };
		704991691D9A062600C3E1AC /* ComposeAnnouncementTableViewController.swift in Sources */ = {isa = PBXBuildFile; fileRef = 704991681D9A062600C3E1AC /* ComposeAnnouncementTableViewController.swift */; };
		7049916B1D9A067700C3E1AC /* SinglelineInputTableViewCell.swift in Sources */ = {isa = PBXBuildFile; fileRef = 7049916A1D9A067700C3E1AC /* SinglelineInputTableViewCell.swift */; };
		7049916D1D9A133A00C3E1AC /* MultilineInputTableViewCell.swift in Sources */ = {isa = PBXBuildFile; fileRef = 7049916C1D9A133A00C3E1AC /* MultilineInputTableViewCell.swift */; };
		709AEA381F6B19F000E7089C /* MHacksUITests.swift in Sources */ = {isa = PBXBuildFile; fileRef = 709AEA371F6B19F000E7089C /* MHacksUITests.swift */; };
		70A87C591D9B023900920E48 /* SwitchTableViewCell.swift in Sources */ = {isa = PBXBuildFile; fileRef = 70A87C581D9B023900920E48 /* SwitchTableViewCell.swift */; };
		820525201D9DADDD00EF535C /* Floor.swift in Sources */ = {isa = PBXBuildFile; fileRef = 8205251F1D9DADDD00EF535C /* Floor.swift */; };
		820525211D9DADE900EF535C /* Floor.swift in Sources */ = {isa = PBXBuildFile; fileRef = 8205251F1D9DADDD00EF535C /* Floor.swift */; };
		820525221D9DADE900EF535C /* ScannedDataField.swift in Sources */ = {isa = PBXBuildFile; fileRef = 8240DE631D9C72EA000DD78C /* ScannedDataField.swift */; };
		820525231D9DAEC900EF535C /* KeychainWrapper.swift in Sources */ = {isa = PBXBuildFile; fileRef = 823994DC1D9273AC00A8D90C /* KeychainWrapper.swift */; };
		820B8E661C2472EC007A2E88 /* Extensions.swift in Sources */ = {isa = PBXBuildFile; fileRef = 820B8E651C2472EC007A2E88 /* Extensions.swift */; };
		82287A461C66C3D8001A0F38 /* NotificationCenter.framework in Frameworks */ = {isa = PBXBuildFile; fileRef = 82287A451C66C3D8001A0F38 /* NotificationCenter.framework */; };
		82287A561C66C3EC001A0F38 /* TodayViewController.swift in Sources */ = {isa = PBXBuildFile; fileRef = 82287A551C66C3EC001A0F38 /* TodayViewController.swift */; };
		82287A5B1C66C419001A0F38 /* MainInterface.storyboard in Resources */ = {isa = PBXBuildFile; fileRef = 82287A591C66C419001A0F38 /* MainInterface.storyboard */; };
		82287A5C1C66C570001A0F38 /* Extensions.swift in Sources */ = {isa = PBXBuildFile; fileRef = 820B8E651C2472EC007A2E88 /* Extensions.swift */; };
		82287A5F1C66C570001A0F38 /* Announcement.swift in Sources */ = {isa = PBXBuildFile; fileRef = 82473FC61C1F8B0F0061FFFB /* Announcement.swift */; };
		82287A601C66C570001A0F38 /* Location.swift in Sources */ = {isa = PBXBuildFile; fileRef = 82942B9A1C2A2B850084880C /* Location.swift */; };
		82287A611C66C570001A0F38 /* Event.swift in Sources */ = {isa = PBXBuildFile; fileRef = 82942B9E1C2A2EAE0084880C /* Event.swift */; };
		82287A631C66C59A001A0F38 /* AnnouncementCell.swift in Sources */ = {isa = PBXBuildFile; fileRef = 82473FC81C1F8C5B0061FFFB /* AnnouncementCell.swift */; };
		82287A6F1C66D806001A0F38 /* APIManager.swift in Sources */ = {isa = PBXBuildFile; fileRef = 82473FCC1C1F91D70061FFFB /* APIManager.swift */; };
		82287A751C66D8F7001A0F38 /* APIManager+UIKit.swift in Sources */ = {isa = PBXBuildFile; fileRef = 82287A6C1C66D575001A0F38 /* APIManager+UIKit.swift */; };
		822896971D9E4B380081A613 /* MHacks.appex in Embed App Extensions */ = {isa = PBXBuildFile; fileRef = 82287A441C66C3D8001A0F38 /* MHacks.appex */; settings = {ATTRIBUTES = (RemoveHeadersOnCopy, ); }; };
		823994DD1D9273AC00A8D90C /* KeychainWrapper.swift in Sources */ = {isa = PBXBuildFile; fileRef = 823994DC1D9273AC00A8D90C /* KeychainWrapper.swift */; };
		823E4D331C615EE400F37D0B /* TextViewCell.swift in Sources */ = {isa = PBXBuildFile; fileRef = 823E4D321C615EE400F37D0B /* TextViewCell.swift */; };
		8240DE641D9C72EA000DD78C /* ScannedDataField.swift in Sources */ = {isa = PBXBuildFile; fileRef = 8240DE631D9C72EA000DD78C /* ScannedDataField.swift */; };
		8243F6761DA35EF400B9D929 /* Interface.storyboard in Resources */ = {isa = PBXBuildFile; fileRef = 8243F6741DA35EF400B9D929 /* Interface.storyboard */; };
		8243F6781DA35EF400B9D929 /* Assets.xcassets in Resources */ = {isa = PBXBuildFile; fileRef = 8243F6771DA35EF400B9D929 /* Assets.xcassets */; };
		8243F67F1DA35EF400B9D929 /* MHacksWatch Extension.appex in Embed App Extensions */ = {isa = PBXBuildFile; fileRef = 8243F67E1DA35EF400B9D929 /* MHacksWatch Extension.appex */; settings = {ATTRIBUTES = (RemoveHeadersOnCopy, ); }; };
		8243F6861DA35EF400B9D929 /* InterfaceController.swift in Sources */ = {isa = PBXBuildFile; fileRef = 8243F6851DA35EF400B9D929 /* InterfaceController.swift */; };
		8243F6881DA35EF400B9D929 /* ExtensionDelegate.swift in Sources */ = {isa = PBXBuildFile; fileRef = 8243F6871DA35EF400B9D929 /* ExtensionDelegate.swift */; };
		8243F68A1DA35EF400B9D929 /* NotificationController.swift in Sources */ = {isa = PBXBuildFile; fileRef = 8243F6891DA35EF400B9D929 /* NotificationController.swift */; };
		8243F68C1DA35EF400B9D929 /* ComplicationController.swift in Sources */ = {isa = PBXBuildFile; fileRef = 8243F68B1DA35EF400B9D929 /* ComplicationController.swift */; };
		8243F68E1DA35EF400B9D929 /* Assets.xcassets in Resources */ = {isa = PBXBuildFile; fileRef = 8243F68D1DA35EF400B9D929 /* Assets.xcassets */; };
		8243F6921DA35EF400B9D929 /* MHacks.app in Embed Watch Content */ = {isa = PBXBuildFile; fileRef = 8243F6721DA35EF400B9D929 /* MHacks.app */; };
		8243F69B1DA3648C00B9D929 /* APIManager.swift in Sources */ = {isa = PBXBuildFile; fileRef = 82473FCC1C1F91D70061FFFB /* APIManager.swift */; };
		8243F69C1DA365A900B9D929 /* Serializable.swift in Sources */ = {isa = PBXBuildFile; fileRef = 82473FBF1C1F80EA0061FFFB /* Serializable.swift */; };
		8243F69D1DA365A900B9D929 /* MHacksArray.swift in Sources */ = {isa = PBXBuildFile; fileRef = 82905E7E1D7CAB0E00744820 /* MHacksArray.swift */; };
		8243F69E1DA365A900B9D929 /* CoalescedCallbacks.swift in Sources */ = {isa = PBXBuildFile; fileRef = 82E2F3E61CD9590300A8F165 /* CoalescedCallbacks.swift */; };
		8243F69F1DA365A900B9D929 /* KeychainWrapper.swift in Sources */ = {isa = PBXBuildFile; fileRef = 823994DC1D9273AC00A8D90C /* KeychainWrapper.swift */; };
		8243F6A91DA365B300B9D929 /* Announcement.swift in Sources */ = {isa = PBXBuildFile; fileRef = 82473FC61C1F8B0F0061FFFB /* Announcement.swift */; };
		8243F6AA1DA365B300B9D929 /* Location.swift in Sources */ = {isa = PBXBuildFile; fileRef = 82942B9A1C2A2B850084880C /* Location.swift */; };
		8243F6AB1DA365B300B9D929 /* Event.swift in Sources */ = {isa = PBXBuildFile; fileRef = 82942B9E1C2A2EAE0084880C /* Event.swift */; };
		8243F6AC1DA365B300B9D929 /* Floor.swift in Sources */ = {isa = PBXBuildFile; fileRef = 8205251F1D9DADDD00EF535C /* Floor.swift */; };
		8243F6AD1DA365B300B9D929 /* ScanEvent.swift in Sources */ = {isa = PBXBuildFile; fileRef = 825FC34A1D90F1B400DDB9A5 /* ScanEvent.swift */; };
		8243F6AE1DA365B300B9D929 /* ScannedDataField.swift in Sources */ = {isa = PBXBuildFile; fileRef = 8240DE631D9C72EA000DD78C /* ScannedDataField.swift */; };
		8243F6AF1DA369A600B9D929 /* Extensions.swift in Sources */ = {isa = PBXBuildFile; fileRef = 820B8E651C2472EC007A2E88 /* Extensions.swift */; };
		82473FA61C1F7A170061FFFB /* AppDelegate.swift in Sources */ = {isa = PBXBuildFile; fileRef = 82473FA51C1F7A170061FFFB /* AppDelegate.swift */; };
		82473FA81C1F7A170061FFFB /* LoginViewController.swift in Sources */ = {isa = PBXBuildFile; fileRef = 82473FA71C1F7A170061FFFB /* LoginViewController.swift */; };
		82473FAA1C1F7A170061FFFB /* CountdownViewController.swift in Sources */ = {isa = PBXBuildFile; fileRef = 82473FA91C1F7A170061FFFB /* CountdownViewController.swift */; };
		82473FAD1C1F7A170061FFFB /* Main.storyboard in Resources */ = {isa = PBXBuildFile; fileRef = 82473FAB1C1F7A170061FFFB /* Main.storyboard */; };
		82473FAF1C1F7A170061FFFB /* Assets.xcassets in Resources */ = {isa = PBXBuildFile; fileRef = 82473FAE1C1F7A170061FFFB /* Assets.xcassets */; };
		82473FBD1C1F7F6B0061FFFB /* CircularProgressIndicator.swift in Sources */ = {isa = PBXBuildFile; fileRef = 82473FBC1C1F7F6B0061FFFB /* CircularProgressIndicator.swift */; };
		82473FC51C1F8AB30061FFFB /* AnnouncementsViewController.swift in Sources */ = {isa = PBXBuildFile; fileRef = 82473FC41C1F8AB30061FFFB /* AnnouncementsViewController.swift */; };
		82473FC71C1F8B0F0061FFFB /* Announcement.swift in Sources */ = {isa = PBXBuildFile; fileRef = 82473FC61C1F8B0F0061FFFB /* Announcement.swift */; };
		82473FC91C1F8C5B0061FFFB /* AnnouncementCell.swift in Sources */ = {isa = PBXBuildFile; fileRef = 82473FC81C1F8C5B0061FFFB /* AnnouncementCell.swift */; };
		82473FCB1C1F8E6B0061FFFB /* MultilineLabel.swift in Sources */ = {isa = PBXBuildFile; fileRef = 82473FCA1C1F8E6B0061FFFB /* MultilineLabel.swift */; };
		82473FCD1C1F91D70061FFFB /* APIManager.swift in Sources */ = {isa = PBXBuildFile; fileRef = 82473FCC1C1F91D70061FFFB /* APIManager.swift */; };
		825FC34B1D90F1B400DDB9A5 /* ScanEvent.swift in Sources */ = {isa = PBXBuildFile; fileRef = 825FC34A1D90F1B400DDB9A5 /* ScanEvent.swift */; };
		825FC34C1D90F1B400DDB9A5 /* ScanEvent.swift in Sources */ = {isa = PBXBuildFile; fileRef = 825FC34A1D90F1B400DDB9A5 /* ScanEvent.swift */; };
		8286A0201C6072CF00B6EFEE /* TextFieldCell.swift in Sources */ = {isa = PBXBuildFile; fileRef = 8286A01F1C6072CF00B6EFEE /* TextFieldCell.swift */; };
		8286A0221C6074D100B6EFEE /* DatePickerCell.swift in Sources */ = {isa = PBXBuildFile; fileRef = 8286A0211C6074D100B6EFEE /* DatePickerCell.swift */; };
		828D498D1C65F3FD0090313C /* CategoryCell.swift in Sources */ = {isa = PBXBuildFile; fileRef = 828D498C1C65F3FD0090313C /* CategoryCell.swift */; };
		82905E7F1D7CAB0E00744820 /* MHacksArray.swift in Sources */ = {isa = PBXBuildFile; fileRef = 82905E7E1D7CAB0E00744820 /* MHacksArray.swift */; };
		82942B9B1C2A2B850084880C /* Location.swift in Sources */ = {isa = PBXBuildFile; fileRef = 82942B9A1C2A2B850084880C /* Location.swift */; };
		82942B9D1C2A2EA00084880C /* EventOrganizer.swift in Sources */ = {isa = PBXBuildFile; fileRef = 82942B9C1C2A2EA00084880C /* EventOrganizer.swift */; };
		82942B9F1C2A2EAE0084880C /* Event.swift in Sources */ = {isa = PBXBuildFile; fileRef = 82942B9E1C2A2EAE0084880C /* Event.swift */; };
		82942BA31C2A369D0084880C /* ScheduleCalendarViewController.swift in Sources */ = {isa = PBXBuildFile; fileRef = 82942BA21C2A369D0084880C /* ScheduleCalendarViewController.swift */; };
		82942BA51C2A36BC0084880C /* CalendarLayout.swift in Sources */ = {isa = PBXBuildFile; fileRef = 82942BA41C2A36BC0084880C /* CalendarLayout.swift */; };
		82942BA71C2A36F70084880C /* ScheduleDayHeader.swift in Sources */ = {isa = PBXBuildFile; fileRef = 82942BA61C2A36F70084880C /* ScheduleDayHeader.swift */; };
		82942BAA1C2A37000084880C /* ScheduleHourSeparator.swift in Sources */ = {isa = PBXBuildFile; fileRef = 82942BA81C2A37000084880C /* ScheduleHourSeparator.swift */; };
		82942BAB1C2A37000084880C /* ScheduleEventCell.swift in Sources */ = {isa = PBXBuildFile; fileRef = 82942BA91C2A37000084880C /* ScheduleEventCell.swift */; };
		82942BAD1C2A37670084880C /* Geometry.swift in Sources */ = {isa = PBXBuildFile; fileRef = 82942BAC1C2A37670084880C /* Geometry.swift */; };
		82942BB01C2A38E30084880C /* ScheduleDayHeader.xib in Resources */ = {isa = PBXBuildFile; fileRef = 82942BAE1C2A38E30084880C /* ScheduleDayHeader.xib */; };
		82942BB11C2A38E30084880C /* ScheduleHourSeparator.xib in Resources */ = {isa = PBXBuildFile; fileRef = 82942BAF1C2A38E30084880C /* ScheduleHourSeparator.xib */; };
		82E1888C1D7E4E8800608D40 /* MHacksArray.swift in Sources */ = {isa = PBXBuildFile; fileRef = 82905E7E1D7CAB0E00744820 /* MHacksArray.swift */; };
		82E1888F1D7E7D5400608D40 /* Serializable.swift in Sources */ = {isa = PBXBuildFile; fileRef = 82473FBF1C1F80EA0061FFFB /* Serializable.swift */; };
		82E188901D7E7D5500608D40 /* Serializable.swift in Sources */ = {isa = PBXBuildFile; fileRef = 82473FBF1C1F80EA0061FFFB /* Serializable.swift */; };
		82E2F3E71CD9590300A8F165 /* CoalescedCallbacks.swift in Sources */ = {isa = PBXBuildFile; fileRef = 82E2F3E61CD9590300A8F165 /* CoalescedCallbacks.swift */; };
		82E2F3E81CD9590300A8F165 /* CoalescedCallbacks.swift in Sources */ = {isa = PBXBuildFile; fileRef = 82E2F3E61CD9590300A8F165 /* CoalescedCallbacks.swift */; };
		82EFDE8B1C32ED060074AB99 /* EventViewController.swift in Sources */ = {isa = PBXBuildFile; fileRef = 82EFDE8A1C32ED060074AB99 /* EventViewController.swift */; };
		9D4D0CCC1C65AE5D003DAAF3 /* SettingsViewController.swift in Sources */ = {isa = PBXBuildFile; fileRef = 9D4D0CCB1C65AE5D003DAAF3 /* SettingsViewController.swift */; };
		FE87AA241D8CD7C000C8DB64 /* BuildingMapsViewController.swift in Sources */ = {isa = PBXBuildFile; fileRef = FE87AA231D8CD7C000C8DB64 /* BuildingMapsViewController.swift */; };
/* End PBXBuildFile section */

/* Begin PBXContainerItemProxy section */
		709AEA3A1F6B19F000E7089C /* PBXContainerItemProxy */ = {
			isa = PBXContainerItemProxy;
			containerPortal = 82473F9A1C1F7A170061FFFB /* Project object */;
			proxyType = 1;
			remoteGlobalIDString = 82473FA11C1F7A170061FFFB;
			remoteInfo = MHacks;
		};
		822896981D9E4B420081A613 /* PBXContainerItemProxy */ = {
			isa = PBXContainerItemProxy;
			containerPortal = 82473F9A1C1F7A170061FFFB /* Project object */;
			proxyType = 1;
			remoteGlobalIDString = 82287A431C66C3D8001A0F38;
			remoteInfo = MHacksToday;
		};
		8243F6801DA35EF400B9D929 /* PBXContainerItemProxy */ = {
			isa = PBXContainerItemProxy;
			containerPortal = 82473F9A1C1F7A170061FFFB /* Project object */;
			proxyType = 1;
			remoteGlobalIDString = 8243F67D1DA35EF400B9D929;
			remoteInfo = "MHacksWatch Extension";
		};
		8243F6901DA35EF400B9D929 /* PBXContainerItemProxy */ = {
			isa = PBXContainerItemProxy;
			containerPortal = 82473F9A1C1F7A170061FFFB /* Project object */;
			proxyType = 1;
			remoteGlobalIDString = 8243F6711DA35EF400B9D929;
			remoteInfo = MHacksWatch;
		};
/* End PBXContainerItemProxy section */

/* Begin PBXCopyFilesBuildPhase section */
		82287A541C66C3D8001A0F38 /* Embed App Extensions */ = {
			isa = PBXCopyFilesBuildPhase;
			buildActionMask = 12;
			dstPath = "";
			dstSubfolderSpec = 13;
			files = (
				822896971D9E4B380081A613 /* MHacks.appex in Embed App Extensions */,
			);
			name = "Embed App Extensions";
			runOnlyForDeploymentPostprocessing = 0;
		};
		8243F6981DA35EF400B9D929 /* Embed App Extensions */ = {
			isa = PBXCopyFilesBuildPhase;
			buildActionMask = 2147483647;
			dstPath = "";
			dstSubfolderSpec = 13;
			files = (
				8243F67F1DA35EF400B9D929 /* MHacksWatch Extension.appex in Embed App Extensions */,
			);
			name = "Embed App Extensions";
			runOnlyForDeploymentPostprocessing = 0;
		};
		8243F69A1DA35EF400B9D929 /* Embed Watch Content */ = {
			isa = PBXCopyFilesBuildPhase;
			buildActionMask = 2147483647;
			dstPath = "$(CONTENTS_FOLDER_PATH)/Watch";
			dstSubfolderSpec = 16;
			files = (
				8243F6921DA35EF400B9D929 /* MHacks.app in Embed Watch Content */,
			);
			name = "Embed Watch Content";
			runOnlyForDeploymentPostprocessing = 0;
		};
/* End PBXCopyFilesBuildPhase section */

/* Begin PBXFileReference section */
		2780FAD61E7A22D900C2A6FD /* MapKit.framework */ = {isa = PBXFileReference; lastKnownFileType = wrapper.framework; name = MapKit.framework; path = System/Library/Frameworks/MapKit.framework; sourceTree = SDKROOT; };
		278CEAB51E75CCF400F95833 /* MapOverlay.swift */ = {isa = PBXFileReference; fileEncoding = 4; lastKnownFileType = sourcecode.swift; path = MapOverlay.swift; sourceTree = "<group>"; };
		278CEAB71E75CEAC00F95833 /* ImageOverlayRenderer.swift */ = {isa = PBXFileReference; fileEncoding = 4; lastKnownFileType = sourcecode.swift; path = ImageOverlayRenderer.swift; sourceTree = "<group>"; };
		2796A9721E73798C00B5141E /* MapViewController.swift */ = {isa = PBXFileReference; fileEncoding = 4; lastKnownFileType = sourcecode.swift; path = MapViewController.swift; sourceTree = "<group>"; };
		460D41DA1D8B8B0A00C28048 /* GradientTintView.swift */ = {isa = PBXFileReference; fileEncoding = 4; lastKnownFileType = sourcecode.swift; path = GradientTintView.swift; sourceTree = "<group>"; };
		463165371D86023D00371D56 /* UserViewController.swift */ = {isa = PBXFileReference; fileEncoding = 4; lastKnownFileType = sourcecode.swift; path = UserViewController.swift; sourceTree = "<group>"; };
		463A90721D9769B600C0F6FE /* ScannerView.swift */ = {isa = PBXFileReference; fileEncoding = 4; lastKnownFileType = sourcecode.swift; path = ScannerView.swift; sourceTree = "<group>"; };
		46427FBD1CD97CC300B06D0D /* CircleView.swift */ = {isa = PBXFileReference; fileEncoding = 4; lastKnownFileType = sourcecode.swift; path = CircleView.swift; sourceTree = "<group>"; };
		46451B741DA24B6F0025478A /* FloorDescriptionView.swift */ = {isa = PBXFileReference; fileEncoding = 4; lastKnownFileType = sourcecode.swift; path = FloorDescriptionView.swift; sourceTree = "<group>"; };
		465EB4C71DA0670300713EF4 /* FloorLayout.swift */ = {isa = PBXFileReference; fileEncoding = 4; lastKnownFileType = sourcecode.swift; path = FloorLayout.swift; sourceTree = "<group>"; };
		465EB4C91DA06BAF00713EF4 /* MapCell.swift */ = {isa = PBXFileReference; fileEncoding = 4; lastKnownFileType = sourcecode.swift; path = MapCell.swift; sourceTree = "<group>"; };
		46B75ADA1DA253510024139A /* FloorLabel.xib */ = {isa = PBXFileReference; fileEncoding = 4; lastKnownFileType = file.xib; path = FloorLabel.xib; sourceTree = "<group>"; };
		46B75ADC1DA253680024139A /* FloorLabelView.swift */ = {isa = PBXFileReference; fileEncoding = 4; lastKnownFileType = sourcecode.swift; path = FloorLabelView.swift; sourceTree = "<group>"; };
		46EA62F21D927421003AE1D5 /* ScannerViewController.swift */ = {isa = PBXFileReference; fileEncoding = 4; lastKnownFileType = sourcecode.swift; path = ScannerViewController.swift; sourceTree = "<group>"; };
		46F3AE9A1CD86EDA002495B2 /* ScheduleNowIndicator.xib */ = {isa = PBXFileReference; fileEncoding = 4; lastKnownFileType = file.xib; path = ScheduleNowIndicator.xib; sourceTree = "<group>"; };
		46F3AE9C1CD86EF5002495B2 /* ScheduleNowIndicator.swift */ = {isa = PBXFileReference; fileEncoding = 4; lastKnownFileType = sourcecode.swift; path = ScheduleNowIndicator.swift; sourceTree = "<group>"; };
		46F3AE9E1CD88E06002495B2 /* ScheduleNowLabel.xib */ = {isa = PBXFileReference; fileEncoding = 4; lastKnownFileType = file.xib; path = ScheduleNowLabel.xib; sourceTree = "<group>"; };
		46F3AEA01CD88EEC002495B2 /* ScheduleNowLabel.swift */ = {isa = PBXFileReference; fileEncoding = 4; lastKnownFileType = sourcecode.swift; path = ScheduleNowLabel.swift; sourceTree = "<group>"; };
		46F716EB1DA23D6B008D473F /* FloorDescription.xib */ = {isa = PBXFileReference; fileEncoding = 4; lastKnownFileType = file.xib; path = FloorDescription.xib; sourceTree = "<group>"; };
		70065A541F54A3220058592C /* Configuration.swift */ = {isa = PBXFileReference; fileEncoding = 4; lastKnownFileType = sourcecode.swift; path = Configuration.swift; sourceTree = "<group>"; };
		703700EC1E7B192B0054DB5C /* IndoorFloorCell.swift */ = {isa = PBXFileReference; fileEncoding = 4; lastKnownFileType = sourcecode.swift; path = IndoorFloorCell.swift; sourceTree = "<group>"; };
		704991681D9A062600C3E1AC /* ComposeAnnouncementTableViewController.swift */ = {isa = PBXFileReference; fileEncoding = 4; lastKnownFileType = sourcecode.swift; path = ComposeAnnouncementTableViewController.swift; sourceTree = "<group>"; };
		7049916A1D9A067700C3E1AC /* SinglelineInputTableViewCell.swift */ = {isa = PBXFileReference; fileEncoding = 4; lastKnownFileType = sourcecode.swift; path = SinglelineInputTableViewCell.swift; sourceTree = "<group>"; };
		7049916C1D9A133A00C3E1AC /* MultilineInputTableViewCell.swift */ = {isa = PBXFileReference; fileEncoding = 4; lastKnownFileType = sourcecode.swift; path = MultilineInputTableViewCell.swift; sourceTree = "<group>"; };
		709AEA351F6B19F000E7089C /* MHacksUITests.xctest */ = {isa = PBXFileReference; explicitFileType = wrapper.cfbundle; includeInIndex = 0; path = MHacksUITests.xctest; sourceTree = BUILT_PRODUCTS_DIR; };
		709AEA371F6B19F000E7089C /* MHacksUITests.swift */ = {isa = PBXFileReference; lastKnownFileType = sourcecode.swift; path = MHacksUITests.swift; sourceTree = "<group>"; };
		709AEA391F6B19F000E7089C /* Info.plist */ = {isa = PBXFileReference; lastKnownFileType = text.plist.xml; path = Info.plist; sourceTree = "<group>"; };
		70A87C581D9B023900920E48 /* SwitchTableViewCell.swift */ = {isa = PBXFileReference; fileEncoding = 4; lastKnownFileType = sourcecode.swift; path = SwitchTableViewCell.swift; sourceTree = "<group>"; };
		8205251F1D9DADDD00EF535C /* Floor.swift */ = {isa = PBXFileReference; fileEncoding = 4; lastKnownFileType = sourcecode.swift; path = Floor.swift; sourceTree = "<group>"; };
		820B8E651C2472EC007A2E88 /* Extensions.swift */ = {isa = PBXFileReference; fileEncoding = 4; indentWidth = 4; lastKnownFileType = sourcecode.swift; path = Extensions.swift; sourceTree = "<group>"; tabWidth = 4; usesTabs = 1; };
		82287A441C66C3D8001A0F38 /* MHacks.appex */ = {isa = PBXFileReference; explicitFileType = "wrapper.app-extension"; includeInIndex = 0; path = MHacks.appex; sourceTree = BUILT_PRODUCTS_DIR; };
		82287A451C66C3D8001A0F38 /* NotificationCenter.framework */ = {isa = PBXFileReference; lastKnownFileType = wrapper.framework; name = NotificationCenter.framework; path = System/Library/Frameworks/NotificationCenter.framework; sourceTree = SDKROOT; };
		82287A551C66C3EC001A0F38 /* TodayViewController.swift */ = {isa = PBXFileReference; fileEncoding = 4; lastKnownFileType = sourcecode.swift; path = TodayViewController.swift; sourceTree = "<group>"; };
		82287A571C66C3FF001A0F38 /* Info.plist */ = {isa = PBXFileReference; fileEncoding = 4; lastKnownFileType = text.plist.xml; path = Info.plist; sourceTree = "<group>"; };
		82287A5A1C66C419001A0F38 /* Base */ = {isa = PBXFileReference; lastKnownFileType = file.storyboard; name = Base; path = Base.lproj/MainInterface.storyboard; sourceTree = "<group>"; };
		82287A641C66C61D001A0F38 /* MHacksToday.entitlements */ = {isa = PBXFileReference; lastKnownFileType = text.xml; path = MHacksToday.entitlements; sourceTree = "<group>"; };
		82287A651C66C633001A0F38 /* MHacks.entitlements */ = {isa = PBXFileReference; lastKnownFileType = text.xml; path = MHacks.entitlements; sourceTree = "<group>"; };
		82287A6C1C66D575001A0F38 /* APIManager+UIKit.swift */ = {isa = PBXFileReference; fileEncoding = 4; indentWidth = 4; lastKnownFileType = sourcecode.swift; path = "APIManager+UIKit.swift"; sourceTree = "<group>"; tabWidth = 4; usesTabs = 1; };
		823994DC1D9273AC00A8D90C /* KeychainWrapper.swift */ = {isa = PBXFileReference; fileEncoding = 4; lastKnownFileType = sourcecode.swift; path = KeychainWrapper.swift; sourceTree = "<group>"; };
		823E4D321C615EE400F37D0B /* TextViewCell.swift */ = {isa = PBXFileReference; fileEncoding = 4; indentWidth = 4; lastKnownFileType = sourcecode.swift; path = TextViewCell.swift; sourceTree = "<group>"; tabWidth = 4; usesTabs = 1; };
		8240DE631D9C72EA000DD78C /* ScannedDataField.swift */ = {isa = PBXFileReference; fileEncoding = 4; lastKnownFileType = sourcecode.swift; path = ScannedDataField.swift; sourceTree = "<group>"; };
		8243F6721DA35EF400B9D929 /* MHacks.app */ = {isa = PBXFileReference; explicitFileType = wrapper.application; includeInIndex = 0; path = MHacks.app; sourceTree = BUILT_PRODUCTS_DIR; };
		8243F6751DA35EF400B9D929 /* Base */ = {isa = PBXFileReference; lastKnownFileType = file.storyboard; name = Base; path = Base.lproj/Interface.storyboard; sourceTree = "<group>"; };
		8243F6771DA35EF400B9D929 /* Assets.xcassets */ = {isa = PBXFileReference; lastKnownFileType = folder.assetcatalog; path = Assets.xcassets; sourceTree = "<group>"; };
		8243F6791DA35EF400B9D929 /* Info.plist */ = {isa = PBXFileReference; lastKnownFileType = text.plist.xml; path = Info.plist; sourceTree = "<group>"; };
		8243F67E1DA35EF400B9D929 /* MHacksWatch Extension.appex */ = {isa = PBXFileReference; explicitFileType = "wrapper.app-extension"; includeInIndex = 0; path = "MHacksWatch Extension.appex"; sourceTree = BUILT_PRODUCTS_DIR; };
		8243F6841DA35EF400B9D929 /* PushNotificationPayload.apns */ = {isa = PBXFileReference; lastKnownFileType = text; path = PushNotificationPayload.apns; sourceTree = "<group>"; };
		8243F6851DA35EF400B9D929 /* InterfaceController.swift */ = {isa = PBXFileReference; lastKnownFileType = sourcecode.swift; path = InterfaceController.swift; sourceTree = "<group>"; };
		8243F6871DA35EF400B9D929 /* ExtensionDelegate.swift */ = {isa = PBXFileReference; lastKnownFileType = sourcecode.swift; path = ExtensionDelegate.swift; sourceTree = "<group>"; };
		8243F6891DA35EF400B9D929 /* NotificationController.swift */ = {isa = PBXFileReference; lastKnownFileType = sourcecode.swift; path = NotificationController.swift; sourceTree = "<group>"; };
		8243F68B1DA35EF400B9D929 /* ComplicationController.swift */ = {isa = PBXFileReference; lastKnownFileType = sourcecode.swift; path = ComplicationController.swift; sourceTree = "<group>"; };
		8243F68D1DA35EF400B9D929 /* Assets.xcassets */ = {isa = PBXFileReference; lastKnownFileType = folder.assetcatalog; path = Assets.xcassets; sourceTree = "<group>"; };
		8243F68F1DA35EF400B9D929 /* Info.plist */ = {isa = PBXFileReference; lastKnownFileType = text.plist.xml; path = Info.plist; sourceTree = "<group>"; };
		8243F6B01DA36C7E00B9D929 /* MHacksWatch.entitlements */ = {isa = PBXFileReference; lastKnownFileType = text.plist.entitlements; path = MHacksWatch.entitlements; sourceTree = "<group>"; };
		8243F6B11DA36C8400B9D929 /* MHacksWatch Extension.entitlements */ = {isa = PBXFileReference; lastKnownFileType = text.plist.entitlements; path = "MHacksWatch Extension.entitlements"; sourceTree = "<group>"; };
		82473FA21C1F7A170061FFFB /* MHacks.app */ = {isa = PBXFileReference; explicitFileType = wrapper.application; includeInIndex = 0; path = MHacks.app; sourceTree = BUILT_PRODUCTS_DIR; };
		82473FA51C1F7A170061FFFB /* AppDelegate.swift */ = {isa = PBXFileReference; indentWidth = 4; lastKnownFileType = sourcecode.swift; path = AppDelegate.swift; sourceTree = "<group>"; tabWidth = 4; usesTabs = 1; };
		82473FA71C1F7A170061FFFB /* LoginViewController.swift */ = {isa = PBXFileReference; indentWidth = 4; lastKnownFileType = sourcecode.swift; path = LoginViewController.swift; sourceTree = "<group>"; tabWidth = 4; usesTabs = 1; };
		82473FA91C1F7A170061FFFB /* CountdownViewController.swift */ = {isa = PBXFileReference; indentWidth = 4; lastKnownFileType = sourcecode.swift; path = CountdownViewController.swift; sourceTree = "<group>"; tabWidth = 4; usesTabs = 1; };
		82473FAC1C1F7A170061FFFB /* Base */ = {isa = PBXFileReference; lastKnownFileType = file.storyboard; name = Base; path = Base.lproj/Main.storyboard; sourceTree = "<group>"; };
		82473FAE1C1F7A170061FFFB /* Assets.xcassets */ = {isa = PBXFileReference; lastKnownFileType = folder.assetcatalog; path = Assets.xcassets; sourceTree = "<group>"; };
		82473FB31C1F7A170061FFFB /* Info.plist */ = {isa = PBXFileReference; lastKnownFileType = text.plist.xml; path = Info.plist; sourceTree = "<group>"; };
		82473FBC1C1F7F6B0061FFFB /* CircularProgressIndicator.swift */ = {isa = PBXFileReference; fileEncoding = 4; indentWidth = 4; lastKnownFileType = sourcecode.swift; path = CircularProgressIndicator.swift; sourceTree = "<group>"; tabWidth = 4; usesTabs = 1; };
		82473FBF1C1F80EA0061FFFB /* Serializable.swift */ = {isa = PBXFileReference; fileEncoding = 4; indentWidth = 4; lastKnownFileType = sourcecode.swift; path = Serializable.swift; sourceTree = "<group>"; tabWidth = 4; usesTabs = 1; };
		82473FC41C1F8AB30061FFFB /* AnnouncementsViewController.swift */ = {isa = PBXFileReference; fileEncoding = 4; indentWidth = 4; lastKnownFileType = sourcecode.swift; path = AnnouncementsViewController.swift; sourceTree = "<group>"; tabWidth = 4; usesTabs = 1; };
		82473FC61C1F8B0F0061FFFB /* Announcement.swift */ = {isa = PBXFileReference; fileEncoding = 4; indentWidth = 4; lastKnownFileType = sourcecode.swift; path = Announcement.swift; sourceTree = "<group>"; tabWidth = 4; usesTabs = 1; };
		82473FC81C1F8C5B0061FFFB /* AnnouncementCell.swift */ = {isa = PBXFileReference; fileEncoding = 4; indentWidth = 4; lastKnownFileType = sourcecode.swift; path = AnnouncementCell.swift; sourceTree = "<group>"; tabWidth = 4; usesTabs = 1; };
		82473FCA1C1F8E6B0061FFFB /* MultilineLabel.swift */ = {isa = PBXFileReference; fileEncoding = 4; indentWidth = 4; lastKnownFileType = sourcecode.swift; path = MultilineLabel.swift; sourceTree = "<group>"; tabWidth = 4; usesTabs = 1; };
		82473FCC1C1F91D70061FFFB /* APIManager.swift */ = {isa = PBXFileReference; fileEncoding = 4; indentWidth = 4; lastKnownFileType = sourcecode.swift; path = APIManager.swift; sourceTree = "<group>"; tabWidth = 4; usesTabs = 1; };
		825FC34A1D90F1B400DDB9A5 /* ScanEvent.swift */ = {isa = PBXFileReference; fileEncoding = 4; lastKnownFileType = sourcecode.swift; path = ScanEvent.swift; sourceTree = "<group>"; };
		8286A01F1C6072CF00B6EFEE /* TextFieldCell.swift */ = {isa = PBXFileReference; fileEncoding = 4; indentWidth = 4; lastKnownFileType = sourcecode.swift; path = TextFieldCell.swift; sourceTree = "<group>"; tabWidth = 4; usesTabs = 1; };
		8286A0211C6074D100B6EFEE /* DatePickerCell.swift */ = {isa = PBXFileReference; fileEncoding = 4; indentWidth = 4; lastKnownFileType = sourcecode.swift; path = DatePickerCell.swift; sourceTree = "<group>"; tabWidth = 4; usesTabs = 1; };
		828D498C1C65F3FD0090313C /* CategoryCell.swift */ = {isa = PBXFileReference; fileEncoding = 4; indentWidth = 4; lastKnownFileType = sourcecode.swift; path = CategoryCell.swift; sourceTree = "<group>"; tabWidth = 4; usesTabs = 1; };
		82905E7E1D7CAB0E00744820 /* MHacksArray.swift */ = {isa = PBXFileReference; fileEncoding = 4; lastKnownFileType = sourcecode.swift; path = MHacksArray.swift; sourceTree = "<group>"; };
		82942B9A1C2A2B850084880C /* Location.swift */ = {isa = PBXFileReference; fileEncoding = 4; indentWidth = 4; lastKnownFileType = sourcecode.swift; path = Location.swift; sourceTree = "<group>"; tabWidth = 4; usesTabs = 1; };
		82942B9C1C2A2EA00084880C /* EventOrganizer.swift */ = {isa = PBXFileReference; fileEncoding = 4; indentWidth = 4; lastKnownFileType = sourcecode.swift; path = EventOrganizer.swift; sourceTree = "<group>"; tabWidth = 4; usesTabs = 1; };
		82942B9E1C2A2EAE0084880C /* Event.swift */ = {isa = PBXFileReference; fileEncoding = 4; indentWidth = 4; lastKnownFileType = sourcecode.swift; path = Event.swift; sourceTree = "<group>"; tabWidth = 4; usesTabs = 1; };
		82942BA21C2A369D0084880C /* ScheduleCalendarViewController.swift */ = {isa = PBXFileReference; fileEncoding = 4; indentWidth = 4; lastKnownFileType = sourcecode.swift; path = ScheduleCalendarViewController.swift; sourceTree = "<group>"; tabWidth = 4; usesTabs = 1; };
		82942BA41C2A36BC0084880C /* CalendarLayout.swift */ = {isa = PBXFileReference; fileEncoding = 4; indentWidth = 4; lastKnownFileType = sourcecode.swift; path = CalendarLayout.swift; sourceTree = "<group>"; tabWidth = 4; usesTabs = 1; };
		82942BA61C2A36F70084880C /* ScheduleDayHeader.swift */ = {isa = PBXFileReference; fileEncoding = 4; indentWidth = 4; lastKnownFileType = sourcecode.swift; path = ScheduleDayHeader.swift; sourceTree = "<group>"; tabWidth = 4; usesTabs = 1; };
		82942BA81C2A37000084880C /* ScheduleHourSeparator.swift */ = {isa = PBXFileReference; fileEncoding = 4; indentWidth = 4; lastKnownFileType = sourcecode.swift; path = ScheduleHourSeparator.swift; sourceTree = "<group>"; tabWidth = 4; usesTabs = 1; };
		82942BA91C2A37000084880C /* ScheduleEventCell.swift */ = {isa = PBXFileReference; fileEncoding = 4; indentWidth = 4; lastKnownFileType = sourcecode.swift; path = ScheduleEventCell.swift; sourceTree = "<group>"; tabWidth = 4; usesTabs = 1; };
		82942BAC1C2A37670084880C /* Geometry.swift */ = {isa = PBXFileReference; fileEncoding = 4; indentWidth = 4; lastKnownFileType = sourcecode.swift; path = Geometry.swift; sourceTree = "<group>"; tabWidth = 4; usesTabs = 1; };
		82942BAE1C2A38E30084880C /* ScheduleDayHeader.xib */ = {isa = PBXFileReference; fileEncoding = 4; lastKnownFileType = file.xib; path = ScheduleDayHeader.xib; sourceTree = "<group>"; };
		82942BAF1C2A38E30084880C /* ScheduleHourSeparator.xib */ = {isa = PBXFileReference; fileEncoding = 4; lastKnownFileType = file.xib; path = ScheduleHourSeparator.xib; sourceTree = "<group>"; };
		82E2F3E61CD9590300A8F165 /* CoalescedCallbacks.swift */ = {isa = PBXFileReference; fileEncoding = 4; lastKnownFileType = sourcecode.swift; path = CoalescedCallbacks.swift; sourceTree = "<group>"; };
		82EFDE8A1C32ED060074AB99 /* EventViewController.swift */ = {isa = PBXFileReference; fileEncoding = 4; indentWidth = 4; lastKnownFileType = sourcecode.swift; path = EventViewController.swift; sourceTree = "<group>"; tabWidth = 4; usesTabs = 1; };
		9D4D0CCB1C65AE5D003DAAF3 /* SettingsViewController.swift */ = {isa = PBXFileReference; fileEncoding = 4; indentWidth = 4; lastKnownFileType = sourcecode.swift; path = SettingsViewController.swift; sourceTree = "<group>"; tabWidth = 4; usesTabs = 1; };
		FE87AA231D8CD7C000C8DB64 /* BuildingMapsViewController.swift */ = {isa = PBXFileReference; fileEncoding = 4; lastKnownFileType = sourcecode.swift; path = BuildingMapsViewController.swift; sourceTree = "<group>"; };
/* End PBXFileReference section */

/* Begin PBXFrameworksBuildPhase section */
		709AEA321F6B19F000E7089C /* Frameworks */ = {
			isa = PBXFrameworksBuildPhase;
			buildActionMask = 2147483647;
			files = (
			);
			runOnlyForDeploymentPostprocessing = 0;
		};
		82287A411C66C3D8001A0F38 /* Frameworks */ = {
			isa = PBXFrameworksBuildPhase;
			buildActionMask = 2147483647;
			files = (
				82287A461C66C3D8001A0F38 /* NotificationCenter.framework in Frameworks */,
			);
			runOnlyForDeploymentPostprocessing = 0;
		};
		8243F67B1DA35EF400B9D929 /* Frameworks */ = {
			isa = PBXFrameworksBuildPhase;
			buildActionMask = 2147483647;
			files = (
			);
			runOnlyForDeploymentPostprocessing = 0;
		};
		82473F9F1C1F7A170061FFFB /* Frameworks */ = {
			isa = PBXFrameworksBuildPhase;
			buildActionMask = 2147483647;
			files = (
				2780FAD71E7A22D900C2A6FD /* MapKit.framework in Frameworks */,
			);
			runOnlyForDeploymentPostprocessing = 0;
		};
/* End PBXFrameworksBuildPhase section */

/* Begin PBXGroup section */
		709AEA361F6B19F000E7089C /* MHacksUITests */ = {
			isa = PBXGroup;
			children = (
				709AEA371F6B19F000E7089C /* MHacksUITests.swift */,
				709AEA391F6B19F000E7089C /* Info.plist */,
			);
			path = MHacksUITests;
			sourceTree = "<group>";
		};
		820C5BF51C29326900CD9F09 /* Frameworks */ = {
			isa = PBXGroup;
			children = (
				2780FAD61E7A22D900C2A6FD /* MapKit.framework */,
				82287A451C66C3D8001A0F38 /* NotificationCenter.framework */,
			);
			name = Frameworks;
			sourceTree = "<group>";
		};
		82287A471C66C3D8001A0F38 /* MHacksToday */ = {
			isa = PBXGroup;
			children = (
				82287A551C66C3EC001A0F38 /* TodayViewController.swift */,
				82287A591C66C419001A0F38 /* MainInterface.storyboard */,
				82287A571C66C3FF001A0F38 /* Info.plist */,
				82287A641C66C61D001A0F38 /* MHacksToday.entitlements */,
			);
			path = MHacksToday;
			sourceTree = "<group>";
		};
		8243F6731DA35EF400B9D929 /* MHacksWatch */ = {
			isa = PBXGroup;
			children = (
				8243F6B01DA36C7E00B9D929 /* MHacksWatch.entitlements */,
				8243F6741DA35EF400B9D929 /* Interface.storyboard */,
				8243F6771DA35EF400B9D929 /* Assets.xcassets */,
				8243F6791DA35EF400B9D929 /* Info.plist */,
			);
			path = MHacksWatch;
			sourceTree = "<group>";
		};
		8243F6821DA35EF400B9D929 /* MHacksWatch Extension */ = {
			isa = PBXGroup;
			children = (
				8243F6B11DA36C8400B9D929 /* MHacksWatch Extension.entitlements */,
				8243F6851DA35EF400B9D929 /* InterfaceController.swift */,
				8243F6871DA35EF400B9D929 /* ExtensionDelegate.swift */,
				8243F6891DA35EF400B9D929 /* NotificationController.swift */,
				8243F68B1DA35EF400B9D929 /* ComplicationController.swift */,
				8243F68D1DA35EF400B9D929 /* Assets.xcassets */,
				8243F68F1DA35EF400B9D929 /* Info.plist */,
				8243F6831DA35EF400B9D929 /* Supporting Files */,
			);
			path = "MHacksWatch Extension";
			sourceTree = "<group>";
		};
		8243F6831DA35EF400B9D929 /* Supporting Files */ = {
			isa = PBXGroup;
			children = (
				8243F6841DA35EF400B9D929 /* PushNotificationPayload.apns */,
			);
			name = "Supporting Files";
			sourceTree = "<group>";
		};
		82473F991C1F7A170061FFFB = {
			isa = PBXGroup;
			children = (
				82473FA41C1F7A170061FFFB /* MHacks */,
				82287A471C66C3D8001A0F38 /* MHacksToday */,
				8243F6731DA35EF400B9D929 /* MHacksWatch */,
				8243F6821DA35EF400B9D929 /* MHacksWatch Extension */,
				709AEA361F6B19F000E7089C /* MHacksUITests */,
				820C5BF51C29326900CD9F09 /* Frameworks */,
				82473FA31C1F7A170061FFFB /* Products */,
			);
			indentWidth = 4;
			sourceTree = "<group>";
			tabWidth = 4;
		};
		82473FA31C1F7A170061FFFB /* Products */ = {
			isa = PBXGroup;
			children = (
				82473FA21C1F7A170061FFFB /* MHacks.app */,
				82287A441C66C3D8001A0F38 /* MHacks.appex */,
				8243F6721DA35EF400B9D929 /* MHacks.app */,
				8243F67E1DA35EF400B9D929 /* MHacksWatch Extension.appex */,
				709AEA351F6B19F000E7089C /* MHacksUITests.xctest */,
			);
			name = Products;
			sourceTree = "<group>";
		};
		82473FA41C1F7A170061FFFB /* MHacks */ = {
			isa = PBXGroup;
			children = (
				82473FA51C1F7A170061FFFB /* AppDelegate.swift */,
				820B8E651C2472EC007A2E88 /* Extensions.swift */,
				82473FC11C1F80EF0061FFFB /* Model */,
				82473FBE1C1F7F6E0061FFFB /* Views */,
				82473FBB1C1F7F2A0061FFFB /* Controller */,
				82473FB91C1F7F1F0061FFFB /* UI */,
				82473FBA1C1F7F240061FFFB /* Resources */,
			);
			path = MHacks;
			sourceTree = "<group>";
		};
		82473FB91C1F7F1F0061FFFB /* UI */ = {
			isa = PBXGroup;
			children = (
				82473FAB1C1F7A170061FFFB /* Main.storyboard */,
				82473FAE1C1F7A170061FFFB /* Assets.xcassets */,
				82942BAE1C2A38E30084880C /* ScheduleDayHeader.xib */,
				82942BAF1C2A38E30084880C /* ScheduleHourSeparator.xib */,
				46F3AE9A1CD86EDA002495B2 /* ScheduleNowIndicator.xib */,
				46F3AE9E1CD88E06002495B2 /* ScheduleNowLabel.xib */,
				46F716EB1DA23D6B008D473F /* FloorDescription.xib */,
				46B75ADA1DA253510024139A /* FloorLabel.xib */,
			);
			name = UI;
			sourceTree = "<group>";
		};
		82473FBA1C1F7F240061FFFB /* Resources */ = {
			isa = PBXGroup;
			children = (
				82287A651C66C633001A0F38 /* MHacks.entitlements */,
				82473FB31C1F7A170061FFFB /* Info.plist */,
			);
			name = Resources;
			sourceTree = "<group>";
		};
		82473FBB1C1F7F2A0061FFFB /* Controller */ = {
			isa = PBXGroup;
			children = (
				82942BA21C2A369D0084880C /* ScheduleCalendarViewController.swift */,
				82EFDE8A1C32ED060074AB99 /* EventViewController.swift */,
				82473FA91C1F7A170061FFFB /* CountdownViewController.swift */,
				82473FC41C1F8AB30061FFFB /* AnnouncementsViewController.swift */,
				9D4D0CCB1C65AE5D003DAAF3 /* SettingsViewController.swift */,
				463165371D86023D00371D56 /* UserViewController.swift */,
				82473FA71C1F7A170061FFFB /* LoginViewController.swift */,
				46EA62F21D927421003AE1D5 /* ScannerViewController.swift */,
				FE87AA231D8CD7C000C8DB64 /* BuildingMapsViewController.swift */,
				704991681D9A062600C3E1AC /* ComposeAnnouncementTableViewController.swift */,
				2796A9721E73798C00B5141E /* MapViewController.swift */,
			);
			name = Controller;
			sourceTree = "<group>";
		};
		82473FBE1C1F7F6E0061FFFB /* Views */ = {
			isa = PBXGroup;
			children = (
				82942BA41C2A36BC0084880C /* CalendarLayout.swift */,
				82942BA61C2A36F70084880C /* ScheduleDayHeader.swift */,
				82942BA81C2A37000084880C /* ScheduleHourSeparator.swift */,
				46F3AE9C1CD86EF5002495B2 /* ScheduleNowIndicator.swift */,
				46F3AEA01CD88EEC002495B2 /* ScheduleNowLabel.swift */,
				82942BA91C2A37000084880C /* ScheduleEventCell.swift */,
				82473FBC1C1F7F6B0061FFFB /* CircularProgressIndicator.swift */,
				46427FBD1CD97CC300B06D0D /* CircleView.swift */,
				82473FC81C1F8C5B0061FFFB /* AnnouncementCell.swift */,
				82473FCA1C1F8E6B0061FFFB /* MultilineLabel.swift */,
				82942BAC1C2A37670084880C /* Geometry.swift */,
				8286A01F1C6072CF00B6EFEE /* TextFieldCell.swift */,
				823E4D321C615EE400F37D0B /* TextViewCell.swift */,
				7049916A1D9A067700C3E1AC /* SinglelineInputTableViewCell.swift */,
				7049916C1D9A133A00C3E1AC /* MultilineInputTableViewCell.swift */,
				8286A0211C6074D100B6EFEE /* DatePickerCell.swift */,
				70A87C581D9B023900920E48 /* SwitchTableViewCell.swift */,
				828D498C1C65F3FD0090313C /* CategoryCell.swift */,
				460D41DA1D8B8B0A00C28048 /* GradientTintView.swift */,
				463A90721D9769B600C0F6FE /* ScannerView.swift */,
				465EB4C71DA0670300713EF4 /* FloorLayout.swift */,
				465EB4C91DA06BAF00713EF4 /* MapCell.swift */,
				703700EC1E7B192B0054DB5C /* IndoorFloorCell.swift */,
				46451B741DA24B6F0025478A /* FloorDescriptionView.swift */,
				46B75ADC1DA253680024139A /* FloorLabelView.swift */,
				278CEAB51E75CCF400F95833 /* MapOverlay.swift */,
				278CEAB71E75CEAC00F95833 /* ImageOverlayRenderer.swift */,
			);
			name = Views;
			sourceTree = "<group>";
		};
		82473FC11C1F80EF0061FFFB /* Model */ = {
			isa = PBXGroup;
			children = (
				82473FCC1C1F91D70061FFFB /* APIManager.swift */,
				82287A6C1C66D575001A0F38 /* APIManager+UIKit.swift */,
				82E38A1E1D8133FA007D36DF /* Model Internals */,
				82E38A1F1D81343A007D36DF /* Public Models */,
			);
			name = Model;
			sourceTree = "<group>";
		};
		82E38A1E1D8133FA007D36DF /* Model Internals */ = {
			isa = PBXGroup;
			children = (
				82473FBF1C1F80EA0061FFFB /* Serializable.swift */,
				82905E7E1D7CAB0E00744820 /* MHacksArray.swift */,
				82E2F3E61CD9590300A8F165 /* CoalescedCallbacks.swift */,
				823994DC1D9273AC00A8D90C /* KeychainWrapper.swift */,
			);
			name = "Model Internals";
			sourceTree = "<group>";
		};
		82E38A1F1D81343A007D36DF /* Public Models */ = {
			isa = PBXGroup;
			children = (
				70065A541F54A3220058592C /* Configuration.swift */,
				82473FC61C1F8B0F0061FFFB /* Announcement.swift */,
				82942B9A1C2A2B850084880C /* Location.swift */,
				82942B9C1C2A2EA00084880C /* EventOrganizer.swift */,
				82942B9E1C2A2EAE0084880C /* Event.swift */,
				8205251F1D9DADDD00EF535C /* Floor.swift */,
				825FC34A1D90F1B400DDB9A5 /* ScanEvent.swift */,
				8240DE631D9C72EA000DD78C /* ScannedDataField.swift */,
			);
			name = "Public Models";
			sourceTree = "<group>";
		};
/* End PBXGroup section */

/* Begin PBXNativeTarget section */
		709AEA341F6B19F000E7089C /* MHacksUITests */ = {
			isa = PBXNativeTarget;
			buildConfigurationList = 709AEA3C1F6B19F000E7089C /* Build configuration list for PBXNativeTarget "MHacksUITests" */;
			buildPhases = (
				709AEA311F6B19F000E7089C /* Sources */,
				709AEA321F6B19F000E7089C /* Frameworks */,
				709AEA331F6B19F000E7089C /* Resources */,
			);
			buildRules = (
			);
			dependencies = (
				709AEA3B1F6B19F000E7089C /* PBXTargetDependency */,
			);
			name = MHacksUITests;
			productName = MHacksUITests;
			productReference = 709AEA351F6B19F000E7089C /* MHacksUITests.xctest */;
			productType = "com.apple.product-type.bundle.ui-testing";
		};
		82287A431C66C3D8001A0F38 /* MHacksToday */ = {
			isa = PBXNativeTarget;
			buildConfigurationList = 82287A531C66C3D8001A0F38 /* Build configuration list for PBXNativeTarget "MHacksToday" */;
			buildPhases = (
				82287A401C66C3D8001A0F38 /* Sources */,
				82287A411C66C3D8001A0F38 /* Frameworks */,
				82287A421C66C3D8001A0F38 /* Resources */,
			);
			buildRules = (
			);
			dependencies = (
			);
			name = MHacksToday;
			productName = MHacksToday;
			productReference = 82287A441C66C3D8001A0F38 /* MHacks.appex */;
			productType = "com.apple.product-type.app-extension";
		};
		8243F6711DA35EF400B9D929 /* MHacksWatch */ = {
			isa = PBXNativeTarget;
			buildConfigurationList = 8243F6991DA35EF400B9D929 /* Build configuration list for PBXNativeTarget "MHacksWatch" */;
			buildPhases = (
				8243F6701DA35EF400B9D929 /* Resources */,
				8243F6981DA35EF400B9D929 /* Embed App Extensions */,
			);
			buildRules = (
			);
			dependencies = (
				8243F6811DA35EF400B9D929 /* PBXTargetDependency */,
			);
			name = MHacksWatch;
			productName = MHacksWatch;
			productReference = 8243F6721DA35EF400B9D929 /* MHacks.app */;
			productType = "com.apple.product-type.application.watchapp2";
		};
		8243F67D1DA35EF400B9D929 /* MHacksWatch Extension */ = {
			isa = PBXNativeTarget;
			buildConfigurationList = 8243F6971DA35EF400B9D929 /* Build configuration list for PBXNativeTarget "MHacksWatch Extension" */;
			buildPhases = (
				8243F67A1DA35EF400B9D929 /* Sources */,
				8243F67B1DA35EF400B9D929 /* Frameworks */,
				8243F67C1DA35EF400B9D929 /* Resources */,
			);
			buildRules = (
			);
			dependencies = (
			);
			name = "MHacksWatch Extension";
			productName = "MHacksWatch Extension";
			productReference = 8243F67E1DA35EF400B9D929 /* MHacksWatch Extension.appex */;
			productType = "com.apple.product-type.watchkit2-extension";
		};
		82473FA11C1F7A170061FFFB /* MHacks */ = {
			isa = PBXNativeTarget;
			buildConfigurationList = 82473FB61C1F7A170061FFFB /* Build configuration list for PBXNativeTarget "MHacks" */;
			buildPhases = (
				82473F9E1C1F7A170061FFFB /* Sources */,
				82473F9F1C1F7A170061FFFB /* Frameworks */,
				82473FA01C1F7A170061FFFB /* Resources */,
				82287A541C66C3D8001A0F38 /* Embed App Extensions */,
				8243F69A1DA35EF400B9D929 /* Embed Watch Content */,
			);
			buildRules = (
			);
			dependencies = (
				822896991D9E4B420081A613 /* PBXTargetDependency */,
				8243F6911DA35EF400B9D929 /* PBXTargetDependency */,
			);
			name = MHacks;
			productName = MHacks;
			productReference = 82473FA21C1F7A170061FFFB /* MHacks.app */;
			productType = "com.apple.product-type.application";
		};
/* End PBXNativeTarget section */

/* Begin PBXProject section */
		82473F9A1C1F7A170061FFFB /* Project object */ = {
			isa = PBXProject;
			attributes = {
				LastSwiftUpdateCheck = 0830;
				LastUpgradeCheck = 0800;
				ORGANIZATIONNAME = MHacks;
				TargetAttributes = {
					709AEA341F6B19F000E7089C = {
						CreatedOnToolsVersion = 8.3.3;
						DevelopmentTeam = 478C74MJ7T;
						ProvisioningStyle = Automatic;
						TestTargetID = 82473FA11C1F7A170061FFFB;
					};
					82287A431C66C3D8001A0F38 = {
						CreatedOnToolsVersion = 7.2;
						DevelopmentTeam = 478C74MJ7T;
						LastSwiftMigration = 0800;
						SystemCapabilities = {
							com.apple.ApplicationGroups.iOS = {
								enabled = 1;
							};
						};
					};
					8243F6711DA35EF400B9D929 = {
						CreatedOnToolsVersion = 8.1;
						DevelopmentTeam = 478C74MJ7T;
						ProvisioningStyle = Automatic;
						SystemCapabilities = {
							com.apple.ApplicationGroups.iOS = {
								enabled = 1;
							};
						};
					};
					8243F67D1DA35EF400B9D929 = {
						CreatedOnToolsVersion = 8.1;
						DevelopmentTeam = 478C74MJ7T;
						ProvisioningStyle = Automatic;
						SystemCapabilities = {
							com.apple.ApplicationGroups.iOS = {
								enabled = 1;
							};
						};
					};
					82473FA11C1F7A170061FFFB = {
						CreatedOnToolsVersion = 7.2;
						DevelopmentTeam = 478C74MJ7T;
						LastSwiftMigration = 0800;
						SystemCapabilities = {
							com.apple.ApplicationGroups.iOS = {
								enabled = 1;
							};
							com.apple.BackgroundModes = {
								enabled = 1;
							};
							com.apple.Maps.iOS = {
								enabled = 1;
							};
							com.apple.Push = {
								enabled = 1;
							};
							com.apple.SafariKeychain = {
								enabled = 1;
							};
						};
					};
				};
			};
			buildConfigurationList = 82473F9D1C1F7A170061FFFB /* Build configuration list for PBXProject "MHacks" */;
			compatibilityVersion = "Xcode 3.2";
			developmentRegion = English;
			hasScannedForEncodings = 0;
			knownRegions = (
				en,
				Base,
			);
			mainGroup = 82473F991C1F7A170061FFFB;
			productRefGroup = 82473FA31C1F7A170061FFFB /* Products */;
			projectDirPath = "";
			projectRoot = "";
			targets = (
				82473FA11C1F7A170061FFFB /* MHacks */,
				82287A431C66C3D8001A0F38 /* MHacksToday */,
				8243F6711DA35EF400B9D929 /* MHacksWatch */,
				8243F67D1DA35EF400B9D929 /* MHacksWatch Extension */,
				709AEA341F6B19F000E7089C /* MHacksUITests */,
			);
		};
/* End PBXProject section */

/* Begin PBXResourcesBuildPhase section */
		709AEA331F6B19F000E7089C /* Resources */ = {
			isa = PBXResourcesBuildPhase;
			buildActionMask = 2147483647;
			files = (
			);
			runOnlyForDeploymentPostprocessing = 0;
		};
		82287A421C66C3D8001A0F38 /* Resources */ = {
			isa = PBXResourcesBuildPhase;
			buildActionMask = 2147483647;
			files = (
				82287A5B1C66C419001A0F38 /* MainInterface.storyboard in Resources */,
			);
			runOnlyForDeploymentPostprocessing = 0;
		};
		8243F6701DA35EF400B9D929 /* Resources */ = {
			isa = PBXResourcesBuildPhase;
			buildActionMask = 2147483647;
			files = (
				8243F6781DA35EF400B9D929 /* Assets.xcassets in Resources */,
				8243F6761DA35EF400B9D929 /* Interface.storyboard in Resources */,
			);
			runOnlyForDeploymentPostprocessing = 0;
		};
		8243F67C1DA35EF400B9D929 /* Resources */ = {
			isa = PBXResourcesBuildPhase;
			buildActionMask = 2147483647;
			files = (
				8243F68E1DA35EF400B9D929 /* Assets.xcassets in Resources */,
			);
			runOnlyForDeploymentPostprocessing = 0;
		};
		82473FA01C1F7A170061FFFB /* Resources */ = {
			isa = PBXResourcesBuildPhase;
			buildActionMask = 2147483647;
			files = (
				82473FAF1C1F7A170061FFFB /* Assets.xcassets in Resources */,
				46B75ADB1DA253510024139A /* FloorLabel.xib in Resources */,
				46F3AE9B1CD86EDA002495B2 /* ScheduleNowIndicator.xib in Resources */,
				82942BB11C2A38E30084880C /* ScheduleHourSeparator.xib in Resources */,
				46F716EC1DA23D6B008D473F /* FloorDescription.xib in Resources */,
				82942BB01C2A38E30084880C /* ScheduleDayHeader.xib in Resources */,
				82473FAD1C1F7A170061FFFB /* Main.storyboard in Resources */,
				46F3AE9F1CD88E06002495B2 /* ScheduleNowLabel.xib in Resources */,
			);
			runOnlyForDeploymentPostprocessing = 0;
		};
/* End PBXResourcesBuildPhase section */

/* Begin PBXSourcesBuildPhase section */
		709AEA311F6B19F000E7089C /* Sources */ = {
			isa = PBXSourcesBuildPhase;
			buildActionMask = 2147483647;
			files = (
				709AEA381F6B19F000E7089C /* MHacksUITests.swift in Sources */,
			);
			runOnlyForDeploymentPostprocessing = 0;
		};
		82287A401C66C3D8001A0F38 /* Sources */ = {
			isa = PBXSourcesBuildPhase;
			buildActionMask = 2147483647;
			files = (
				82287A561C66C3EC001A0F38 /* TodayViewController.swift in Sources */,
				82287A6F1C66D806001A0F38 /* APIManager.swift in Sources */,
				82287A5C1C66C570001A0F38 /* Extensions.swift in Sources */,
				82E1888F1D7E7D5400608D40 /* Serializable.swift in Sources */,
				82E1888C1D7E4E8800608D40 /* MHacksArray.swift in Sources */,
				82E2F3E81CD9590300A8F165 /* CoalescedCallbacks.swift in Sources */,
				70065A561F54A5A70058592C /* Configuration.swift in Sources */,
				820525231D9DAEC900EF535C /* KeychainWrapper.swift in Sources */,
				820525211D9DADE900EF535C /* Floor.swift in Sources */,
				82287A5F1C66C570001A0F38 /* Announcement.swift in Sources */,
				82287A601C66C570001A0F38 /* Location.swift in Sources */,
				82287A611C66C570001A0F38 /* Event.swift in Sources */,
				825FC34C1D90F1B400DDB9A5 /* ScanEvent.swift in Sources */,
				820525221D9DADE900EF535C /* ScannedDataField.swift in Sources */,
				82287A631C66C59A001A0F38 /* AnnouncementCell.swift in Sources */,
			);
			runOnlyForDeploymentPostprocessing = 0;
		};
		8243F67A1DA35EF400B9D929 /* Sources */ = {
			isa = PBXSourcesBuildPhase;
			buildActionMask = 2147483647;
			files = (
				8243F69F1DA365A900B9D929 /* KeychainWrapper.swift in Sources */,
				8243F69C1DA365A900B9D929 /* Serializable.swift in Sources */,
				8243F6AD1DA365B300B9D929 /* ScanEvent.swift in Sources */,
				8243F68A1DA35EF400B9D929 /* NotificationController.swift in Sources */,
				8243F68C1DA35EF400B9D929 /* ComplicationController.swift in Sources */,
				8243F6A91DA365B300B9D929 /* Announcement.swift in Sources */,
				8243F69D1DA365A900B9D929 /* MHacksArray.swift in Sources */,
				8243F69B1DA3648C00B9D929 /* APIManager.swift in Sources */,
				8243F6881DA35EF400B9D929 /* ExtensionDelegate.swift in Sources */,
				8243F69E1DA365A900B9D929 /* CoalescedCallbacks.swift in Sources */,
				8243F6861DA35EF400B9D929 /* InterfaceController.swift in Sources */,
				8243F6AE1DA365B300B9D929 /* ScannedDataField.swift in Sources */,
				70065A571F54A5A80058592C /* Configuration.swift in Sources */,
				8243F6AC1DA365B300B9D929 /* Floor.swift in Sources */,
				8243F6AA1DA365B300B9D929 /* Location.swift in Sources */,
				8243F6AF1DA369A600B9D929 /* Extensions.swift in Sources */,
				8243F6AB1DA365B300B9D929 /* Event.swift in Sources */,
			);
			runOnlyForDeploymentPostprocessing = 0;
		};
		82473F9E1C1F7A170061FFFB /* Sources */ = {
			isa = PBXSourcesBuildPhase;
			buildActionMask = 2147483647;
			files = (
				278CEAB61E75CCF400F95833 /* MapOverlay.swift in Sources */,
				82942BA71C2A36F70084880C /* ScheduleDayHeader.swift in Sources */,
				460D41DB1D8B8B0A00C28048 /* GradientTintView.swift in Sources */,
				463165381D86023D00371D56 /* UserViewController.swift in Sources */,
				82942BA31C2A369D0084880C /* ScheduleCalendarViewController.swift in Sources */,
				FE87AA241D8CD7C000C8DB64 /* BuildingMapsViewController.swift in Sources */,
				46427FBE1CD97CC300B06D0D /* CircleView.swift in Sources */,
				9D4D0CCC1C65AE5D003DAAF3 /* SettingsViewController.swift in Sources */,
				82473FC51C1F8AB30061FFFB /* AnnouncementsViewController.swift in Sources */,
				704991691D9A062600C3E1AC /* ComposeAnnouncementTableViewController.swift in Sources */,
				82473FAA1C1F7A170061FFFB /* CountdownViewController.swift in Sources */,
				82942BA51C2A36BC0084880C /* CalendarLayout.swift in Sources */,
				7049916D1D9A133A00C3E1AC /* MultilineInputTableViewCell.swift in Sources */,
				465EB4CA1DA06BAF00713EF4 /* MapCell.swift in Sources */,
				82942B9B1C2A2B850084880C /* Location.swift in Sources */,
				825FC34B1D90F1B400DDB9A5 /* ScanEvent.swift in Sources */,
				82942BAA1C2A37000084880C /* ScheduleHourSeparator.swift in Sources */,
				82473FBD1C1F7F6B0061FFFB /* CircularProgressIndicator.swift in Sources */,
				82E2F3E71CD9590300A8F165 /* CoalescedCallbacks.swift in Sources */,
				703700ED1E7B192B0054DB5C /* IndoorFloorCell.swift in Sources */,
				82473FA61C1F7A170061FFFB /* AppDelegate.swift in Sources */,
				70065A551F54A3220058592C /* Configuration.swift in Sources */,
				82473FCD1C1F91D70061FFFB /* APIManager.swift in Sources */,
				82473FC71C1F8B0F0061FFFB /* Announcement.swift in Sources */,
				82942BAD1C2A37670084880C /* Geometry.swift in Sources */,
				82EFDE8B1C32ED060074AB99 /* EventViewController.swift in Sources */,
				7049916B1D9A067700C3E1AC /* SinglelineInputTableViewCell.swift in Sources */,
				820525201D9DADDD00EF535C /* Floor.swift in Sources */,
				8240DE641D9C72EA000DD78C /* ScannedDataField.swift in Sources */,
				82942B9D1C2A2EA00084880C /* EventOrganizer.swift in Sources */,
				82942B9F1C2A2EAE0084880C /* Event.swift in Sources */,
				82942BAB1C2A37000084880C /* ScheduleEventCell.swift in Sources */,
				82473FCB1C1F8E6B0061FFFB /* MultilineLabel.swift in Sources */,
				46451B751DA24B6F0025478A /* FloorDescriptionView.swift in Sources */,
				828D498D1C65F3FD0090313C /* CategoryCell.swift in Sources */,
				82287A751C66D8F7001A0F38 /* APIManager+UIKit.swift in Sources */,
				82473FA81C1F7A170061FFFB /* LoginViewController.swift in Sources */,
				8286A0201C6072CF00B6EFEE /* TextFieldCell.swift in Sources */,
				82473FC91C1F8C5B0061FFFB /* AnnouncementCell.swift in Sources */,
				2796A9731E73798C00B5141E /* MapViewController.swift in Sources */,
				823E4D331C615EE400F37D0B /* TextViewCell.swift in Sources */,
				278CEAB81E75CEAC00F95833 /* ImageOverlayRenderer.swift in Sources */,
				46F3AEA11CD88EEC002495B2 /* ScheduleNowLabel.swift in Sources */,
				46B75ADD1DA253680024139A /* FloorLabelView.swift in Sources */,
				82E188901D7E7D5500608D40 /* Serializable.swift in Sources */,
				823994DD1D9273AC00A8D90C /* KeychainWrapper.swift in Sources */,
				70A87C591D9B023900920E48 /* SwitchTableViewCell.swift in Sources */,
				820B8E661C2472EC007A2E88 /* Extensions.swift in Sources */,
				8286A0221C6074D100B6EFEE /* DatePickerCell.swift in Sources */,
				465EB4C81DA0670300713EF4 /* FloorLayout.swift in Sources */,
				82905E7F1D7CAB0E00744820 /* MHacksArray.swift in Sources */,
				46F3AE9D1CD86EF5002495B2 /* ScheduleNowIndicator.swift in Sources */,
				463A90731D9769B600C0F6FE /* ScannerView.swift in Sources */,
				46EA62F31D927421003AE1D5 /* ScannerViewController.swift in Sources */,
			);
			runOnlyForDeploymentPostprocessing = 0;
		};
/* End PBXSourcesBuildPhase section */

/* Begin PBXTargetDependency section */
		709AEA3B1F6B19F000E7089C /* PBXTargetDependency */ = {
			isa = PBXTargetDependency;
			target = 82473FA11C1F7A170061FFFB /* MHacks */;
			targetProxy = 709AEA3A1F6B19F000E7089C /* PBXContainerItemProxy */;
		};
		822896991D9E4B420081A613 /* PBXTargetDependency */ = {
			isa = PBXTargetDependency;
			target = 82287A431C66C3D8001A0F38 /* MHacksToday */;
			targetProxy = 822896981D9E4B420081A613 /* PBXContainerItemProxy */;
		};
		8243F6811DA35EF400B9D929 /* PBXTargetDependency */ = {
			isa = PBXTargetDependency;
			target = 8243F67D1DA35EF400B9D929 /* MHacksWatch Extension */;
			targetProxy = 8243F6801DA35EF400B9D929 /* PBXContainerItemProxy */;
		};
		8243F6911DA35EF400B9D929 /* PBXTargetDependency */ = {
			isa = PBXTargetDependency;
			target = 8243F6711DA35EF400B9D929 /* MHacksWatch */;
			targetProxy = 8243F6901DA35EF400B9D929 /* PBXContainerItemProxy */;
		};
/* End PBXTargetDependency section */

/* Begin PBXVariantGroup section */
		82287A591C66C419001A0F38 /* MainInterface.storyboard */ = {
			isa = PBXVariantGroup;
			children = (
				82287A5A1C66C419001A0F38 /* Base */,
			);
			name = MainInterface.storyboard;
			sourceTree = "<group>";
		};
		8243F6741DA35EF400B9D929 /* Interface.storyboard */ = {
			isa = PBXVariantGroup;
			children = (
				8243F6751DA35EF400B9D929 /* Base */,
			);
			name = Interface.storyboard;
			sourceTree = "<group>";
		};
		82473FAB1C1F7A170061FFFB /* Main.storyboard */ = {
			isa = PBXVariantGroup;
			children = (
				82473FAC1C1F7A170061FFFB /* Base */,
			);
			name = Main.storyboard;
			sourceTree = "<group>";
		};
/* End PBXVariantGroup section */

/* Begin XCBuildConfiguration section */
		709AEA3D1F6B19F000E7089C /* Debug */ = {
			isa = XCBuildConfiguration;
			buildSettings = {
				CLANG_ANALYZER_NONNULL = YES;
				CLANG_ANALYZER_NUMBER_OBJECT_CONVERSION = YES_AGGRESSIVE;
				CLANG_WARN_DOCUMENTATION_COMMENTS = YES;
				DEVELOPMENT_TEAM = 478C74MJ7T;
				INFOPLIST_FILE = MHacksUITests/Info.plist;
				IPHONEOS_DEPLOYMENT_TARGET = 10.3;
				LD_RUNPATH_SEARCH_PATHS = "$(inherited) @executable_path/Frameworks @loader_path/Frameworks";
				PRODUCT_BUNDLE_IDENTIFIER = com.connorkrupp.MHacksUITests;
				PRODUCT_NAME = "$(TARGET_NAME)";
				SWIFT_ACTIVE_COMPILATION_CONDITIONS = DEBUG;
				SWIFT_VERSION = 3.0;
				TEST_TARGET_NAME = MHacks;
			};
			name = Debug;
		};
		709AEA3E1F6B19F000E7089C /* Release */ = {
			isa = XCBuildConfiguration;
			buildSettings = {
				CLANG_ANALYZER_NONNULL = YES;
				CLANG_ANALYZER_NUMBER_OBJECT_CONVERSION = YES_AGGRESSIVE;
				CLANG_WARN_DOCUMENTATION_COMMENTS = YES;
				DEVELOPMENT_TEAM = 478C74MJ7T;
				INFOPLIST_FILE = MHacksUITests/Info.plist;
				IPHONEOS_DEPLOYMENT_TARGET = 10.3;
				LD_RUNPATH_SEARCH_PATHS = "$(inherited) @executable_path/Frameworks @loader_path/Frameworks";
				PRODUCT_BUNDLE_IDENTIFIER = com.connorkrupp.MHacksUITests;
				PRODUCT_NAME = "$(TARGET_NAME)";
				SWIFT_VERSION = 3.0;
				TEST_TARGET_NAME = MHacks;
			};
			name = Release;
		};
		82287A511C66C3D8001A0F38 /* Debug */ = {
			isa = XCBuildConfiguration;
			buildSettings = {
				CODE_SIGN_ENTITLEMENTS = MHacksToday/MHacksToday.entitlements;
				CODE_SIGN_IDENTITY = "iPhone Developer";
				"CODE_SIGN_IDENTITY[sdk=iphoneos*]" = "iPhone Developer";
				INFOPLIST_FILE = MHacksToday/Info.plist;
				IPHONEOS_DEPLOYMENT_TARGET = 10.0;
				LD_RUNPATH_SEARCH_PATHS = "$(inherited) @executable_path/Frameworks @executable_path/../../Frameworks";
				OTHER_SWIFT_FLAGS = "$(inherited)";
				PRODUCT_BUNDLE_IDENTIFIER = com.MPowered.MHacks.MHacksToday;
				PRODUCT_NAME = MHacks;
				PROVISIONING_PROFILE = "";
				SKIP_INSTALL = YES;
				SWIFT_OBJC_BRIDGING_HEADER = "";
				SWIFT_VERSION = 3.0;
			};
			name = Debug;
		};
		82287A521C66C3D8001A0F38 /* Release */ = {
			isa = XCBuildConfiguration;
			buildSettings = {
				CODE_SIGN_ENTITLEMENTS = MHacksToday/MHacksToday.entitlements;
				CODE_SIGN_IDENTITY = "iPhone Developer";
				"CODE_SIGN_IDENTITY[sdk=iphoneos*]" = "iPhone Developer";
				INFOPLIST_FILE = MHacksToday/Info.plist;
				IPHONEOS_DEPLOYMENT_TARGET = 10.0;
				LD_RUNPATH_SEARCH_PATHS = "$(inherited) @executable_path/Frameworks @executable_path/../../Frameworks";
				OTHER_SWIFT_FLAGS = "$(inherited)";
				PRODUCT_BUNDLE_IDENTIFIER = com.MPowered.MHacks.MHacksToday;
				PRODUCT_NAME = MHacks;
				PROVISIONING_PROFILE = "";
				SKIP_INSTALL = YES;
				SWIFT_OBJC_BRIDGING_HEADER = "";
				SWIFT_VERSION = 3.0;
			};
			name = Release;
		};
		8243F6931DA35EF400B9D929 /* Debug */ = {
			isa = XCBuildConfiguration;
			buildSettings = {
				ALWAYS_EMBED_SWIFT_STANDARD_LIBRARIES = YES;
				ASSETCATALOG_COMPILER_APPICON_NAME = AppIcon;
				CLANG_ANALYZER_NONNULL = YES;
				CLANG_WARN_DOCUMENTATION_COMMENTS = YES;
				CLANG_WARN_SUSPICIOUS_MOVES = YES;
				CODE_SIGN_ENTITLEMENTS = MHacksWatch/MHacksWatch.entitlements;
				CODE_SIGN_IDENTITY = "iPhone Developer";
				"CODE_SIGN_IDENTITY[sdk=iphoneos*]" = "iPhone Developer";
				DEVELOPMENT_TEAM = 478C74MJ7T;
				IBSC_MODULE = MHacksWatch_Extension;
				INFOPLIST_FILE = MHacksWatch/Info.plist;
				PRODUCT_BUNDLE_IDENTIFIER = com.MPowered.MHacks.watchkitapp;
				PRODUCT_NAME = MHacks;
				SDKROOT = watchos;
				SKIP_INSTALL = YES;
				SWIFT_ACTIVE_COMPILATION_CONDITIONS = DEBUG;
				SWIFT_VERSION = 3.0;
				TARGETED_DEVICE_FAMILY = 4;
				WATCHOS_DEPLOYMENT_TARGET = 2.0;
			};
			name = Debug;
		};
		8243F6941DA35EF400B9D929 /* Release */ = {
			isa = XCBuildConfiguration;
			buildSettings = {
				ALWAYS_EMBED_SWIFT_STANDARD_LIBRARIES = YES;
				ASSETCATALOG_COMPILER_APPICON_NAME = AppIcon;
				CLANG_ANALYZER_NONNULL = YES;
				CLANG_WARN_DOCUMENTATION_COMMENTS = YES;
				CLANG_WARN_SUSPICIOUS_MOVES = YES;
				CODE_SIGN_ENTITLEMENTS = MHacksWatch/MHacksWatch.entitlements;
				CODE_SIGN_IDENTITY = "iPhone Developer";
				"CODE_SIGN_IDENTITY[sdk=iphoneos*]" = "iPhone Developer";
				DEVELOPMENT_TEAM = 478C74MJ7T;
				IBSC_MODULE = MHacksWatch_Extension;
				INFOPLIST_FILE = MHacksWatch/Info.plist;
				PRODUCT_BUNDLE_IDENTIFIER = com.MPowered.MHacks.watchkitapp;
				PRODUCT_NAME = MHacks;
				SDKROOT = watchos;
				SKIP_INSTALL = YES;
				SWIFT_VERSION = 3.0;
				TARGETED_DEVICE_FAMILY = 4;
				WATCHOS_DEPLOYMENT_TARGET = 2.0;
			};
			name = Release;
		};
		8243F6951DA35EF400B9D929 /* Debug */ = {
			isa = XCBuildConfiguration;
			buildSettings = {
				ASSETCATALOG_COMPILER_COMPLICATION_NAME = Complication;
				CLANG_ANALYZER_NONNULL = YES;
				CLANG_WARN_DOCUMENTATION_COMMENTS = YES;
				CLANG_WARN_SUSPICIOUS_MOVES = YES;
				CODE_SIGN_ENTITLEMENTS = "MHacksWatch Extension/MHacksWatch Extension.entitlements";
				DEVELOPMENT_TEAM = 478C74MJ7T;
				INFOPLIST_FILE = "MHacksWatch Extension/Info.plist";
				LD_RUNPATH_SEARCH_PATHS = "$(inherited) @executable_path/Frameworks @executable_path/../../Frameworks";
				PRODUCT_BUNDLE_IDENTIFIER = com.MPowered.MHacks.watchkitapp.watchkitextension;
				PRODUCT_NAME = "${TARGET_NAME}";
				SDKROOT = watchos;
				SKIP_INSTALL = YES;
				SWIFT_ACTIVE_COMPILATION_CONDITIONS = DEBUG;
				SWIFT_VERSION = 3.0;
				TARGETED_DEVICE_FAMILY = 4;
				WATCHOS_DEPLOYMENT_TARGET = 2.0;
			};
			name = Debug;
		};
		8243F6961DA35EF400B9D929 /* Release */ = {
			isa = XCBuildConfiguration;
			buildSettings = {
				ASSETCATALOG_COMPILER_COMPLICATION_NAME = Complication;
				CLANG_ANALYZER_NONNULL = YES;
				CLANG_WARN_DOCUMENTATION_COMMENTS = YES;
				CLANG_WARN_SUSPICIOUS_MOVES = YES;
				CODE_SIGN_ENTITLEMENTS = "MHacksWatch Extension/MHacksWatch Extension.entitlements";
				DEVELOPMENT_TEAM = 478C74MJ7T;
				INFOPLIST_FILE = "MHacksWatch Extension/Info.plist";
				LD_RUNPATH_SEARCH_PATHS = "$(inherited) @executable_path/Frameworks @executable_path/../../Frameworks";
				PRODUCT_BUNDLE_IDENTIFIER = com.MPowered.MHacks.watchkitapp.watchkitextension;
				PRODUCT_NAME = "${TARGET_NAME}";
				SDKROOT = watchos;
				SKIP_INSTALL = YES;
				SWIFT_VERSION = 3.0;
				TARGETED_DEVICE_FAMILY = 4;
				WATCHOS_DEPLOYMENT_TARGET = 2.0;
			};
			name = Release;
		};
		82473FB41C1F7A170061FFFB /* Debug */ = {
			isa = XCBuildConfiguration;
			buildSettings = {
				ALWAYS_SEARCH_USER_PATHS = NO;
				CLANG_CXX_LANGUAGE_STANDARD = "gnu++0x";
				CLANG_CXX_LIBRARY = "libc++";
				CLANG_ENABLE_MODULES = YES;
				CLANG_ENABLE_OBJC_ARC = YES;
				CLANG_WARN_BOOL_CONVERSION = YES;
				CLANG_WARN_CONSTANT_CONVERSION = YES;
				CLANG_WARN_DIRECT_OBJC_ISA_USAGE = YES_ERROR;
				CLANG_WARN_EMPTY_BODY = YES;
				CLANG_WARN_ENUM_CONVERSION = YES;
				CLANG_WARN_INFINITE_RECURSION = YES;
				CLANG_WARN_INT_CONVERSION = YES;
				CLANG_WARN_OBJC_ROOT_CLASS = YES_ERROR;
				CLANG_WARN_SUSPICIOUS_MOVE = YES;
				CLANG_WARN_UNREACHABLE_CODE = YES;
				CLANG_WARN__DUPLICATE_METHOD_MATCH = YES;
				"CODE_SIGN_IDENTITY[sdk=iphoneos*]" = "iPhone Developer";
				COPY_PHASE_STRIP = NO;
				DEBUG_INFORMATION_FORMAT = dwarf;
				ENABLE_STRICT_OBJC_MSGSEND = YES;
				ENABLE_TESTABILITY = YES;
				GCC_C_LANGUAGE_STANDARD = gnu99;
				GCC_DYNAMIC_NO_PIC = NO;
				GCC_NO_COMMON_BLOCKS = YES;
				GCC_OPTIMIZATION_LEVEL = 0;
				GCC_PREPROCESSOR_DEFINITIONS = (
					"DEBUG=1",
					"$(inherited)",
				);
				GCC_WARN_64_TO_32_BIT_CONVERSION = YES;
				GCC_WARN_ABOUT_RETURN_TYPE = YES_ERROR;
				GCC_WARN_UNDECLARED_SELECTOR = YES;
				GCC_WARN_UNINITIALIZED_AUTOS = YES_AGGRESSIVE;
				GCC_WARN_UNUSED_FUNCTION = YES;
				GCC_WARN_UNUSED_VARIABLE = YES;
				IPHONEOS_DEPLOYMENT_TARGET = 9.0;
				MTL_ENABLE_DEBUG_INFO = YES;
				ONLY_ACTIVE_ARCH = YES;
				OTHER_SWIFT_FLAGS = "-DDEBUG";
				SDKROOT = iphoneos;
				SWIFT_OPTIMIZATION_LEVEL = "-Onone";
				TARGETED_DEVICE_FAMILY = "1,2";
			};
			name = Debug;
		};
		82473FB51C1F7A170061FFFB /* Release */ = {
			isa = XCBuildConfiguration;
			buildSettings = {
				ALWAYS_SEARCH_USER_PATHS = NO;
				CLANG_CXX_LANGUAGE_STANDARD = "gnu++0x";
				CLANG_CXX_LIBRARY = "libc++";
				CLANG_ENABLE_MODULES = YES;
				CLANG_ENABLE_OBJC_ARC = YES;
				CLANG_WARN_BOOL_CONVERSION = YES;
				CLANG_WARN_CONSTANT_CONVERSION = YES;
				CLANG_WARN_DIRECT_OBJC_ISA_USAGE = YES_ERROR;
				CLANG_WARN_EMPTY_BODY = YES;
				CLANG_WARN_ENUM_CONVERSION = YES;
				CLANG_WARN_INFINITE_RECURSION = YES;
				CLANG_WARN_INT_CONVERSION = YES;
				CLANG_WARN_OBJC_ROOT_CLASS = YES_ERROR;
				CLANG_WARN_SUSPICIOUS_MOVE = YES;
				CLANG_WARN_UNREACHABLE_CODE = YES;
				CLANG_WARN__DUPLICATE_METHOD_MATCH = YES;
				"CODE_SIGN_IDENTITY[sdk=iphoneos*]" = "iPhone Developer";
				COPY_PHASE_STRIP = NO;
				DEBUG_INFORMATION_FORMAT = "dwarf-with-dsym";
				ENABLE_NS_ASSERTIONS = NO;
				ENABLE_STRICT_OBJC_MSGSEND = YES;
				GCC_C_LANGUAGE_STANDARD = gnu99;
				GCC_NO_COMMON_BLOCKS = YES;
				GCC_WARN_64_TO_32_BIT_CONVERSION = YES;
				GCC_WARN_ABOUT_RETURN_TYPE = YES_ERROR;
				GCC_WARN_UNDECLARED_SELECTOR = YES;
				GCC_WARN_UNINITIALIZED_AUTOS = YES_AGGRESSIVE;
				GCC_WARN_UNUSED_FUNCTION = YES;
				GCC_WARN_UNUSED_VARIABLE = YES;
				IPHONEOS_DEPLOYMENT_TARGET = 9.0;
				MTL_ENABLE_DEBUG_INFO = NO;
				OTHER_SWIFT_FLAGS = "-DRELEASE";
				SDKROOT = iphoneos;
				SWIFT_OPTIMIZATION_LEVEL = "-Owholemodule";
				TARGETED_DEVICE_FAMILY = "1,2";
				VALIDATE_PRODUCT = YES;
			};
			name = Release;
		};
		82473FB71C1F7A170061FFFB /* Debug */ = {
			isa = XCBuildConfiguration;
			buildSettings = {
				ALWAYS_EMBED_SWIFT_STANDARD_LIBRARIES = YES;
				ASSETCATALOG_COMPILER_APPICON_NAME = AppIcon;
				ASSETCATALOG_COMPILER_LAUNCHIMAGE_NAME = LaunchImage;
				CLANG_ENABLE_MODULES = YES;
				CODE_SIGN_ENTITLEMENTS = MHacks/MHacks.entitlements;
				CODE_SIGN_IDENTITY = "iPhone Developer";
				"CODE_SIGN_IDENTITY[sdk=iphoneos*]" = "iPhone Developer";
				DEVELOPMENT_TEAM = 478C74MJ7T;
				FRAMEWORK_SEARCH_PATHS = (
					"$(inherited)",
					"$(PROJECT_DIR)",
				);
				INFOPLIST_FILE = MHacks/Info.plist;
				IPHONEOS_DEPLOYMENT_TARGET = 9.0;
				LD_RUNPATH_SEARCH_PATHS = "$(inherited) @executable_path/Frameworks";
				OTHER_SWIFT_FLAGS = "$(inherited)";
				PRODUCT_BUNDLE_IDENTIFIER = com.MPowered.MHacks;
				PRODUCT_NAME = "$(TARGET_NAME)";
				PROVISIONING_PROFILE = "";
				SWIFT_OBJC_BRIDGING_HEADER = "";
				SWIFT_OPTIMIZATION_LEVEL = "-Onone";
				SWIFT_VERSION = 3.0;
				TARGETED_DEVICE_FAMILY = "1,2";
			};
			name = Debug;
		};
		82473FB81C1F7A170061FFFB /* Release */ = {
			isa = XCBuildConfiguration;
			buildSettings = {
				ALWAYS_EMBED_SWIFT_STANDARD_LIBRARIES = YES;
				ASSETCATALOG_COMPILER_APPICON_NAME = AppIcon;
				ASSETCATALOG_COMPILER_LAUNCHIMAGE_NAME = LaunchImage;
				CLANG_ENABLE_MODULES = YES;
				CODE_SIGN_ENTITLEMENTS = MHacks/MHacks.entitlements;
				CODE_SIGN_IDENTITY = "iPhone Developer";
				"CODE_SIGN_IDENTITY[sdk=iphoneos*]" = "iPhone Developer";
				DEVELOPMENT_TEAM = 478C74MJ7T;
				FRAMEWORK_SEARCH_PATHS = (
					"$(inherited)",
					"$(PROJECT_DIR)",
				);
				INFOPLIST_FILE = MHacks/Info.plist;
				IPHONEOS_DEPLOYMENT_TARGET = 9.0;
				LD_RUNPATH_SEARCH_PATHS = "$(inherited) @executable_path/Frameworks";
				OTHER_SWIFT_FLAGS = "$(inherited)";
				PRODUCT_BUNDLE_IDENTIFIER = com.MPowered.MHacks;
				PRODUCT_NAME = "$(TARGET_NAME)";
				PROVISIONING_PROFILE = "";
				SWIFT_OBJC_BRIDGING_HEADER = "";
				SWIFT_VERSION = 3.0;
				TARGETED_DEVICE_FAMILY = "1,2";
			};
			name = Release;
		};
/* End XCBuildConfiguration section */

/* Begin XCConfigurationList section */
		709AEA3C1F6B19F000E7089C /* Build configuration list for PBXNativeTarget "MHacksUITests" */ = {
			isa = XCConfigurationList;
			buildConfigurations = (
				709AEA3D1F6B19F000E7089C /* Debug */,
				709AEA3E1F6B19F000E7089C /* Release */,
			);
			defaultConfigurationIsVisible = 0;
			defaultConfigurationName = Release;
		};
		82287A531C66C3D8001A0F38 /* Build configuration list for PBXNativeTarget "MHacksToday" */ = {
			isa = XCConfigurationList;
			buildConfigurations = (
				82287A511C66C3D8001A0F38 /* Debug */,
				82287A521C66C3D8001A0F38 /* Release */,
			);
			defaultConfigurationIsVisible = 0;
			defaultConfigurationName = Release;
		};
		8243F6971DA35EF400B9D929 /* Build configuration list for PBXNativeTarget "MHacksWatch Extension" */ = {
			isa = XCConfigurationList;
			buildConfigurations = (
				8243F6951DA35EF400B9D929 /* Debug */,
				8243F6961DA35EF400B9D929 /* Release */,
			);
			defaultConfigurationIsVisible = 0;
			defaultConfigurationName = Release;
		};
		8243F6991DA35EF400B9D929 /* Build configuration list for PBXNativeTarget "MHacksWatch" */ = {
			isa = XCConfigurationList;
			buildConfigurations = (
				8243F6931DA35EF400B9D929 /* Debug */,
				8243F6941DA35EF400B9D929 /* Release */,
			);
			defaultConfigurationIsVisible = 0;
			defaultConfigurationName = Release;
		};
		82473F9D1C1F7A170061FFFB /* Build configuration list for PBXProject "MHacks" */ = {
			isa = XCConfigurationList;
			buildConfigurations = (
				82473FB41C1F7A170061FFFB /* Debug */,
				82473FB51C1F7A170061FFFB /* Release */,
			);
			defaultConfigurationIsVisible = 0;
			defaultConfigurationName = Release;
		};
		82473FB61C1F7A170061FFFB /* Build configuration list for PBXNativeTarget "MHacks" */ = {
			isa = XCConfigurationList;
			buildConfigurations = (
				82473FB71C1F7A170061FFFB /* Debug */,
				82473FB81C1F7A170061FFFB /* Release */,
			);
			defaultConfigurationIsVisible = 0;
			defaultConfigurationName = Release;
		};
/* End XCConfigurationList section */
	};
	rootObject = 82473F9A1C1F7A170061FFFB /* Project object */;
}
