// !$*UTF8*$!
{
	archiveVersion = 1;
	classes = {
	};
	objectVersion = 46;
	objects = {

/* Begin PBXBuildFile section */
		3BE0B27B1A1D7BDC009CFB73 /* Award.swift in Sources */ = {isa = PBXBuildFile; fileRef = 3BE0B27A1A1D7BDC009CFB73 /* Award.swift */; };
		460238DE19DB9E0600BD3335 /* ScheduleViewController.swift in Sources */ = {isa = PBXBuildFile; fileRef = 460238DD19DB9E0600BD3335 /* ScheduleViewController.swift */; };
		460238E019DB9E3900BD3335 /* EventViewController.swift in Sources */ = {isa = PBXBuildFile; fileRef = 460238DF19DB9E3900BD3335 /* EventViewController.swift */; };
		460238E219DB9E9C00BD3335 /* Event.swift in Sources */ = {isa = PBXBuildFile; fileRef = 460238E119DB9E9C00BD3335 /* Event.swift */; };
		461C8D8B1A1418EB00402ABA /* CountdownViewController.swift in Sources */ = {isa = PBXBuildFile; fileRef = 461C8D8A1A1418EB00402ABA /* CountdownViewController.swift */; };
		461C8D8D1A14192700402ABA /* Countdown.swift in Sources */ = {isa = PBXBuildFile; fileRef = 461C8D8C1A14192700402ABA /* Countdown.swift */; };
		4634FD1D19D3028C00CA8880 /* AppDelegate.swift in Sources */ = {isa = PBXBuildFile; fileRef = 4634FD1C19D3028C00CA8880 /* AppDelegate.swift */; };
		4634FD2419D3028C00CA8880 /* Main.storyboard in Resources */ = {isa = PBXBuildFile; fileRef = 4634FD2219D3028C00CA8880 /* Main.storyboard */; };
		4634FD2619D3028C00CA8880 /* Images.xcassets in Resources */ = {isa = PBXBuildFile; fileRef = 4634FD2519D3028C00CA8880 /* Images.xcassets */; };
		4634FD2919D3028C00CA8880 /* LaunchScreen.xib in Resources */ = {isa = PBXBuildFile; fileRef = 4634FD2719D3028C00CA8880 /* LaunchScreen.xib */; };
		4634FD3519D3028C00CA8880 /* MHacksTests.swift in Sources */ = {isa = PBXBuildFile; fileRef = 4634FD3419D3028C00CA8880 /* MHacksTests.swift */; };
		463E3DB719EC54B400BE8AB3 /* ScheduleEventCell.swift in Sources */ = {isa = PBXBuildFile; fileRef = 463E3DB619EC54B400BE8AB3 /* ScheduleEventCell.swift */; };
		463E3DBB19EC745000BE8AB3 /* Keys.swift in Sources */ = {isa = PBXBuildFile; fileRef = 463E3DBA19EC745000BE8AB3 /* Keys.swift */; };
		463E3DC019EC76AF00BE8AB3 /* Bolts.framework in Frameworks */ = {isa = PBXBuildFile; fileRef = 463E3DBD19EC76AF00BE8AB3 /* Bolts.framework */; };
		463E3DC119EC76AF00BE8AB3 /* Parse.framework in Frameworks */ = {isa = PBXBuildFile; fileRef = 463E3DBE19EC76AF00BE8AB3 /* Parse.framework */; };
		463E3DC219EC76AF00BE8AB3 /* ParseFacebookUtils.framework in Frameworks */ = {isa = PBXBuildFile; fileRef = 463E3DBF19EC76AF00BE8AB3 /* ParseFacebookUtils.framework */; };
		4640D7DB1A2FC606002E7B63 /* SponsorOrganizer.swift in Sources */ = {isa = PBXBuildFile; fileRef = 4640D7DA1A2FC606002E7B63 /* SponsorOrganizer.swift */; };
		464992A71A0AFBE50099F70C /* Category.swift in Sources */ = {isa = PBXBuildFile; fileRef = 464992A61A0AFBE50099F70C /* Category.swift */; };
		464992A91A0AFC0E0099F70C /* Location.swift in Sources */ = {isa = PBXBuildFile; fileRef = 464992A81A0AFC0E0099F70C /* Location.swift */; };
		464D46541A14450E005256B8 /* CircularProgressIndicator.swift in Sources */ = {isa = PBXBuildFile; fileRef = 464D46531A14450E005256B8 /* CircularProgressIndicator.swift */; };
		467B570519DF624D006AEB23 /* EventOrganizer.swift in Sources */ = {isa = PBXBuildFile; fileRef = 467B570419DF624D006AEB23 /* EventOrganizer.swift */; };
		467B570C19E0789E006AEB23 /* ScheduleHourSeparator.xib in Resources */ = {isa = PBXBuildFile; fileRef = 467B570B19E0789E006AEB23 /* ScheduleHourSeparator.xib */; };
		467B570E19E08620006AEB23 /* ScheduleCalendarViewController.swift in Sources */ = {isa = PBXBuildFile; fileRef = 467B570D19E08620006AEB23 /* ScheduleCalendarViewController.swift */; };
		467BB40119E574A9009402BE /* CalendarLayout.swift in Sources */ = {isa = PBXBuildFile; fileRef = 467BB40019E574A9009402BE /* CalendarLayout.swift */; };
		469D3DF51A1BC54A00CA6F9C /* AnnouncementsViewController.swift in Sources */ = {isa = PBXBuildFile; fileRef = 469D3DF41A1BC54A00CA6F9C /* AnnouncementsViewController.swift */; };
		469D3DF71A1BC66400CA6F9C /* Announcement.swift in Sources */ = {isa = PBXBuildFile; fileRef = 469D3DF61A1BC66400CA6F9C /* Announcement.swift */; };
		469D3DF91A1BDE7900CA6F9C /* AnnouncementCell.swift in Sources */ = {isa = PBXBuildFile; fileRef = 469D3DF81A1BDE7900CA6F9C /* AnnouncementCell.swift */; };
		46A1C46C1A240C0D009BEDD1 /* Sponsor.swift in Sources */ = {isa = PBXBuildFile; fileRef = 46A1C46B1A240C0D009BEDD1 /* Sponsor.swift */; };
		46A402CD19E38B430039C536 /* ScheduleDayHeader.xib in Resources */ = {isa = PBXBuildFile; fileRef = 46A402CC19E38B430039C536 /* ScheduleDayHeader.xib */; };
		46A402E719E4E2A60039C536 /* ScheduleDayHeader.swift in Sources */ = {isa = PBXBuildFile; fileRef = 46A402E619E4E2A60039C536 /* ScheduleDayHeader.swift */; };
		46A402E919E4E2B30039C536 /* ScheduleHourSeparator.swift in Sources */ = {isa = PBXBuildFile; fileRef = 46A402E819E4E2B30039C536 /* ScheduleHourSeparator.swift */; };
		46DB29381A1BE5FD009836DC /* Fetchable.swift in Sources */ = {isa = PBXBuildFile; fileRef = 46DB29371A1BE5FD009836DC /* Fetchable.swift */; };
		46F132CC19EC7CC100A30B82 /* AudioToolbox.framework in Frameworks */ = {isa = PBXBuildFile; fileRef = 46F132CB19EC7CC100A30B82 /* AudioToolbox.framework */; };
		46F132CE19EC7CC600A30B82 /* CFNetwork.framework in Frameworks */ = {isa = PBXBuildFile; fileRef = 46F132CD19EC7CC600A30B82 /* CFNetwork.framework */; };
		46F132D019EC7CD200A30B82 /* CoreGraphics.framework in Frameworks */ = {isa = PBXBuildFile; fileRef = 46F132CF19EC7CD200A30B82 /* CoreGraphics.framework */; };
		46F132D219EC7CD800A30B82 /* CoreLocation.framework in Frameworks */ = {isa = PBXBuildFile; fileRef = 46F132D119EC7CD800A30B82 /* CoreLocation.framework */; };
		46F132D419EC7CDF00A30B82 /* libz.dylib in Frameworks */ = {isa = PBXBuildFile; fileRef = 46F132D319EC7CDF00A30B82 /* libz.dylib */; };
		46F132D619EC7CE500A30B82 /* MobileCoreServices.framework in Frameworks */ = {isa = PBXBuildFile; fileRef = 46F132D519EC7CE500A30B82 /* MobileCoreServices.framework */; };
		46F132D819EC7CEF00A30B82 /* QuartzCore.framework in Frameworks */ = {isa = PBXBuildFile; fileRef = 46F132D719EC7CEF00A30B82 /* QuartzCore.framework */; };
		46F132DA19EC7CF300A30B82 /* Security.framework in Frameworks */ = {isa = PBXBuildFile; fileRef = 46F132D919EC7CF300A30B82 /* Security.framework */; };
		46F132DC19EC7CF900A30B82 /* StoreKit.framework in Frameworks */ = {isa = PBXBuildFile; fileRef = 46F132DB19EC7CF900A30B82 /* StoreKit.framework */; };
		46F132DE19EC7CFF00A30B82 /* SystemConfiguration.framework in Frameworks */ = {isa = PBXBuildFile; fileRef = 46F132DD19EC7CFF00A30B82 /* SystemConfiguration.framework */; };
		46F132E119EC935700A30B82 /* Keys.plist in Resources */ = {isa = PBXBuildFile; fileRef = 46F132E019EC935700A30B82 /* Keys.plist */; };
		46F132E319EC951C00A30B82 /* PlaceholderViewController.swift in Sources */ = {isa = PBXBuildFile; fileRef = 46F132E219EC951C00A30B82 /* PlaceholderViewController.swift */; };
		46F132E519EC98BB00A30B82 /* PlaceholderViewController.xib in Resources */ = {isa = PBXBuildFile; fileRef = 46F132E419EC98BB00A30B82 /* PlaceholderViewController.xib */; };
		46F977B11A1D7E1E0014BB61 /* GridLayout.swift in Sources */ = {isa = PBXBuildFile; fileRef = 46F977B01A1D7E1E0014BB61 /* GridLayout.swift */; };
		FB76FB3C1A0DCEFD0036C76D /* SponsorCell.swift in Sources */ = {isa = PBXBuildFile; fileRef = FB76FB3B1A0DCEFD0036C76D /* SponsorCell.swift */; };
		FB86D1D61A1443F1001032B8 /* SponsorTierHeader.swift in Sources */ = {isa = PBXBuildFile; fileRef = FB86D1D51A1443F1001032B8 /* SponsorTierHeader.swift */; };
		FB86D1D81A1444AF001032B8 /* SponsorTierHeader.xib in Resources */ = {isa = PBXBuildFile; fileRef = FB86D1D71A1444AF001032B8 /* SponsorTierHeader.xib */; };
		FBD768191A0B00D0006345F8 /* SponsorsViewController.swift in Sources */ = {isa = PBXBuildFile; fileRef = FBD768181A0B00D0006345F8 /* SponsorsViewController.swift */; };
/* End PBXBuildFile section */

/* Begin PBXContainerItemProxy section */
		4634FD2F19D3028C00CA8880 /* PBXContainerItemProxy */ = {
			isa = PBXContainerItemProxy;
			containerPortal = 4634FD0F19D3028C00CA8880 /* Project object */;
			proxyType = 1;
			remoteGlobalIDString = 4634FD1619D3028C00CA8880;
			remoteInfo = MHacks;
		};
/* End PBXContainerItemProxy section */

/* Begin PBXFileReference section */
		3BE0B27A1A1D7BDC009CFB73 /* Award.swift */ = {isa = PBXFileReference; fileEncoding = 4; lastKnownFileType = sourcecode.swift; path = Award.swift; sourceTree = "<group>"; };
		460238DD19DB9E0600BD3335 /* ScheduleViewController.swift */ = {isa = PBXFileReference; fileEncoding = 4; lastKnownFileType = sourcecode.swift; path = ScheduleViewController.swift; sourceTree = "<group>"; };
		460238DF19DB9E3900BD3335 /* EventViewController.swift */ = {isa = PBXFileReference; fileEncoding = 4; lastKnownFileType = sourcecode.swift; path = EventViewController.swift; sourceTree = "<group>"; };
		460238E119DB9E9C00BD3335 /* Event.swift */ = {isa = PBXFileReference; fileEncoding = 4; lastKnownFileType = sourcecode.swift; path = Event.swift; sourceTree = "<group>"; };
		461C8D8A1A1418EB00402ABA /* CountdownViewController.swift */ = {isa = PBXFileReference; fileEncoding = 4; lastKnownFileType = sourcecode.swift; path = CountdownViewController.swift; sourceTree = "<group>"; };
		461C8D8C1A14192700402ABA /* Countdown.swift */ = {isa = PBXFileReference; fileEncoding = 4; lastKnownFileType = sourcecode.swift; path = Countdown.swift; sourceTree = "<group>"; };
		4634FD1719D3028C00CA8880 /* MHacks.app */ = {isa = PBXFileReference; explicitFileType = wrapper.application; includeInIndex = 0; path = MHacks.app; sourceTree = BUILT_PRODUCTS_DIR; };
		4634FD1B19D3028C00CA8880 /* Info.plist */ = {isa = PBXFileReference; lastKnownFileType = text.plist.xml; path = Info.plist; sourceTree = "<group>"; };
		4634FD1C19D3028C00CA8880 /* AppDelegate.swift */ = {isa = PBXFileReference; lastKnownFileType = sourcecode.swift; path = AppDelegate.swift; sourceTree = "<group>"; };
		4634FD2319D3028C00CA8880 /* Base */ = {isa = PBXFileReference; lastKnownFileType = file.storyboard; name = Base; path = Base.lproj/Main.storyboard; sourceTree = "<group>"; };
		4634FD2519D3028C00CA8880 /* Images.xcassets */ = {isa = PBXFileReference; lastKnownFileType = folder.assetcatalog; path = Images.xcassets; sourceTree = "<group>"; };
		4634FD2819D3028C00CA8880 /* Base */ = {isa = PBXFileReference; lastKnownFileType = file.xib; name = Base; path = Base.lproj/LaunchScreen.xib; sourceTree = "<group>"; };
		4634FD2E19D3028C00CA8880 /* MHacksTests.xctest */ = {isa = PBXFileReference; explicitFileType = wrapper.cfbundle; includeInIndex = 0; path = MHacksTests.xctest; sourceTree = BUILT_PRODUCTS_DIR; };
		4634FD3319D3028C00CA8880 /* Info.plist */ = {isa = PBXFileReference; lastKnownFileType = text.plist.xml; path = Info.plist; sourceTree = "<group>"; };
		4634FD3419D3028C00CA8880 /* MHacksTests.swift */ = {isa = PBXFileReference; lastKnownFileType = sourcecode.swift; path = MHacksTests.swift; sourceTree = "<group>"; };
		463E3DB619EC54B400BE8AB3 /* ScheduleEventCell.swift */ = {isa = PBXFileReference; fileEncoding = 4; lastKnownFileType = sourcecode.swift; path = ScheduleEventCell.swift; sourceTree = "<group>"; };
		463E3DBA19EC745000BE8AB3 /* Keys.swift */ = {isa = PBXFileReference; fileEncoding = 4; lastKnownFileType = sourcecode.swift; path = Keys.swift; sourceTree = "<group>"; };
		463E3DBD19EC76AF00BE8AB3 /* Bolts.framework */ = {isa = PBXFileReference; lastKnownFileType = wrapper.framework; path = Bolts.framework; sourceTree = "<group>"; };
		463E3DBE19EC76AF00BE8AB3 /* Parse.framework */ = {isa = PBXFileReference; lastKnownFileType = wrapper.framework; path = Parse.framework; sourceTree = "<group>"; };
		463E3DBF19EC76AF00BE8AB3 /* ParseFacebookUtils.framework */ = {isa = PBXFileReference; lastKnownFileType = wrapper.framework; path = ParseFacebookUtils.framework; sourceTree = "<group>"; };
		463E3DC319EC775A00BE8AB3 /* MHacks-Bridging-Header.h */ = {isa = PBXFileReference; lastKnownFileType = sourcecode.c.h; path = "MHacks-Bridging-Header.h"; sourceTree = "<group>"; };
		4640D7DA1A2FC606002E7B63 /* SponsorOrganizer.swift */ = {isa = PBXFileReference; fileEncoding = 4; lastKnownFileType = sourcecode.swift; path = SponsorOrganizer.swift; sourceTree = "<group>"; };
		464992A61A0AFBE50099F70C /* Category.swift */ = {isa = PBXFileReference; fileEncoding = 4; lastKnownFileType = sourcecode.swift; path = Category.swift; sourceTree = "<group>"; };
		464992A81A0AFC0E0099F70C /* Location.swift */ = {isa = PBXFileReference; fileEncoding = 4; lastKnownFileType = sourcecode.swift; path = Location.swift; sourceTree = "<group>"; };
		464D46531A14450E005256B8 /* CircularProgressIndicator.swift */ = {isa = PBXFileReference; fileEncoding = 4; lastKnownFileType = sourcecode.swift; path = CircularProgressIndicator.swift; sourceTree = "<group>"; };
		467B570419DF624D006AEB23 /* EventOrganizer.swift */ = {isa = PBXFileReference; fileEncoding = 4; lastKnownFileType = sourcecode.swift; path = EventOrganizer.swift; sourceTree = "<group>"; };
		467B570B19E0789E006AEB23 /* ScheduleHourSeparator.xib */ = {isa = PBXFileReference; fileEncoding = 4; lastKnownFileType = file.xib; path = ScheduleHourSeparator.xib; sourceTree = "<group>"; };
		467B570D19E08620006AEB23 /* ScheduleCalendarViewController.swift */ = {isa = PBXFileReference; fileEncoding = 4; lastKnownFileType = sourcecode.swift; path = ScheduleCalendarViewController.swift; sourceTree = "<group>"; };
		467BB40019E574A9009402BE /* CalendarLayout.swift */ = {isa = PBXFileReference; fileEncoding = 4; lastKnownFileType = sourcecode.swift; path = CalendarLayout.swift; sourceTree = "<group>"; };
		469D3DF41A1BC54A00CA6F9C /* AnnouncementsViewController.swift */ = {isa = PBXFileReference; fileEncoding = 4; lastKnownFileType = sourcecode.swift; path = AnnouncementsViewController.swift; sourceTree = "<group>"; };
		469D3DF61A1BC66400CA6F9C /* Announcement.swift */ = {isa = PBXFileReference; fileEncoding = 4; lastKnownFileType = sourcecode.swift; path = Announcement.swift; sourceTree = "<group>"; };
		469D3DF81A1BDE7900CA6F9C /* AnnouncementCell.swift */ = {isa = PBXFileReference; fileEncoding = 4; lastKnownFileType = sourcecode.swift; path = AnnouncementCell.swift; sourceTree = "<group>"; };
		46A1C46B1A240C0D009BEDD1 /* Sponsor.swift */ = {isa = PBXFileReference; fileEncoding = 4; lastKnownFileType = sourcecode.swift; path = Sponsor.swift; sourceTree = "<group>"; };
		46A402CC19E38B430039C536 /* ScheduleDayHeader.xib */ = {isa = PBXFileReference; fileEncoding = 4; lastKnownFileType = file.xib; path = ScheduleDayHeader.xib; sourceTree = "<group>"; };
		46A402E619E4E2A60039C536 /* ScheduleDayHeader.swift */ = {isa = PBXFileReference; fileEncoding = 4; lastKnownFileType = sourcecode.swift; path = ScheduleDayHeader.swift; sourceTree = "<group>"; };
		46A402E819E4E2B30039C536 /* ScheduleHourSeparator.swift */ = {isa = PBXFileReference; fileEncoding = 4; lastKnownFileType = sourcecode.swift; path = ScheduleHourSeparator.swift; sourceTree = "<group>"; };
		46DB29371A1BE5FD009836DC /* Fetchable.swift */ = {isa = PBXFileReference; fileEncoding = 4; lastKnownFileType = sourcecode.swift; path = Fetchable.swift; sourceTree = "<group>"; };
		46F132CB19EC7CC100A30B82 /* AudioToolbox.framework */ = {isa = PBXFileReference; lastKnownFileType = wrapper.framework; name = AudioToolbox.framework; path = System/Library/Frameworks/AudioToolbox.framework; sourceTree = SDKROOT; };
		46F132CD19EC7CC600A30B82 /* CFNetwork.framework */ = {isa = PBXFileReference; lastKnownFileType = wrapper.framework; name = CFNetwork.framework; path = System/Library/Frameworks/CFNetwork.framework; sourceTree = SDKROOT; };
		46F132CF19EC7CD200A30B82 /* CoreGraphics.framework */ = {isa = PBXFileReference; lastKnownFileType = wrapper.framework; name = CoreGraphics.framework; path = System/Library/Frameworks/CoreGraphics.framework; sourceTree = SDKROOT; };
		46F132D119EC7CD800A30B82 /* CoreLocation.framework */ = {isa = PBXFileReference; lastKnownFileType = wrapper.framework; name = CoreLocation.framework; path = System/Library/Frameworks/CoreLocation.framework; sourceTree = SDKROOT; };
		46F132D319EC7CDF00A30B82 /* libz.dylib */ = {isa = PBXFileReference; lastKnownFileType = "compiled.mach-o.dylib"; name = libz.dylib; path = usr/lib/libz.dylib; sourceTree = SDKROOT; };
		46F132D519EC7CE500A30B82 /* MobileCoreServices.framework */ = {isa = PBXFileReference; lastKnownFileType = wrapper.framework; name = MobileCoreServices.framework; path = System/Library/Frameworks/MobileCoreServices.framework; sourceTree = SDKROOT; };
		46F132D719EC7CEF00A30B82 /* QuartzCore.framework */ = {isa = PBXFileReference; lastKnownFileType = wrapper.framework; name = QuartzCore.framework; path = System/Library/Frameworks/QuartzCore.framework; sourceTree = SDKROOT; };
		46F132D919EC7CF300A30B82 /* Security.framework */ = {isa = PBXFileReference; lastKnownFileType = wrapper.framework; name = Security.framework; path = System/Library/Frameworks/Security.framework; sourceTree = SDKROOT; };
		46F132DB19EC7CF900A30B82 /* StoreKit.framework */ = {isa = PBXFileReference; lastKnownFileType = wrapper.framework; name = StoreKit.framework; path = System/Library/Frameworks/StoreKit.framework; sourceTree = SDKROOT; };
		46F132DD19EC7CFF00A30B82 /* SystemConfiguration.framework */ = {isa = PBXFileReference; lastKnownFileType = wrapper.framework; name = SystemConfiguration.framework; path = System/Library/Frameworks/SystemConfiguration.framework; sourceTree = SDKROOT; };
		46F132E019EC935700A30B82 /* Keys.plist */ = {isa = PBXFileReference; fileEncoding = 4; lastKnownFileType = text.plist.xml; path = Keys.plist; sourceTree = "<group>"; };
		46F132E219EC951C00A30B82 /* PlaceholderViewController.swift */ = {isa = PBXFileReference; fileEncoding = 4; lastKnownFileType = sourcecode.swift; path = PlaceholderViewController.swift; sourceTree = "<group>"; };
		46F132E419EC98BB00A30B82 /* PlaceholderViewController.xib */ = {isa = PBXFileReference; fileEncoding = 4; lastKnownFileType = file.xib; path = PlaceholderViewController.xib; sourceTree = "<group>"; };
		46F977B01A1D7E1E0014BB61 /* GridLayout.swift */ = {isa = PBXFileReference; fileEncoding = 4; lastKnownFileType = sourcecode.swift; path = GridLayout.swift; sourceTree = "<group>"; };
		FB76FB3B1A0DCEFD0036C76D /* SponsorCell.swift */ = {isa = PBXFileReference; fileEncoding = 4; lastKnownFileType = sourcecode.swift; path = SponsorCell.swift; sourceTree = "<group>"; };
		FB86D1D51A1443F1001032B8 /* SponsorTierHeader.swift */ = {isa = PBXFileReference; fileEncoding = 4; lastKnownFileType = sourcecode.swift; path = SponsorTierHeader.swift; sourceTree = "<group>"; };
		FB86D1D71A1444AF001032B8 /* SponsorTierHeader.xib */ = {isa = PBXFileReference; fileEncoding = 4; lastKnownFileType = file.xib; path = SponsorTierHeader.xib; sourceTree = "<group>"; };
		FBD768181A0B00D0006345F8 /* SponsorsViewController.swift */ = {isa = PBXFileReference; fileEncoding = 4; lastKnownFileType = sourcecode.swift; path = SponsorsViewController.swift; sourceTree = "<group>"; };
/* End PBXFileReference section */

/* Begin PBXFrameworksBuildPhase section */
		4634FD1419D3028C00CA8880 /* Frameworks */ = {
			isa = PBXFrameworksBuildPhase;
			buildActionMask = 2147483647;
			files = (
				46F132DE19EC7CFF00A30B82 /* SystemConfiguration.framework in Frameworks */,
				46F132DC19EC7CF900A30B82 /* StoreKit.framework in Frameworks */,
				46F132DA19EC7CF300A30B82 /* Security.framework in Frameworks */,
				46F132D819EC7CEF00A30B82 /* QuartzCore.framework in Frameworks */,
				46F132D619EC7CE500A30B82 /* MobileCoreServices.framework in Frameworks */,
				46F132D419EC7CDF00A30B82 /* libz.dylib in Frameworks */,
				46F132D219EC7CD800A30B82 /* CoreLocation.framework in Frameworks */,
				46F132D019EC7CD200A30B82 /* CoreGraphics.framework in Frameworks */,
				46F132CE19EC7CC600A30B82 /* CFNetwork.framework in Frameworks */,
				46F132CC19EC7CC100A30B82 /* AudioToolbox.framework in Frameworks */,
				463E3DC119EC76AF00BE8AB3 /* Parse.framework in Frameworks */,
				463E3DC019EC76AF00BE8AB3 /* Bolts.framework in Frameworks */,
				463E3DC219EC76AF00BE8AB3 /* ParseFacebookUtils.framework in Frameworks */,
			);
			runOnlyForDeploymentPostprocessing = 0;
		};
		4634FD2B19D3028C00CA8880 /* Frameworks */ = {
			isa = PBXFrameworksBuildPhase;
			buildActionMask = 2147483647;
			files = (
			);
			runOnlyForDeploymentPostprocessing = 0;
		};
/* End PBXFrameworksBuildPhase section */

/* Begin PBXGroup section */
		460238E319DB9EA200BD3335 /* Controller */ = {
			isa = PBXGroup;
			children = (
				460238DD19DB9E0600BD3335 /* ScheduleViewController.swift */,
				467B570D19E08620006AEB23 /* ScheduleCalendarViewController.swift */,
				460238DF19DB9E3900BD3335 /* EventViewController.swift */,
				461C8D8A1A1418EB00402ABA /* CountdownViewController.swift */,
				469D3DF41A1BC54A00CA6F9C /* AnnouncementsViewController.swift */,
				FBD768181A0B00D0006345F8 /* SponsorsViewController.swift */,
				46F132E219EC951C00A30B82 /* PlaceholderViewController.swift */,
			);
			name = Controller;
			sourceTree = "<group>";
		};
		460238E419DB9EA700BD3335 /* Model */ = {
			isa = PBXGroup;
			children = (
				463E3DBA19EC745000BE8AB3 /* Keys.swift */,
				46DB29371A1BE5FD009836DC /* Fetchable.swift */,
				4640D7D81A2FC5D6002E7B63 /* Objects */,
				4640D7D91A2FC5E5002E7B63 /* Organizers */,
			);
			name = Model;
			sourceTree = "<group>";
		};
		4634FD0E19D3028C00CA8880 = {
			isa = PBXGroup;
			children = (
				4634FD1919D3028C00CA8880 /* MHacks */,
				4634FD3119D3028C00CA8880 /* MHacksTests */,
				4634FD1819D3028C00CA8880 /* Products */,
				463E3DBC19EC76AF00BE8AB3 /* Parse */,
				46F132DF19EC7DEC00A30B82 /* Frameworks */,
			);
			sourceTree = "<group>";
		};
		4634FD1819D3028C00CA8880 /* Products */ = {
			isa = PBXGroup;
			children = (
				4634FD1719D3028C00CA8880 /* MHacks.app */,
				4634FD2E19D3028C00CA8880 /* MHacksTests.xctest */,
			);
			name = Products;
			sourceTree = "<group>";
		};
		4634FD1919D3028C00CA8880 /* MHacks */ = {
			isa = PBXGroup;
			children = (
				463E3DC319EC775A00BE8AB3 /* MHacks-Bridging-Header.h */,
				4634FD1C19D3028C00CA8880 /* AppDelegate.swift */,
				460238E419DB9EA700BD3335 /* Model */,
				467B570A19DFAEF7006AEB23 /* View */,
				460238E319DB9EA200BD3335 /* Controller */,
				46A402E519E4E2700039C536 /* Interface */,
				4634FD2519D3028C00CA8880 /* Images.xcassets */,
				4634FD1A19D3028C00CA8880 /* Supporting Files */,
			);
			path = MHacks;
			sourceTree = "<group>";
		};
		4634FD1A19D3028C00CA8880 /* Supporting Files */ = {
			isa = PBXGroup;
			children = (
				4634FD1B19D3028C00CA8880 /* Info.plist */,
				46F132E019EC935700A30B82 /* Keys.plist */,
			);
			name = "Supporting Files";
			sourceTree = "<group>";
		};
		4634FD3119D3028C00CA8880 /* MHacksTests */ = {
			isa = PBXGroup;
			children = (
				4634FD3419D3028C00CA8880 /* MHacksTests.swift */,
				4634FD3219D3028C00CA8880 /* Supporting Files */,
			);
			path = MHacksTests;
			sourceTree = "<group>";
		};
		4634FD3219D3028C00CA8880 /* Supporting Files */ = {
			isa = PBXGroup;
			children = (
				4634FD3319D3028C00CA8880 /* Info.plist */,
			);
			name = "Supporting Files";
			sourceTree = "<group>";
		};
		463E3DBC19EC76AF00BE8AB3 /* Parse */ = {
			isa = PBXGroup;
			children = (
				463E3DBD19EC76AF00BE8AB3 /* Bolts.framework */,
				463E3DBE19EC76AF00BE8AB3 /* Parse.framework */,
				463E3DBF19EC76AF00BE8AB3 /* ParseFacebookUtils.framework */,
			);
			path = Parse;
			sourceTree = "<group>";
		};
		4640D7D81A2FC5D6002E7B63 /* Objects */ = {
			isa = PBXGroup;
			children = (
				460238E119DB9E9C00BD3335 /* Event.swift */,
				464992A61A0AFBE50099F70C /* Category.swift */,
				464992A81A0AFC0E0099F70C /* Location.swift */,
				461C8D8C1A14192700402ABA /* Countdown.swift */,
				469D3DF61A1BC66400CA6F9C /* Announcement.swift */,
				46A1C46B1A240C0D009BEDD1 /* Sponsor.swift */,
				3BE0B27A1A1D7BDC009CFB73 /* Award.swift */,
			);
			name = Objects;
			sourceTree = "<group>";
		};
		4640D7D91A2FC5E5002E7B63 /* Organizers */ = {
			isa = PBXGroup;
			children = (
				467B570419DF624D006AEB23 /* EventOrganizer.swift */,
				4640D7DA1A2FC606002E7B63 /* SponsorOrganizer.swift */,
			);
			name = Organizers;
			sourceTree = "<group>";
		};
		467B570A19DFAEF7006AEB23 /* View */ = {
			isa = PBXGroup;
			children = (
				467BB40019E574A9009402BE /* CalendarLayout.swift */,
				46A402E619E4E2A60039C536 /* ScheduleDayHeader.swift */,
				46A402E819E4E2B30039C536 /* ScheduleHourSeparator.swift */,
				463E3DB619EC54B400BE8AB3 /* ScheduleEventCell.swift */,
				464D46531A14450E005256B8 /* CircularProgressIndicator.swift */,
				469D3DF81A1BDE7900CA6F9C /* AnnouncementCell.swift */,
				46F977B01A1D7E1E0014BB61 /* GridLayout.swift */,
				FB76FB3B1A0DCEFD0036C76D /* SponsorCell.swift */,
				FB86D1D51A1443F1001032B8 /* SponsorTierHeader.swift */,
			);
			name = View;
			sourceTree = "<group>";
		};
		46A402E519E4E2700039C536 /* Interface */ = {
			isa = PBXGroup;
			children = (
				4634FD2219D3028C00CA8880 /* Main.storyboard */,
				46A402CC19E38B430039C536 /* ScheduleDayHeader.xib */,
				467B570B19E0789E006AEB23 /* ScheduleHourSeparator.xib */,
				FB86D1D71A1444AF001032B8 /* SponsorTierHeader.xib */,
				46F132E419EC98BB00A30B82 /* PlaceholderViewController.xib */,
				4634FD2719D3028C00CA8880 /* LaunchScreen.xib */,
			);
			name = Interface;
			sourceTree = "<group>";
		};
		46F132DF19EC7DEC00A30B82 /* Frameworks */ = {
			isa = PBXGroup;
			children = (
				46F132DD19EC7CFF00A30B82 /* SystemConfiguration.framework */,
				46F132DB19EC7CF900A30B82 /* StoreKit.framework */,
				46F132D919EC7CF300A30B82 /* Security.framework */,
				46F132D719EC7CEF00A30B82 /* QuartzCore.framework */,
				46F132D519EC7CE500A30B82 /* MobileCoreServices.framework */,
				46F132D319EC7CDF00A30B82 /* libz.dylib */,
				46F132D119EC7CD800A30B82 /* CoreLocation.framework */,
				46F132CF19EC7CD200A30B82 /* CoreGraphics.framework */,
				46F132CD19EC7CC600A30B82 /* CFNetwork.framework */,
				46F132CB19EC7CC100A30B82 /* AudioToolbox.framework */,
			);
			name = Frameworks;
			sourceTree = "<group>";
		};
/* End PBXGroup section */

/* Begin PBXNativeTarget section */
		4634FD1619D3028C00CA8880 /* MHacks */ = {
			isa = PBXNativeTarget;
			buildConfigurationList = 4634FD3819D3028C00CA8880 /* Build configuration list for PBXNativeTarget "MHacks" */;
			buildPhases = (
				4634FD1319D3028C00CA8880 /* Sources */,
				4634FD1419D3028C00CA8880 /* Frameworks */,
				4634FD1519D3028C00CA8880 /* Resources */,
			);
			buildRules = (
			);
			dependencies = (
			);
			name = MHacks;
			productName = MHacks;
			productReference = 4634FD1719D3028C00CA8880 /* MHacks.app */;
			productType = "com.apple.product-type.application";
		};
		4634FD2D19D3028C00CA8880 /* MHacksTests */ = {
			isa = PBXNativeTarget;
			buildConfigurationList = 4634FD3B19D3028C00CA8880 /* Build configuration list for PBXNativeTarget "MHacksTests" */;
			buildPhases = (
				4634FD2A19D3028C00CA8880 /* Sources */,
				4634FD2B19D3028C00CA8880 /* Frameworks */,
				4634FD2C19D3028C00CA8880 /* Resources */,
			);
			buildRules = (
			);
			dependencies = (
				4634FD3019D3028C00CA8880 /* PBXTargetDependency */,
			);
			name = MHacksTests;
			productName = MHacksTests;
			productReference = 4634FD2E19D3028C00CA8880 /* MHacksTests.xctest */;
			productType = "com.apple.product-type.bundle.unit-test";
		};
/* End PBXNativeTarget section */

/* Begin PBXProject section */
		4634FD0F19D3028C00CA8880 /* Project object */ = {
			isa = PBXProject;
			attributes = {
				LastUpgradeCheck = 0600;
				ORGANIZATIONNAME = MHacks;
				TargetAttributes = {
					4634FD1619D3028C00CA8880 = {
						CreatedOnToolsVersion = 6.0.1;
					};
					4634FD2D19D3028C00CA8880 = {
						CreatedOnToolsVersion = 6.0.1;
						DevelopmentTeam = 8ZTTS3HC8X;
						TestTargetID = 4634FD1619D3028C00CA8880;
					};
				};
			};
			buildConfigurationList = 4634FD1219D3028C00CA8880 /* Build configuration list for PBXProject "MHacks" */;
			compatibilityVersion = "Xcode 3.2";
			developmentRegion = English;
			hasScannedForEncodings = 0;
			knownRegions = (
				en,
				Base,
			);
			mainGroup = 4634FD0E19D3028C00CA8880;
			productRefGroup = 4634FD1819D3028C00CA8880 /* Products */;
			projectDirPath = "";
			projectRoot = "";
			targets = (
				4634FD1619D3028C00CA8880 /* MHacks */,
				4634FD2D19D3028C00CA8880 /* MHacksTests */,
			);
		};
/* End PBXProject section */

/* Begin PBXResourcesBuildPhase section */
		4634FD1519D3028C00CA8880 /* Resources */ = {
			isa = PBXResourcesBuildPhase;
			buildActionMask = 2147483647;
			files = (
				46F132E119EC935700A30B82 /* Keys.plist in Resources */,
				46F132E519EC98BB00A30B82 /* PlaceholderViewController.xib in Resources */,
				4634FD2419D3028C00CA8880 /* Main.storyboard in Resources */,
				46A402CD19E38B430039C536 /* ScheduleDayHeader.xib in Resources */,
				4634FD2919D3028C00CA8880 /* LaunchScreen.xib in Resources */,
				467B570C19E0789E006AEB23 /* ScheduleHourSeparator.xib in Resources */,
				4634FD2619D3028C00CA8880 /* Images.xcassets in Resources */,
				FB86D1D81A1444AF001032B8 /* SponsorTierHeader.xib in Resources */,
			);
			runOnlyForDeploymentPostprocessing = 0;
		};
		4634FD2C19D3028C00CA8880 /* Resources */ = {
			isa = PBXResourcesBuildPhase;
			buildActionMask = 2147483647;
			files = (
			);
			runOnlyForDeploymentPostprocessing = 0;
		};
/* End PBXResourcesBuildPhase section */

/* Begin PBXSourcesBuildPhase section */
		4634FD1319D3028C00CA8880 /* Sources */ = {
			isa = PBXSourcesBuildPhase;
			buildActionMask = 2147483647;
			files = (
				46DB29381A1BE5FD009836DC /* Fetchable.swift in Sources */,
				467B570519DF624D006AEB23 /* EventOrganizer.swift in Sources */,
				4634FD1D19D3028C00CA8880 /* AppDelegate.swift in Sources */,
				464992A91A0AFC0E0099F70C /* Location.swift in Sources */,
				460238DE19DB9E0600BD3335 /* ScheduleViewController.swift in Sources */,
				3BE0B27B1A1D7BDC009CFB73 /* Award.swift in Sources */,
				469D3DF71A1BC66400CA6F9C /* Announcement.swift in Sources */,
				464D46541A14450E005256B8 /* CircularProgressIndicator.swift in Sources */,
				460238E219DB9E9C00BD3335 /* Event.swift in Sources */,
				46F132E319EC951C00A30B82 /* PlaceholderViewController.swift in Sources */,
				4640D7DB1A2FC606002E7B63 /* SponsorOrganizer.swift in Sources */,
				469D3DF51A1BC54A00CA6F9C /* AnnouncementsViewController.swift in Sources */,
				463E3DBB19EC745000BE8AB3 /* Keys.swift in Sources */,
				461C8D8B1A1418EB00402ABA /* CountdownViewController.swift in Sources */,
				46A402E919E4E2B30039C536 /* ScheduleHourSeparator.swift in Sources */,
				46A402E719E4E2A60039C536 /* ScheduleDayHeader.swift in Sources */,
				467B570E19E08620006AEB23 /* ScheduleCalendarViewController.swift in Sources */,
				46A1C46C1A240C0D009BEDD1 /* Sponsor.swift in Sources */,
				467BB40119E574A9009402BE /* CalendarLayout.swift in Sources */,
				FB76FB3C1A0DCEFD0036C76D /* SponsorCell.swift in Sources */,
				46F977B11A1D7E1E0014BB61 /* GridLayout.swift in Sources */,
				464992A71A0AFBE50099F70C /* Category.swift in Sources */,
				460238E019DB9E3900BD3335 /* EventViewController.swift in Sources */,
				FBD768191A0B00D0006345F8 /* SponsorsViewController.swift in Sources */,
				463E3DB719EC54B400BE8AB3 /* ScheduleEventCell.swift in Sources */,
				FB86D1D61A1443F1001032B8 /* SponsorTierHeader.swift in Sources */,
				461C8D8D1A14192700402ABA /* Countdown.swift in Sources */,
				469D3DF91A1BDE7900CA6F9C /* AnnouncementCell.swift in Sources */,
			);
			runOnlyForDeploymentPostprocessing = 0;
		};
		4634FD2A19D3028C00CA8880 /* Sources */ = {
			isa = PBXSourcesBuildPhase;
			buildActionMask = 2147483647;
			files = (
				4634FD3519D3028C00CA8880 /* MHacksTests.swift in Sources */,
			);
			runOnlyForDeploymentPostprocessing = 0;
		};
/* End PBXSourcesBuildPhase section */

/* Begin PBXTargetDependency section */
		4634FD3019D3028C00CA8880 /* PBXTargetDependency */ = {
			isa = PBXTargetDependency;
			target = 4634FD1619D3028C00CA8880 /* MHacks */;
			targetProxy = 4634FD2F19D3028C00CA8880 /* PBXContainerItemProxy */;
		};
/* End PBXTargetDependency section */

/* Begin PBXVariantGroup section */
		4634FD2219D3028C00CA8880 /* Main.storyboard */ = {
			isa = PBXVariantGroup;
			children = (
				4634FD2319D3028C00CA8880 /* Base */,
			);
			name = Main.storyboard;
			sourceTree = "<group>";
		};
		4634FD2719D3028C00CA8880 /* LaunchScreen.xib */ = {
			isa = PBXVariantGroup;
			children = (
				4634FD2819D3028C00CA8880 /* Base */,
			);
			name = LaunchScreen.xib;
			sourceTree = "<group>";
		};
/* End PBXVariantGroup section */

/* Begin XCBuildConfiguration section */
		4634FD3619D3028C00CA8880 /* Debug */ = {
			isa = XCBuildConfiguration;
			buildSettings = {
				ALWAYS_SEARCH_USER_PATHS = NO;
				CLANG_CXX_LANGUAGE_STANDARD = "gnu++0x";
				CLANG_CXX_LIBRARY = "libc++";
				CLANG_ENABLE_MODULES = YES;
				CLANG_ENABLE_OBJC_ARC = YES;
				CLANG_WARN_BOOL_CONVERSION = YES;
				CLANG_WARN_CONSTANT_CONVERSION = YES;
				CLANG_WARN_DIRECT_OBJC_ISA_USAGE = YES_ERROR;
				CLANG_WARN_EMPTY_BODY = YES;
				CLANG_WARN_ENUM_CONVERSION = YES;
				CLANG_WARN_INT_CONVERSION = YES;
				CLANG_WARN_OBJC_ROOT_CLASS = YES_ERROR;
				CLANG_WARN_UNREACHABLE_CODE = YES;
				CLANG_WARN__DUPLICATE_METHOD_MATCH = YES;
				"CODE_SIGN_IDENTITY[sdk=iphoneos*]" = "iPhone Developer";
				COPY_PHASE_STRIP = NO;
				ENABLE_STRICT_OBJC_MSGSEND = YES;
				GCC_C_LANGUAGE_STANDARD = gnu99;
				GCC_DYNAMIC_NO_PIC = NO;
				GCC_OPTIMIZATION_LEVEL = 0;
				GCC_PREPROCESSOR_DEFINITIONS = (
					"DEBUG=1",
					"$(inherited)",
				);
				GCC_SYMBOLS_PRIVATE_EXTERN = NO;
				GCC_WARN_64_TO_32_BIT_CONVERSION = YES;
				GCC_WARN_ABOUT_RETURN_TYPE = YES_ERROR;
				GCC_WARN_UNDECLARED_SELECTOR = YES;
				GCC_WARN_UNINITIALIZED_AUTOS = YES_AGGRESSIVE;
				GCC_WARN_UNUSED_FUNCTION = YES;
				GCC_WARN_UNUSED_VARIABLE = YES;
				IPHONEOS_DEPLOYMENT_TARGET = 8.0;
				MTL_ENABLE_DEBUG_INFO = YES;
				ONLY_ACTIVE_ARCH = YES;
				SDKROOT = iphoneos;
				SWIFT_OPTIMIZATION_LEVEL = "-Onone";
				TARGETED_DEVICE_FAMILY = "1,2";
			};
			name = Debug;
		};
		4634FD3719D3028C00CA8880 /* Release */ = {
			isa = XCBuildConfiguration;
			buildSettings = {
				ALWAYS_SEARCH_USER_PATHS = NO;
				CLANG_CXX_LANGUAGE_STANDARD = "gnu++0x";
				CLANG_CXX_LIBRARY = "libc++";
				CLANG_ENABLE_MODULES = YES;
				CLANG_ENABLE_OBJC_ARC = YES;
				CLANG_WARN_BOOL_CONVERSION = YES;
				CLANG_WARN_CONSTANT_CONVERSION = YES;
				CLANG_WARN_DIRECT_OBJC_ISA_USAGE = YES_ERROR;
				CLANG_WARN_EMPTY_BODY = YES;
				CLANG_WARN_ENUM_CONVERSION = YES;
				CLANG_WARN_INT_CONVERSION = YES;
				CLANG_WARN_OBJC_ROOT_CLASS = YES_ERROR;
				CLANG_WARN_UNREACHABLE_CODE = YES;
				CLANG_WARN__DUPLICATE_METHOD_MATCH = YES;
				"CODE_SIGN_IDENTITY[sdk=iphoneos*]" = "iPhone Developer";
				COPY_PHASE_STRIP = YES;
				ENABLE_NS_ASSERTIONS = NO;
				ENABLE_STRICT_OBJC_MSGSEND = YES;
				GCC_C_LANGUAGE_STANDARD = gnu99;
				GCC_WARN_64_TO_32_BIT_CONVERSION = YES;
				GCC_WARN_ABOUT_RETURN_TYPE = YES_ERROR;
				GCC_WARN_UNDECLARED_SELECTOR = YES;
				GCC_WARN_UNINITIALIZED_AUTOS = YES_AGGRESSIVE;
				GCC_WARN_UNUSED_FUNCTION = YES;
				GCC_WARN_UNUSED_VARIABLE = YES;
				IPHONEOS_DEPLOYMENT_TARGET = 8.0;
				MTL_ENABLE_DEBUG_INFO = NO;
				SDKROOT = iphoneos;
				TARGETED_DEVICE_FAMILY = "1,2";
				VALIDATE_PRODUCT = YES;
			};
			name = Release;
		};
		4634FD3919D3028C00CA8880 /* Debug */ = {
			isa = XCBuildConfiguration;
			buildSettings = {
				ASSETCATALOG_COMPILER_APPICON_NAME = AppIcon;
				CLANG_ENABLE_MODULES = YES;
				CODE_SIGN_IDENTITY = "iPhone Developer";
				FRAMEWORK_SEARCH_PATHS = (
					"$(inherited)",
					"$(PROJECT_DIR)/Parse",
				);
				INFOPLIST_FILE = MHacks/Info.plist;
				IPHONEOS_DEPLOYMENT_TARGET = 8.1;
				LD_RUNPATH_SEARCH_PATHS = "$(inherited) @executable_path/Frameworks";
				PRODUCT_NAME = "$(TARGET_NAME)";
				SWIFT_OBJC_BRIDGING_HEADER = "MHacks/MHacks-Bridging-Header.h";
				SWIFT_OPTIMIZATION_LEVEL = "-Onone";
				TARGETED_DEVICE_FAMILY = 1;
			};
			name = Debug;
		};
		4634FD3A19D3028C00CA8880 /* Release */ = {
			isa = XCBuildConfiguration;
			buildSettings = {
				ASSETCATALOG_COMPILER_APPICON_NAME = AppIcon;
				CLANG_ENABLE_MODULES = YES;
				CODE_SIGN_IDENTITY = "iPhone Developer";
				FRAMEWORK_SEARCH_PATHS = (
					"$(inherited)",
					"$(PROJECT_DIR)/Parse",
				);
				INFOPLIST_FILE = MHacks/Info.plist;
				IPHONEOS_DEPLOYMENT_TARGET = 8.1;
				LD_RUNPATH_SEARCH_PATHS = "$(inherited) @executable_path/Frameworks";
				PRODUCT_NAME = "$(TARGET_NAME)";
				SWIFT_OBJC_BRIDGING_HEADER = "MHacks/MHacks-Bridging-Header.h";
				TARGETED_DEVICE_FAMILY = 1;
			};
			name = Release;
		};
		4634FD3C19D3028C00CA8880 /* Debug */ = {
			isa = XCBuildConfiguration;
			buildSettings = {
				BUNDLE_LOADER = "$(TEST_HOST)";
				CODE_SIGN_IDENTITY = "iPhone Developer";
				"CODE_SIGN_IDENTITY[sdk=iphoneos*]" = "iPhone Developer";
				FRAMEWORK_SEARCH_PATHS = (
					"$(SDKROOT)/Developer/Library/Frameworks",
					"$(inherited)",
				);
				GCC_PREPROCESSOR_DEFINITIONS = (
					"DEBUG=1",
					"$(inherited)",
				);
				INFOPLIST_FILE = MHacksTests/Info.plist;
				LD_RUNPATH_SEARCH_PATHS = "$(inherited) @executable_path/Frameworks @loader_path/Frameworks";
				PRODUCT_NAME = "$(TARGET_NAME)";
				PROVISIONING_PROFILE = "";
				TEST_HOST = "$(BUILT_PRODUCTS_DIR)/MHacks.app/MHacks";
			};
			name = Debug;
		};
		4634FD3D19D3028C00CA8880 /* Release */ = {
			isa = XCBuildConfiguration;
			buildSettings = {
				BUNDLE_LOADER = "$(TEST_HOST)";
				CODE_SIGN_IDENTITY = "iPhone Developer";
				"CODE_SIGN_IDENTITY[sdk=iphoneos*]" = "iPhone Developer";
				FRAMEWORK_SEARCH_PATHS = (
					"$(SDKROOT)/Developer/Library/Frameworks",
					"$(inherited)",
				);
				INFOPLIST_FILE = MHacksTests/Info.plist;
				LD_RUNPATH_SEARCH_PATHS = "$(inherited) @executable_path/Frameworks @loader_path/Frameworks";
				PRODUCT_NAME = "$(TARGET_NAME)";
				PROVISIONING_PROFILE = "";
				TEST_HOST = "$(BUILT_PRODUCTS_DIR)/MHacks.app/MHacks";
			};
			name = Release;
		};
/* End XCBuildConfiguration section */

/* Begin XCConfigurationList section */
		4634FD1219D3028C00CA8880 /* Build configuration list for PBXProject "MHacks" */ = {
			isa = XCConfigurationList;
			buildConfigurations = (
				4634FD3619D3028C00CA8880 /* Debug */,
				4634FD3719D3028C00CA8880 /* Release */,
			);
			defaultConfigurationIsVisible = 0;
			defaultConfigurationName = Release;
		};
		4634FD3819D3028C00CA8880 /* Build configuration list for PBXNativeTarget "MHacks" */ = {
			isa = XCConfigurationList;
			buildConfigurations = (
				4634FD3919D3028C00CA8880 /* Debug */,
				4634FD3A19D3028C00CA8880 /* Release */,
			);
			defaultConfigurationIsVisible = 0;
			defaultConfigurationName = Release;
		};
		4634FD3B19D3028C00CA8880 /* Build configuration list for PBXNativeTarget "MHacksTests" */ = {
			isa = XCConfigurationList;
			buildConfigurations = (
				4634FD3C19D3028C00CA8880 /* Debug */,
				4634FD3D19D3028C00CA8880 /* Release */,
			);
			defaultConfigurationIsVisible = 0;
			defaultConfigurationName = Release;
		};
/* End XCConfigurationList section */
	};
	rootObject = 4634FD0F19D3028C00CA8880 /* Project object */;
}
