// !$*UTF8*$!
{
	archiveVersion = 1;
	classes = {
	};
	objectVersion = 46;
	objects = {

/* Begin PBXBuildFile section */
		820B8E661C2472EC007A2E88 /* Extensions.swift in Sources */ = {isa = PBXBuildFile; fileRef = 820B8E651C2472EC007A2E88 /* Extensions.swift */; };
		820C5BF21C29325500CD9F09 /* SSKeychain.m in Sources */ = {isa = PBXBuildFile; fileRef = 820C5BEF1C29325500CD9F09 /* SSKeychain.m */; };
		820C5BF31C29325500CD9F09 /* SSKeychainQuery.m in Sources */ = {isa = PBXBuildFile; fileRef = 820C5BF11C29325500CD9F09 /* SSKeychainQuery.m */; };
		820C5BF71C29327900CD9F09 /* Security.framework in Frameworks */ = {isa = PBXBuildFile; fileRef = 820C5BF61C29327900CD9F09 /* Security.framework */; };
		82473FA61C1F7A170061FFFB /* AppDelegate.swift in Sources */ = {isa = PBXBuildFile; fileRef = 82473FA51C1F7A170061FFFB /* AppDelegate.swift */; };
		82473FA81C1F7A170061FFFB /* LoginViewController.swift in Sources */ = {isa = PBXBuildFile; fileRef = 82473FA71C1F7A170061FFFB /* LoginViewController.swift */; };
		82473FAA1C1F7A170061FFFB /* CountdownViewController.swift in Sources */ = {isa = PBXBuildFile; fileRef = 82473FA91C1F7A170061FFFB /* CountdownViewController.swift */; };
		82473FAD1C1F7A170061FFFB /* Main.storyboard in Resources */ = {isa = PBXBuildFile; fileRef = 82473FAB1C1F7A170061FFFB /* Main.storyboard */; };
		82473FAF1C1F7A170061FFFB /* Assets.xcassets in Resources */ = {isa = PBXBuildFile; fileRef = 82473FAE1C1F7A170061FFFB /* Assets.xcassets */; };
		82473FB21C1F7A170061FFFB /* LaunchScreen.storyboard in Resources */ = {isa = PBXBuildFile; fileRef = 82473FB01C1F7A170061FFFB /* LaunchScreen.storyboard */; };
		82473FBD1C1F7F6B0061FFFB /* CircularProgressIndicator.swift in Sources */ = {isa = PBXBuildFile; fileRef = 82473FBC1C1F7F6B0061FFFB /* CircularProgressIndicator.swift */; };
		82473FC01C1F80EA0061FFFB /* JSONCreateable.swift in Sources */ = {isa = PBXBuildFile; fileRef = 82473FBF1C1F80EA0061FFFB /* JSONCreateable.swift */; };
		82473FC31C1F83C80061FFFB /* Countdown.swift in Sources */ = {isa = PBXBuildFile; fileRef = 82473FC21C1F83C80061FFFB /* Countdown.swift */; };
		82473FC51C1F8AB30061FFFB /* AnnouncementsViewController.swift in Sources */ = {isa = PBXBuildFile; fileRef = 82473FC41C1F8AB30061FFFB /* AnnouncementsViewController.swift */; };
		82473FC71C1F8B0F0061FFFB /* Announcement.swift in Sources */ = {isa = PBXBuildFile; fileRef = 82473FC61C1F8B0F0061FFFB /* Announcement.swift */; };
		82473FC91C1F8C5B0061FFFB /* AnnouncementCell.swift in Sources */ = {isa = PBXBuildFile; fileRef = 82473FC81C1F8C5B0061FFFB /* AnnouncementCell.swift */; };
		82473FCB1C1F8E6B0061FFFB /* MultilineLabel.swift in Sources */ = {isa = PBXBuildFile; fileRef = 82473FCA1C1F8E6B0061FFFB /* MultilineLabel.swift */; };
		82473FCD1C1F91D70061FFFB /* APIManager.swift in Sources */ = {isa = PBXBuildFile; fileRef = 82473FCC1C1F91D70061FFFB /* APIManager.swift */; };
		82473FCF1C1F925D0061FFFB /* Either.swift in Sources */ = {isa = PBXBuildFile; fileRef = 82473FCE1C1F925D0061FFFB /* Either.swift */; };
		8266BC771C2B2321007AAF45 /* ComposeAnnouncementViewController.swift in Sources */ = {isa = PBXBuildFile; fileRef = 8266BC761C2B2321007AAF45 /* ComposeAnnouncementViewController.swift */; };
		82942B9B1C2A2B850084880C /* Location.swift in Sources */ = {isa = PBXBuildFile; fileRef = 82942B9A1C2A2B850084880C /* Location.swift */; };
		82942B9D1C2A2EA00084880C /* EventOrganizer.swift in Sources */ = {isa = PBXBuildFile; fileRef = 82942B9C1C2A2EA00084880C /* EventOrganizer.swift */; };
		82942B9F1C2A2EAE0084880C /* Event.swift in Sources */ = {isa = PBXBuildFile; fileRef = 82942B9E1C2A2EAE0084880C /* Event.swift */; };
		82942BA31C2A369D0084880C /* ScheduleCalendarViewController.swift in Sources */ = {isa = PBXBuildFile; fileRef = 82942BA21C2A369D0084880C /* ScheduleCalendarViewController.swift */; };
		82942BA51C2A36BC0084880C /* CalendarLayout.swift in Sources */ = {isa = PBXBuildFile; fileRef = 82942BA41C2A36BC0084880C /* CalendarLayout.swift */; };
		82942BA71C2A36F70084880C /* ScheduleDayHeader.swift in Sources */ = {isa = PBXBuildFile; fileRef = 82942BA61C2A36F70084880C /* ScheduleDayHeader.swift */; };
		82942BAA1C2A37000084880C /* ScheduleHourSeparator.swift in Sources */ = {isa = PBXBuildFile; fileRef = 82942BA81C2A37000084880C /* ScheduleHourSeparator.swift */; };
		82942BAB1C2A37000084880C /* ScheduleEventCell.swift in Sources */ = {isa = PBXBuildFile; fileRef = 82942BA91C2A37000084880C /* ScheduleEventCell.swift */; };
		82942BAD1C2A37670084880C /* Geometry.swift in Sources */ = {isa = PBXBuildFile; fileRef = 82942BAC1C2A37670084880C /* Geometry.swift */; };
		82942BB01C2A38E30084880C /* ScheduleDayHeader.xib in Resources */ = {isa = PBXBuildFile; fileRef = 82942BAE1C2A38E30084880C /* ScheduleDayHeader.xib */; };
		82942BB11C2A38E30084880C /* ScheduleHourSeparator.xib in Resources */ = {isa = PBXBuildFile; fileRef = 82942BAF1C2A38E30084880C /* ScheduleHourSeparator.xib */; };
		82E9C4871C4F094200ED2EBF /* GoogleMaps.framework in Frameworks */ = {isa = PBXBuildFile; fileRef = 82E9C4861C4F094200ED2EBF /* GoogleMaps.framework */; };
		82E9C4891C4F09B100ED2EBF /* MapViewController.swift in Sources */ = {isa = PBXBuildFile; fileRef = 82E9C4881C4F09B100ED2EBF /* MapViewController.swift */; };
		82E9C4911C4F0C5100ED2EBF /* CoreBluetooth.framework in Frameworks */ = {isa = PBXBuildFile; fileRef = 82E9C48A1C4F0C5100ED2EBF /* CoreBluetooth.framework */; };
		82E9C4921C4F0C5100ED2EBF /* CoreData.framework in Frameworks */ = {isa = PBXBuildFile; fileRef = 82E9C48B1C4F0C5100ED2EBF /* CoreData.framework */; };
		82E9C4931C4F0C5100ED2EBF /* CoreFoundation.framework in Frameworks */ = {isa = PBXBuildFile; fileRef = 82E9C48C1C4F0C5100ED2EBF /* CoreFoundation.framework */; };
		82E9C4941C4F0C5100ED2EBF /* CoreGraphics.framework in Frameworks */ = {isa = PBXBuildFile; fileRef = 82E9C48D1C4F0C5100ED2EBF /* CoreGraphics.framework */; };
		82E9C4951C4F0C5100ED2EBF /* CoreLocation.framework in Frameworks */ = {isa = PBXBuildFile; fileRef = 82E9C48E1C4F0C5100ED2EBF /* CoreLocation.framework */; };
		82E9C4961C4F0C5100ED2EBF /* CoreText.framework in Frameworks */ = {isa = PBXBuildFile; fileRef = 82E9C48F1C4F0C5100ED2EBF /* CoreText.framework */; };
		82E9C4971C4F0C5100ED2EBF /* QuartzCore.framework in Frameworks */ = {isa = PBXBuildFile; fileRef = 82E9C4901C4F0C5100ED2EBF /* QuartzCore.framework */; };
		82E9C49A1C4F0C6400ED2EBF /* Accelerate.framework in Frameworks */ = {isa = PBXBuildFile; fileRef = 82E9C4981C4F0C6400ED2EBF /* Accelerate.framework */; };
		82E9C49B1C4F0C6400ED2EBF /* AVFoundation.framework in Frameworks */ = {isa = PBXBuildFile; fileRef = 82E9C4991C4F0C6400ED2EBF /* AVFoundation.framework */; };
		82E9C49D1C4F0C7400ED2EBF /* GLKit.framework in Frameworks */ = {isa = PBXBuildFile; fileRef = 82E9C49C1C4F0C7400ED2EBF /* GLKit.framework */; };
		82E9C49F1C4F0C7D00ED2EBF /* ImageIO.framework in Frameworks */ = {isa = PBXBuildFile; fileRef = 82E9C49E1C4F0C7D00ED2EBF /* ImageIO.framework */; };
		82E9C4A11C4F0C9100ED2EBF /* OpenGLES.framework in Frameworks */ = {isa = PBXBuildFile; fileRef = 82E9C4A01C4F0C9100ED2EBF /* OpenGLES.framework */; };
		82E9C4A31C4F0C9700ED2EBF /* SystemConfiguration.framework in Frameworks */ = {isa = PBXBuildFile; fileRef = 82E9C4A21C4F0C9700ED2EBF /* SystemConfiguration.framework */; };
		82E9C4A51C4F0CA900ED2EBF /* UIKit.framework in Frameworks */ = {isa = PBXBuildFile; fileRef = 82E9C4A41C4F0CA900ED2EBF /* UIKit.framework */; };
		82E9C4A71C4F0CB600ED2EBF /* libobjc.tbd in Frameworks */ = {isa = PBXBuildFile; fileRef = 82E9C4A61C4F0CB600ED2EBF /* libobjc.tbd */; };
		82E9C4A91C4F0CC400ED2EBF /* libc++.tbd in Frameworks */ = {isa = PBXBuildFile; fileRef = 82E9C4A81C4F0CC400ED2EBF /* libc++.tbd */; };
		82E9C4AB1C4F0CD000ED2EBF /* libicucore.tbd in Frameworks */ = {isa = PBXBuildFile; fileRef = 82E9C4AA1C4F0CD000ED2EBF /* libicucore.tbd */; };
		82E9C4AD1C4F0CE200ED2EBF /* libz.tbd in Frameworks */ = {isa = PBXBuildFile; fileRef = 82E9C4AC1C4F0CE200ED2EBF /* libz.tbd */; };
		82E9C4AE1C4F0D7900ED2EBF /* GoogleMaps.framework in Frameworks */ = {isa = PBXBuildFile; fileRef = 82E9C4861C4F094200ED2EBF /* GoogleMaps.framework */; };
		82E9C4B21C4F0DD100ED2EBF /* GoogleMaps.bundle in Resources */ = {isa = PBXBuildFile; fileRef = 82E9C4B11C4F0DD100ED2EBF /* GoogleMaps.bundle */; };
		82EFDE8B1C32ED060074AB99 /* EventViewController.swift in Sources */ = {isa = PBXBuildFile; fileRef = 82EFDE8A1C32ED060074AB99 /* EventViewController.swift */; };
/* End PBXBuildFile section */

/* Begin PBXFileReference section */
		820B8E651C2472EC007A2E88 /* Extensions.swift */ = {isa = PBXFileReference; fileEncoding = 4; lastKnownFileType = sourcecode.swift; path = Extensions.swift; sourceTree = "<group>"; };
		820C5BEE1C29325500CD9F09 /* SSKeychain.h */ = {isa = PBXFileReference; fileEncoding = 4; lastKnownFileType = sourcecode.c.h; name = SSKeychain.h; path = MHacks/SSKeychain.h; sourceTree = "<group>"; };
		820C5BEF1C29325500CD9F09 /* SSKeychain.m */ = {isa = PBXFileReference; fileEncoding = 4; lastKnownFileType = sourcecode.c.objc; name = SSKeychain.m; path = MHacks/SSKeychain.m; sourceTree = "<group>"; };
		820C5BF01C29325500CD9F09 /* SSKeychainQuery.h */ = {isa = PBXFileReference; fileEncoding = 4; lastKnownFileType = sourcecode.c.h; name = SSKeychainQuery.h; path = MHacks/SSKeychainQuery.h; sourceTree = "<group>"; };
		820C5BF11C29325500CD9F09 /* SSKeychainQuery.m */ = {isa = PBXFileReference; fileEncoding = 4; lastKnownFileType = sourcecode.c.objc; name = SSKeychainQuery.m; path = MHacks/SSKeychainQuery.m; sourceTree = "<group>"; };
		820C5BF41C29326600CD9F09 /* MHacks-Bridging-Header.h */ = {isa = PBXFileReference; lastKnownFileType = sourcecode.c.h; path = "MHacks-Bridging-Header.h"; sourceTree = "<group>"; };
		820C5BF61C29327900CD9F09 /* Security.framework */ = {isa = PBXFileReference; lastKnownFileType = wrapper.framework; name = Security.framework; path = System/Library/Frameworks/Security.framework; sourceTree = SDKROOT; };
		82473FA21C1F7A170061FFFB /* MHacks.app */ = {isa = PBXFileReference; explicitFileType = wrapper.application; includeInIndex = 0; path = MHacks.app; sourceTree = BUILT_PRODUCTS_DIR; };
		82473FA51C1F7A170061FFFB /* AppDelegate.swift */ = {isa = PBXFileReference; lastKnownFileType = sourcecode.swift; path = AppDelegate.swift; sourceTree = "<group>"; };
		82473FA71C1F7A170061FFFB /* LoginViewController.swift */ = {isa = PBXFileReference; lastKnownFileType = sourcecode.swift; path = LoginViewController.swift; sourceTree = "<group>"; };
		82473FA91C1F7A170061FFFB /* CountdownViewController.swift */ = {isa = PBXFileReference; lastKnownFileType = sourcecode.swift; path = CountdownViewController.swift; sourceTree = "<group>"; };
		82473FAC1C1F7A170061FFFB /* Base */ = {isa = PBXFileReference; lastKnownFileType = file.storyboard; name = Base; path = Base.lproj/Main.storyboard; sourceTree = "<group>"; };
		82473FAE1C1F7A170061FFFB /* Assets.xcassets */ = {isa = PBXFileReference; lastKnownFileType = folder.assetcatalog; path = Assets.xcassets; sourceTree = "<group>"; };
		82473FB11C1F7A170061FFFB /* Base */ = {isa = PBXFileReference; lastKnownFileType = file.storyboard; name = Base; path = Base.lproj/LaunchScreen.storyboard; sourceTree = "<group>"; };
		82473FB31C1F7A170061FFFB /* Info.plist */ = {isa = PBXFileReference; lastKnownFileType = text.plist.xml; path = Info.plist; sourceTree = "<group>"; };
		82473FBC1C1F7F6B0061FFFB /* CircularProgressIndicator.swift */ = {isa = PBXFileReference; fileEncoding = 4; lastKnownFileType = sourcecode.swift; path = CircularProgressIndicator.swift; sourceTree = "<group>"; };
		82473FBF1C1F80EA0061FFFB /* JSONCreateable.swift */ = {isa = PBXFileReference; fileEncoding = 4; lastKnownFileType = sourcecode.swift; path = JSONCreateable.swift; sourceTree = "<group>"; };
		82473FC21C1F83C80061FFFB /* Countdown.swift */ = {isa = PBXFileReference; fileEncoding = 4; lastKnownFileType = sourcecode.swift; path = Countdown.swift; sourceTree = "<group>"; };
		82473FC41C1F8AB30061FFFB /* AnnouncementsViewController.swift */ = {isa = PBXFileReference; fileEncoding = 4; lastKnownFileType = sourcecode.swift; path = AnnouncementsViewController.swift; sourceTree = "<group>"; };
		82473FC61C1F8B0F0061FFFB /* Announcement.swift */ = {isa = PBXFileReference; fileEncoding = 4; lastKnownFileType = sourcecode.swift; path = Announcement.swift; sourceTree = "<group>"; };
		82473FC81C1F8C5B0061FFFB /* AnnouncementCell.swift */ = {isa = PBXFileReference; fileEncoding = 4; lastKnownFileType = sourcecode.swift; path = AnnouncementCell.swift; sourceTree = "<group>"; };
		82473FCA1C1F8E6B0061FFFB /* MultilineLabel.swift */ = {isa = PBXFileReference; fileEncoding = 4; lastKnownFileType = sourcecode.swift; path = MultilineLabel.swift; sourceTree = "<group>"; };
		82473FCC1C1F91D70061FFFB /* APIManager.swift */ = {isa = PBXFileReference; fileEncoding = 4; lastKnownFileType = sourcecode.swift; path = APIManager.swift; sourceTree = "<group>"; };
		82473FCE1C1F925D0061FFFB /* Either.swift */ = {isa = PBXFileReference; fileEncoding = 4; lastKnownFileType = sourcecode.swift; path = Either.swift; sourceTree = "<group>"; };
		8266BC761C2B2321007AAF45 /* ComposeAnnouncementViewController.swift */ = {isa = PBXFileReference; fileEncoding = 4; lastKnownFileType = sourcecode.swift; path = ComposeAnnouncementViewController.swift; sourceTree = "<group>"; };
		82942B9A1C2A2B850084880C /* Location.swift */ = {isa = PBXFileReference; fileEncoding = 4; lastKnownFileType = sourcecode.swift; path = Location.swift; sourceTree = "<group>"; };
		82942B9C1C2A2EA00084880C /* EventOrganizer.swift */ = {isa = PBXFileReference; fileEncoding = 4; lastKnownFileType = sourcecode.swift; path = EventOrganizer.swift; sourceTree = "<group>"; };
		82942B9E1C2A2EAE0084880C /* Event.swift */ = {isa = PBXFileReference; fileEncoding = 4; lastKnownFileType = sourcecode.swift; path = Event.swift; sourceTree = "<group>"; };
		82942BA21C2A369D0084880C /* ScheduleCalendarViewController.swift */ = {isa = PBXFileReference; fileEncoding = 4; lastKnownFileType = sourcecode.swift; path = ScheduleCalendarViewController.swift; sourceTree = "<group>"; };
		82942BA41C2A36BC0084880C /* CalendarLayout.swift */ = {isa = PBXFileReference; fileEncoding = 4; lastKnownFileType = sourcecode.swift; path = CalendarLayout.swift; sourceTree = "<group>"; };
		82942BA61C2A36F70084880C /* ScheduleDayHeader.swift */ = {isa = PBXFileReference; fileEncoding = 4; lastKnownFileType = sourcecode.swift; path = ScheduleDayHeader.swift; sourceTree = "<group>"; };
		82942BA81C2A37000084880C /* ScheduleHourSeparator.swift */ = {isa = PBXFileReference; fileEncoding = 4; lastKnownFileType = sourcecode.swift; path = ScheduleHourSeparator.swift; sourceTree = "<group>"; };
		82942BA91C2A37000084880C /* ScheduleEventCell.swift */ = {isa = PBXFileReference; fileEncoding = 4; lastKnownFileType = sourcecode.swift; path = ScheduleEventCell.swift; sourceTree = "<group>"; };
		82942BAC1C2A37670084880C /* Geometry.swift */ = {isa = PBXFileReference; fileEncoding = 4; lastKnownFileType = sourcecode.swift; path = Geometry.swift; sourceTree = "<group>"; };
		82942BAE1C2A38E30084880C /* ScheduleDayHeader.xib */ = {isa = PBXFileReference; fileEncoding = 4; lastKnownFileType = file.xib; path = ScheduleDayHeader.xib; sourceTree = "<group>"; };
		82942BAF1C2A38E30084880C /* ScheduleHourSeparator.xib */ = {isa = PBXFileReference; fileEncoding = 4; lastKnownFileType = file.xib; path = ScheduleHourSeparator.xib; sourceTree = "<group>"; };
		82E9C4861C4F094200ED2EBF /* GoogleMaps.framework */ = {isa = PBXFileReference; lastKnownFileType = wrapper.framework; path = GoogleMaps.framework; sourceTree = "<group>"; };
		82E9C4881C4F09B100ED2EBF /* MapViewController.swift */ = {isa = PBXFileReference; fileEncoding = 4; lastKnownFileType = sourcecode.swift; path = MapViewController.swift; sourceTree = "<group>"; };
		82E9C48A1C4F0C5100ED2EBF /* CoreBluetooth.framework */ = {isa = PBXFileReference; lastKnownFileType = wrapper.framework; name = CoreBluetooth.framework; path = System/Library/Frameworks/CoreBluetooth.framework; sourceTree = SDKROOT; };
		82E9C48B1C4F0C5100ED2EBF /* CoreData.framework */ = {isa = PBXFileReference; lastKnownFileType = wrapper.framework; name = CoreData.framework; path = System/Library/Frameworks/CoreData.framework; sourceTree = SDKROOT; };
		82E9C48C1C4F0C5100ED2EBF /* CoreFoundation.framework */ = {isa = PBXFileReference; lastKnownFileType = wrapper.framework; name = CoreFoundation.framework; path = System/Library/Frameworks/CoreFoundation.framework; sourceTree = SDKROOT; };
		82E9C48D1C4F0C5100ED2EBF /* CoreGraphics.framework */ = {isa = PBXFileReference; lastKnownFileType = wrapper.framework; name = CoreGraphics.framework; path = System/Library/Frameworks/CoreGraphics.framework; sourceTree = SDKROOT; };
		82E9C48E1C4F0C5100ED2EBF /* CoreLocation.framework */ = {isa = PBXFileReference; lastKnownFileType = wrapper.framework; name = CoreLocation.framework; path = System/Library/Frameworks/CoreLocation.framework; sourceTree = SDKROOT; };
		82E9C48F1C4F0C5100ED2EBF /* CoreText.framework */ = {isa = PBXFileReference; lastKnownFileType = wrapper.framework; name = CoreText.framework; path = System/Library/Frameworks/CoreText.framework; sourceTree = SDKROOT; };
		82E9C4901C4F0C5100ED2EBF /* QuartzCore.framework */ = {isa = PBXFileReference; lastKnownFileType = wrapper.framework; name = QuartzCore.framework; path = System/Library/Frameworks/QuartzCore.framework; sourceTree = SDKROOT; };
		82E9C4981C4F0C6400ED2EBF /* Accelerate.framework */ = {isa = PBXFileReference; lastKnownFileType = wrapper.framework; name = Accelerate.framework; path = System/Library/Frameworks/Accelerate.framework; sourceTree = SDKROOT; };
		82E9C4991C4F0C6400ED2EBF /* AVFoundation.framework */ = {isa = PBXFileReference; lastKnownFileType = wrapper.framework; name = AVFoundation.framework; path = System/Library/Frameworks/AVFoundation.framework; sourceTree = SDKROOT; };
		82E9C49C1C4F0C7400ED2EBF /* GLKit.framework */ = {isa = PBXFileReference; lastKnownFileType = wrapper.framework; name = GLKit.framework; path = System/Library/Frameworks/GLKit.framework; sourceTree = SDKROOT; };
		82E9C49E1C4F0C7D00ED2EBF /* ImageIO.framework */ = {isa = PBXFileReference; lastKnownFileType = wrapper.framework; name = ImageIO.framework; path = System/Library/Frameworks/ImageIO.framework; sourceTree = SDKROOT; };
		82E9C4A01C4F0C9100ED2EBF /* OpenGLES.framework */ = {isa = PBXFileReference; lastKnownFileType = wrapper.framework; name = OpenGLES.framework; path = System/Library/Frameworks/OpenGLES.framework; sourceTree = SDKROOT; };
		82E9C4A21C4F0C9700ED2EBF /* SystemConfiguration.framework */ = {isa = PBXFileReference; lastKnownFileType = wrapper.framework; name = SystemConfiguration.framework; path = System/Library/Frameworks/SystemConfiguration.framework; sourceTree = SDKROOT; };
		82E9C4A41C4F0CA900ED2EBF /* UIKit.framework */ = {isa = PBXFileReference; lastKnownFileType = wrapper.framework; name = UIKit.framework; path = System/Library/Frameworks/UIKit.framework; sourceTree = SDKROOT; };
		82E9C4A61C4F0CB600ED2EBF /* libobjc.tbd */ = {isa = PBXFileReference; lastKnownFileType = "sourcecode.text-based-dylib-definition"; name = libobjc.tbd; path = usr/lib/libobjc.tbd; sourceTree = SDKROOT; };
		82E9C4A81C4F0CC400ED2EBF /* libc++.tbd */ = {isa = PBXFileReference; lastKnownFileType = "sourcecode.text-based-dylib-definition"; name = "libc++.tbd"; path = "usr/lib/libc++.tbd"; sourceTree = SDKROOT; };
		82E9C4AA1C4F0CD000ED2EBF /* libicucore.tbd */ = {isa = PBXFileReference; lastKnownFileType = "sourcecode.text-based-dylib-definition"; name = libicucore.tbd; path = usr/lib/libicucore.tbd; sourceTree = SDKROOT; };
		82E9C4AC1C4F0CE200ED2EBF /* libz.tbd */ = {isa = PBXFileReference; lastKnownFileType = "sourcecode.text-based-dylib-definition"; name = libz.tbd; path = usr/lib/libz.tbd; sourceTree = SDKROOT; };
		82E9C4B11C4F0DD100ED2EBF /* GoogleMaps.bundle */ = {isa = PBXFileReference; lastKnownFileType = "wrapper.plug-in"; path = GoogleMaps.bundle; sourceTree = "<group>"; };
		82EFDE8A1C32ED060074AB99 /* EventViewController.swift */ = {isa = PBXFileReference; fileEncoding = 4; lastKnownFileType = sourcecode.swift; path = EventViewController.swift; sourceTree = "<group>"; };
/* End PBXFileReference section */

/* Begin PBXFrameworksBuildPhase section */
		82473F9F1C1F7A170061FFFB /* Frameworks */ = {
			isa = PBXFrameworksBuildPhase;
			buildActionMask = 2147483647;
			files = (
				82E9C4AD1C4F0CE200ED2EBF /* libz.tbd in Frameworks */,
				82E9C4AB1C4F0CD000ED2EBF /* libicucore.tbd in Frameworks */,
				82E9C4A91C4F0CC400ED2EBF /* libc++.tbd in Frameworks */,
				82E9C4A71C4F0CB600ED2EBF /* libobjc.tbd in Frameworks */,
				82E9C4A51C4F0CA900ED2EBF /* UIKit.framework in Frameworks */,
				82E9C4A31C4F0C9700ED2EBF /* SystemConfiguration.framework in Frameworks */,
				82E9C4A11C4F0C9100ED2EBF /* OpenGLES.framework in Frameworks */,
				820C5BF71C29327900CD9F09 /* Security.framework in Frameworks */,
				82E9C49F1C4F0C7D00ED2EBF /* ImageIO.framework in Frameworks */,
				82E9C49D1C4F0C7400ED2EBF /* GLKit.framework in Frameworks */,
				82E9C49A1C4F0C6400ED2EBF /* Accelerate.framework in Frameworks */,
				82E9C49B1C4F0C6400ED2EBF /* AVFoundation.framework in Frameworks */,
				82E9C4911C4F0C5100ED2EBF /* CoreBluetooth.framework in Frameworks */,
				82E9C4921C4F0C5100ED2EBF /* CoreData.framework in Frameworks */,
				82E9C4931C4F0C5100ED2EBF /* CoreFoundation.framework in Frameworks */,
				82E9C4AE1C4F0D7900ED2EBF /* GoogleMaps.framework in Frameworks */,
				82E9C4941C4F0C5100ED2EBF /* CoreGraphics.framework in Frameworks */,
				82E9C4951C4F0C5100ED2EBF /* CoreLocation.framework in Frameworks */,
				82E9C4961C4F0C5100ED2EBF /* CoreText.framework in Frameworks */,
				82E9C4971C4F0C5100ED2EBF /* QuartzCore.framework in Frameworks */,
				82E9C4871C4F094200ED2EBF /* GoogleMaps.framework in Frameworks */,
			);
			runOnlyForDeploymentPostprocessing = 0;
		};
/* End PBXFrameworksBuildPhase section */

/* Begin PBXGroup section */
		820C5BED1C29323300CD9F09 /* Keychain */ = {
			isa = PBXGroup;
			children = (
				820C5BEE1C29325500CD9F09 /* SSKeychain.h */,
				820C5BEF1C29325500CD9F09 /* SSKeychain.m */,
				820C5BF01C29325500CD9F09 /* SSKeychainQuery.h */,
				820C5BF11C29325500CD9F09 /* SSKeychainQuery.m */,
			);
			name = Keychain;
			sourceTree = "<group>";
		};
		820C5BF51C29326900CD9F09 /* Frameworks */ = {
			isa = PBXGroup;
			children = (
				82E9C4B11C4F0DD100ED2EBF /* GoogleMaps.bundle */,
				82E9C4AC1C4F0CE200ED2EBF /* libz.tbd */,
				82E9C4AA1C4F0CD000ED2EBF /* libicucore.tbd */,
				82E9C4A81C4F0CC400ED2EBF /* libc++.tbd */,
				82E9C4A61C4F0CB600ED2EBF /* libobjc.tbd */,
				82E9C4A41C4F0CA900ED2EBF /* UIKit.framework */,
				82E9C4A21C4F0C9700ED2EBF /* SystemConfiguration.framework */,
				82E9C4A01C4F0C9100ED2EBF /* OpenGLES.framework */,
				82E9C49E1C4F0C7D00ED2EBF /* ImageIO.framework */,
				82E9C49C1C4F0C7400ED2EBF /* GLKit.framework */,
				82E9C4981C4F0C6400ED2EBF /* Accelerate.framework */,
				82E9C4991C4F0C6400ED2EBF /* AVFoundation.framework */,
				82E9C48A1C4F0C5100ED2EBF /* CoreBluetooth.framework */,
				82E9C48B1C4F0C5100ED2EBF /* CoreData.framework */,
				82E9C48C1C4F0C5100ED2EBF /* CoreFoundation.framework */,
				82E9C48D1C4F0C5100ED2EBF /* CoreGraphics.framework */,
				82E9C48E1C4F0C5100ED2EBF /* CoreLocation.framework */,
				82E9C48F1C4F0C5100ED2EBF /* CoreText.framework */,
				82E9C4901C4F0C5100ED2EBF /* QuartzCore.framework */,
				82E9C4861C4F094200ED2EBF /* GoogleMaps.framework */,
				820C5BF61C29327900CD9F09 /* Security.framework */,
				820C5BED1C29323300CD9F09 /* Keychain */,
			);
			name = Frameworks;
			sourceTree = "<group>";
		};
		82473F991C1F7A170061FFFB = {
			isa = PBXGroup;
			children = (
				82473FA41C1F7A170061FFFB /* MHacks */,
				820C5BF51C29326900CD9F09 /* Frameworks */,
				82473FA31C1F7A170061FFFB /* Products */,
			);
			sourceTree = "<group>";
		};
		82473FA31C1F7A170061FFFB /* Products */ = {
			isa = PBXGroup;
			children = (
				82473FA21C1F7A170061FFFB /* MHacks.app */,
			);
			name = Products;
			sourceTree = "<group>";
		};
		82473FA41C1F7A170061FFFB /* MHacks */ = {
			isa = PBXGroup;
			children = (
				82473FA51C1F7A170061FFFB /* AppDelegate.swift */,
				820B8E651C2472EC007A2E88 /* Extensions.swift */,
				82473FC11C1F80EF0061FFFB /* Model */,
				82473FBE1C1F7F6E0061FFFB /* Views */,
				82473FBB1C1F7F2A0061FFFB /* Controller */,
				82473FB91C1F7F1F0061FFFB /* UI */,
				82473FBA1C1F7F240061FFFB /* Resources */,
			);
			path = MHacks;
			sourceTree = "<group>";
		};
		82473FB91C1F7F1F0061FFFB /* UI */ = {
			isa = PBXGroup;
			children = (
				82473FAB1C1F7A170061FFFB /* Main.storyboard */,
				82473FAE1C1F7A170061FFFB /* Assets.xcassets */,
				82473FB01C1F7A170061FFFB /* LaunchScreen.storyboard */,
				82942BAE1C2A38E30084880C /* ScheduleDayHeader.xib */,
				82942BAF1C2A38E30084880C /* ScheduleHourSeparator.xib */,
			);
			name = UI;
			sourceTree = "<group>";
		};
		82473FBA1C1F7F240061FFFB /* Resources */ = {
			isa = PBXGroup;
			children = (
				820C5BF41C29326600CD9F09 /* MHacks-Bridging-Header.h */,
				82473FB31C1F7A170061FFFB /* Info.plist */,
			);
			name = Resources;
			sourceTree = "<group>";
		};
		82473FBB1C1F7F2A0061FFFB /* Controller */ = {
			isa = PBXGroup;
			children = (
				82473FA71C1F7A170061FFFB /* LoginViewController.swift */,
				82473FA91C1F7A170061FFFB /* CountdownViewController.swift */,
				82473FC41C1F8AB30061FFFB /* AnnouncementsViewController.swift */,
				8266BC761C2B2321007AAF45 /* ComposeAnnouncementViewController.swift */,
				82942BA21C2A369D0084880C /* ScheduleCalendarViewController.swift */,
				82E9C4881C4F09B100ED2EBF /* MapViewController.swift */,
				82EFDE8A1C32ED060074AB99 /* EventViewController.swift */,
			);
			name = Controller;
			sourceTree = "<group>";
		};
		82473FBE1C1F7F6E0061FFFB /* Views */ = {
			isa = PBXGroup;
			children = (
				82942BA41C2A36BC0084880C /* CalendarLayout.swift */,
				82942BA61C2A36F70084880C /* ScheduleDayHeader.swift */,
				82942BA81C2A37000084880C /* ScheduleHourSeparator.swift */,
				82942BA91C2A37000084880C /* ScheduleEventCell.swift */,
				82473FBC1C1F7F6B0061FFFB /* CircularProgressIndicator.swift */,
				82473FC81C1F8C5B0061FFFB /* AnnouncementCell.swift */,
				82473FCA1C1F8E6B0061FFFB /* MultilineLabel.swift */,
				82942BAC1C2A37670084880C /* Geometry.swift */,
			);
			name = Views;
			sourceTree = "<group>";
		};
		82473FC11C1F80EF0061FFFB /* Model */ = {
			isa = PBXGroup;
			children = (
				82473FBF1C1F80EA0061FFFB /* JSONCreateable.swift */,
				82473FCC1C1F91D70061FFFB /* APIManager.swift */,
				82473FCE1C1F925D0061FFFB /* Either.swift */,
				82473FC21C1F83C80061FFFB /* Countdown.swift */,
				82473FC61C1F8B0F0061FFFB /* Announcement.swift */,
				82942B9A1C2A2B850084880C /* Location.swift */,
				82942B9E1C2A2EAE0084880C /* Event.swift */,
				82942B9C1C2A2EA00084880C /* EventOrganizer.swift */,
			);
			name = Model;
			sourceTree = "<group>";
		};
/* End PBXGroup section */

/* Begin PBXNativeTarget section */
		82473FA11C1F7A170061FFFB /* MHacks */ = {
			isa = PBXNativeTarget;
			buildConfigurationList = 82473FB61C1F7A170061FFFB /* Build configuration list for PBXNativeTarget "MHacks" */;
			buildPhases = (
				82473F9E1C1F7A170061FFFB /* Sources */,
				82473F9F1C1F7A170061FFFB /* Frameworks */,
				82473FA01C1F7A170061FFFB /* Resources */,
			);
			buildRules = (
			);
			dependencies = (
			);
			name = MHacks;
			productName = MHacks;
			productReference = 82473FA21C1F7A170061FFFB /* MHacks.app */;
			productType = "com.apple.product-type.application";
		};
/* End PBXNativeTarget section */

/* Begin PBXProject section */
		82473F9A1C1F7A170061FFFB /* Project object */ = {
			isa = PBXProject;
			attributes = {
				LastSwiftUpdateCheck = 0720;
				LastUpgradeCheck = 0720;
				ORGANIZATIONNAME = MHacks;
				TargetAttributes = {
					82473FA11C1F7A170061FFFB = {
						CreatedOnToolsVersion = 7.2;
						DevelopmentTeam = 478C74MJ7T;
						SystemCapabilities = {
							com.apple.BackgroundModes = {
								enabled = 1;
							};
							com.apple.Push = {
								enabled = 1;
							};
						};
					};
				};
			};
			buildConfigurationList = 82473F9D1C1F7A170061FFFB /* Build configuration list for PBXProject "MHacks" */;
			compatibilityVersion = "Xcode 3.2";
			developmentRegion = English;
			hasScannedForEncodings = 0;
			knownRegions = (
				en,
				Base,
			);
			mainGroup = 82473F991C1F7A170061FFFB;
			productRefGroup = 82473FA31C1F7A170061FFFB /* Products */;
			projectDirPath = "";
			projectRoot = "";
			targets = (
				82473FA11C1F7A170061FFFB /* MHacks */,
			);
		};
/* End PBXProject section */

/* Begin PBXResourcesBuildPhase section */
		82473FA01C1F7A170061FFFB /* Resources */ = {
			isa = PBXResourcesBuildPhase;
			buildActionMask = 2147483647;
			files = (
				82473FB21C1F7A170061FFFB /* LaunchScreen.storyboard in Resources */,
				82473FAF1C1F7A170061FFFB /* Assets.xcassets in Resources */,
				82942BB11C2A38E30084880C /* ScheduleHourSeparator.xib in Resources */,
				82942BB01C2A38E30084880C /* ScheduleDayHeader.xib in Resources */,
				82473FAD1C1F7A170061FFFB /* Main.storyboard in Resources */,
				82E9C4B21C4F0DD100ED2EBF /* GoogleMaps.bundle in Resources */,
			);
			runOnlyForDeploymentPostprocessing = 0;
		};
/* End PBXResourcesBuildPhase section */

/* Begin PBXSourcesBuildPhase section */
		82473F9E1C1F7A170061FFFB /* Sources */ = {
			isa = PBXSourcesBuildPhase;
			buildActionMask = 2147483647;
			files = (
				82942BA71C2A36F70084880C /* ScheduleDayHeader.swift in Sources */,
				82942BA31C2A369D0084880C /* ScheduleCalendarViewController.swift in Sources */,
				82473FC51C1F8AB30061FFFB /* AnnouncementsViewController.swift in Sources */,
				82473FAA1C1F7A170061FFFB /* CountdownViewController.swift in Sources */,
				82942BA51C2A36BC0084880C /* CalendarLayout.swift in Sources */,
				82942B9B1C2A2B850084880C /* Location.swift in Sources */,
				82942BAA1C2A37000084880C /* ScheduleHourSeparator.swift in Sources */,
				82473FBD1C1F7F6B0061FFFB /* CircularProgressIndicator.swift in Sources */,
				8266BC771C2B2321007AAF45 /* ComposeAnnouncementViewController.swift in Sources */,
				82473FA61C1F7A170061FFFB /* AppDelegate.swift in Sources */,
				82473FCF1C1F925D0061FFFB /* Either.swift in Sources */,
				82473FCD1C1F91D70061FFFB /* APIManager.swift in Sources */,
				82473FC71C1F8B0F0061FFFB /* Announcement.swift in Sources */,
				82473FC01C1F80EA0061FFFB /* JSONCreateable.swift in Sources */,
				82942BAD1C2A37670084880C /* Geometry.swift in Sources */,
				82EFDE8B1C32ED060074AB99 /* EventViewController.swift in Sources */,
				82942B9D1C2A2EA00084880C /* EventOrganizer.swift in Sources */,
				82942B9F1C2A2EAE0084880C /* Event.swift in Sources */,
				820C5BF21C29325500CD9F09 /* SSKeychain.m in Sources */,
				82942BAB1C2A37000084880C /* ScheduleEventCell.swift in Sources */,
				82473FCB1C1F8E6B0061FFFB /* MultilineLabel.swift in Sources */,
				820C5BF31C29325500CD9F09 /* SSKeychainQuery.m in Sources */,
				82E9C4891C4F09B100ED2EBF /* MapViewController.swift in Sources */,
				82473FA81C1F7A170061FFFB /* LoginViewController.swift in Sources */,
				82473FC91C1F8C5B0061FFFB /* AnnouncementCell.swift in Sources */,
				82473FC31C1F83C80061FFFB /* Countdown.swift in Sources */,
				820B8E661C2472EC007A2E88 /* Extensions.swift in Sources */,
			);
			runOnlyForDeploymentPostprocessing = 0;
		};
/* End PBXSourcesBuildPhase section */

/* Begin PBXVariantGroup section */
		82473FAB1C1F7A170061FFFB /* Main.storyboard */ = {
			isa = PBXVariantGroup;
			children = (
				82473FAC1C1F7A170061FFFB /* Base */,
			);
			name = Main.storyboard;
			sourceTree = "<group>";
		};
		82473FB01C1F7A170061FFFB /* LaunchScreen.storyboard */ = {
			isa = PBXVariantGroup;
			children = (
				82473FB11C1F7A170061FFFB /* Base */,
			);
			name = LaunchScreen.storyboard;
			sourceTree = "<group>";
		};
/* End PBXVariantGroup section */

/* Begin XCBuildConfiguration section */
		82473FB41C1F7A170061FFFB /* Debug */ = {
			isa = XCBuildConfiguration;
			buildSettings = {
				ALWAYS_SEARCH_USER_PATHS = NO;
				CLANG_CXX_LANGUAGE_STANDARD = "gnu++0x";
				CLANG_CXX_LIBRARY = "libc++";
				CLANG_ENABLE_MODULES = YES;
				CLANG_ENABLE_OBJC_ARC = YES;
				CLANG_WARN_BOOL_CONVERSION = YES;
				CLANG_WARN_CONSTANT_CONVERSION = YES;
				CLANG_WARN_DIRECT_OBJC_ISA_USAGE = YES_ERROR;
				CLANG_WARN_EMPTY_BODY = YES;
				CLANG_WARN_ENUM_CONVERSION = YES;
				CLANG_WARN_INT_CONVERSION = YES;
				CLANG_WARN_OBJC_ROOT_CLASS = YES_ERROR;
				CLANG_WARN_UNREACHABLE_CODE = YES;
				CLANG_WARN__DUPLICATE_METHOD_MATCH = YES;
				"CODE_SIGN_IDENTITY[sdk=iphoneos*]" = "iPhone Developer";
				COPY_PHASE_STRIP = NO;
				DEBUG_INFORMATION_FORMAT = dwarf;
				ENABLE_STRICT_OBJC_MSGSEND = YES;
				ENABLE_TESTABILITY = YES;
				GCC_C_LANGUAGE_STANDARD = gnu99;
				GCC_DYNAMIC_NO_PIC = NO;
				GCC_NO_COMMON_BLOCKS = YES;
				GCC_OPTIMIZATION_LEVEL = 0;
				GCC_PREPROCESSOR_DEFINITIONS = (
					"DEBUG=1",
					"$(inherited)",
				);
				GCC_WARN_64_TO_32_BIT_CONVERSION = YES;
				GCC_WARN_ABOUT_RETURN_TYPE = YES_ERROR;
				GCC_WARN_UNDECLARED_SELECTOR = YES;
				GCC_WARN_UNINITIALIZED_AUTOS = YES_AGGRESSIVE;
				GCC_WARN_UNUSED_FUNCTION = YES;
				GCC_WARN_UNUSED_VARIABLE = YES;
				IPHONEOS_DEPLOYMENT_TARGET = 9.2;
				MTL_ENABLE_DEBUG_INFO = YES;
				ONLY_ACTIVE_ARCH = YES;
				SDKROOT = iphoneos;
				SWIFT_OPTIMIZATION_LEVEL = "-Onone";
				TARGETED_DEVICE_FAMILY = "1,2";
			};
			name = Debug;
		};
		82473FB51C1F7A170061FFFB /* Release */ = {
			isa = XCBuildConfiguration;
			buildSettings = {
				ALWAYS_SEARCH_USER_PATHS = NO;
				CLANG_CXX_LANGUAGE_STANDARD = "gnu++0x";
				CLANG_CXX_LIBRARY = "libc++";
				CLANG_ENABLE_MODULES = YES;
				CLANG_ENABLE_OBJC_ARC = YES;
				CLANG_WARN_BOOL_CONVERSION = YES;
				CLANG_WARN_CONSTANT_CONVERSION = YES;
				CLANG_WARN_DIRECT_OBJC_ISA_USAGE = YES_ERROR;
				CLANG_WARN_EMPTY_BODY = YES;
				CLANG_WARN_ENUM_CONVERSION = YES;
				CLANG_WARN_INT_CONVERSION = YES;
				CLANG_WARN_OBJC_ROOT_CLASS = YES_ERROR;
				CLANG_WARN_UNREACHABLE_CODE = YES;
				CLANG_WARN__DUPLICATE_METHOD_MATCH = YES;
				"CODE_SIGN_IDENTITY[sdk=iphoneos*]" = "iPhone Developer";
				COPY_PHASE_STRIP = NO;
				DEBUG_INFORMATION_FORMAT = "dwarf-with-dsym";
				ENABLE_NS_ASSERTIONS = NO;
				ENABLE_STRICT_OBJC_MSGSEND = YES;
				GCC_C_LANGUAGE_STANDARD = gnu99;
				GCC_NO_COMMON_BLOCKS = YES;
				GCC_WARN_64_TO_32_BIT_CONVERSION = YES;
				GCC_WARN_ABOUT_RETURN_TYPE = YES_ERROR;
				GCC_WARN_UNDECLARED_SELECTOR = YES;
				GCC_WARN_UNINITIALIZED_AUTOS = YES_AGGRESSIVE;
				GCC_WARN_UNUSED_FUNCTION = YES;
				GCC_WARN_UNUSED_VARIABLE = YES;
				IPHONEOS_DEPLOYMENT_TARGET = 9.2;
				MTL_ENABLE_DEBUG_INFO = NO;
				SDKROOT = iphoneos;
				TARGETED_DEVICE_FAMILY = "1,2";
				VALIDATE_PRODUCT = YES;
			};
			name = Release;
		};
		82473FB71C1F7A170061FFFB /* Debug */ = {
			isa = XCBuildConfiguration;
			buildSettings = {
				ASSETCATALOG_COMPILER_APPICON_NAME = AppIcon;
				CLANG_ENABLE_MODULES = YES;
				CODE_SIGN_IDENTITY = "iPhone Developer";
				"CODE_SIGN_IDENTITY[sdk=iphoneos*]" = "iPhone Developer";
				FRAMEWORK_SEARCH_PATHS = (
					"$(inherited)",
					"$(PROJECT_DIR)",
				);
				INFOPLIST_FILE = MHacks/Info.plist;
				IPHONEOS_DEPLOYMENT_TARGET = 8.0;
				LD_RUNPATH_SEARCH_PATHS = "$(inherited) @executable_path/Frameworks";
				PRODUCT_BUNDLE_IDENTIFIER = com.MPowered.MHacks;
				PRODUCT_NAME = "$(TARGET_NAME)";
				PROVISIONING_PROFILE = "";
				SWIFT_OBJC_BRIDGING_HEADER = "MHacks/MHacks-Bridging-Header.h";
				SWIFT_OPTIMIZATION_LEVEL = "-Onone";
			};
			name = Debug;
		};
		82473FB81C1F7A170061FFFB /* Release */ = {
			isa = XCBuildConfiguration;
			buildSettings = {
				ASSETCATALOG_COMPILER_APPICON_NAME = AppIcon;
				CLANG_ENABLE_MODULES = YES;
				CODE_SIGN_IDENTITY = "iPhone Developer";
				"CODE_SIGN_IDENTITY[sdk=iphoneos*]" = "iPhone Developer";
				FRAMEWORK_SEARCH_PATHS = (
					"$(inherited)",
					"$(PROJECT_DIR)",
				);
				INFOPLIST_FILE = MHacks/Info.plist;
				IPHONEOS_DEPLOYMENT_TARGET = 8.0;
				LD_RUNPATH_SEARCH_PATHS = "$(inherited) @executable_path/Frameworks";
				PRODUCT_BUNDLE_IDENTIFIER = com.MPowered.MHacks;
				PRODUCT_NAME = "$(TARGET_NAME)";
				PROVISIONING_PROFILE = "";
				SWIFT_OBJC_BRIDGING_HEADER = "MHacks/MHacks-Bridging-Header.h";
			};
			name = Release;
		};
/* End XCBuildConfiguration section */

/* Begin XCConfigurationList section */
		82473F9D1C1F7A170061FFFB /* Build configuration list for PBXProject "MHacks" */ = {
			isa = XCConfigurationList;
			buildConfigurations = (
				82473FB41C1F7A170061FFFB /* Debug */,
				82473FB51C1F7A170061FFFB /* Release */,
			);
			defaultConfigurationIsVisible = 0;
			defaultConfigurationName = Release;
		};
		82473FB61C1F7A170061FFFB /* Build configuration list for PBXNativeTarget "MHacks" */ = {
			isa = XCConfigurationList;
			buildConfigurations = (
				82473FB71C1F7A170061FFFB /* Debug */,
				82473FB81C1F7A170061FFFB /* Release */,
			);
			defaultConfigurationIsVisible = 0;
			defaultConfigurationName = Release;
		};
/* End XCConfigurationList section */
	};
	rootObject = 82473F9A1C1F7A170061FFFB /* Project object */;
}
